
Microsoft Visual Studio Solution File, Format Version 12.00
# Visual Studio Version 17
VisualStudioVersion = 17.1.32127.271
MinimumVisualStudioVersion = 10.0.40219.1
Project("{9A19103F-16F7-4668-BE54-9A1E7A4F7556}") = "Microsoft.AspNetCore.SystemWebAdapters", "src\Microsoft.AspNetCore.SystemWebAdapters\Microsoft.AspNetCore.SystemWebAdapters.csproj", "{55C1BBE0-B922-46B0-8F2C-8472BC9A5F33}"
EndProject
Project("{9A19103F-16F7-4668-BE54-9A1E7A4F7556}") = "Microsoft.AspNetCore.SystemWebAdapters.Tests", "test\Microsoft.AspNetCore.SystemWebAdapters.Tests\Microsoft.AspNetCore.SystemWebAdapters.Tests.csproj", "{DA28CCAB-3C88-46F1-B779-43C573ED49E5}"
EndProject
Project("{2150E333-8FDC-42A3-9474-1A3956D46DE8}") = "samples", "samples", "{95915611-30BF-4AFF-AE41-5CDC6F57DCF7}"
EndProject
Project("{9A19103F-16F7-4668-BE54-9A1E7A4F7556}") = "ClassLibrary", "samples\ClassLibrary\ClassLibrary.csproj", "{11DD4D64-7A95-4635-A273-775715E18852}"
EndProject
Project("{2150E333-8FDC-42A3-9474-1A3956D46DE8}") = "Solution Items", "Solution Items", "{67BB2CCD-5EF4-4A0C-8272-C7219A3B02D2}"
	ProjectSection(SolutionItems) = preProject
		README.md = README.md
	EndProjectSection
EndProject
Project("{FAE04EC0-301F-11D3-BF4B-00C04F79EFBC}") = "MvcApp", "samples\MvcApp\MvcApp.csproj", "{174A36F1-27ED-43FC-A3A1-00DA58C4E30C}"
EndProject
Project("{9A19103F-16F7-4668-BE54-9A1E7A4F7556}") = "MvcCoreApp", "samples\MvcCoreApp\MvcCoreApp.csproj", "{B1D06F62-B315-4ED8-8109-168B4D4E4B86}"
EndProject
Project("{2150E333-8FDC-42A3-9474-1A3956D46DE8}") = "src", "src", "{F9DB9323-C919-49E8-8F96-B923D2F42E60}"
EndProject
Project("{2150E333-8FDC-42A3-9474-1A3956D46DE8}") = "tests", "tests", "{A1BDA50C-D70B-416C-97F1-74B0649797C5}"
EndProject
Global
	GlobalSection(SolutionConfigurationPlatforms) = preSolution
		Debug|Any CPU = Debug|Any CPU
		Release|Any CPU = Release|Any CPU
	EndGlobalSection
	GlobalSection(ProjectConfigurationPlatforms) = postSolution
		{55C1BBE0-B922-46B0-8F2C-8472BC9A5F33}.Debug|Any CPU.ActiveCfg = Debug|Any CPU
		{55C1BBE0-B922-46B0-8F2C-8472BC9A5F33}.Debug|Any CPU.Build.0 = Debug|Any CPU
		{55C1BBE0-B922-46B0-8F2C-8472BC9A5F33}.Release|Any CPU.ActiveCfg = Release|Any CPU
		{55C1BBE0-B922-46B0-8F2C-8472BC9A5F33}.Release|Any CPU.Build.0 = Release|Any CPU
		{DA28CCAB-3C88-46F1-B779-43C573ED49E5}.Debug|Any CPU.ActiveCfg = Debug|Any CPU
		{DA28CCAB-3C88-46F1-B779-43C573ED49E5}.Debug|Any CPU.Build.0 = Debug|Any CPU
		{DA28CCAB-3C88-46F1-B779-43C573ED49E5}.Release|Any CPU.ActiveCfg = Release|Any CPU
		{DA28CCAB-3C88-46F1-B779-43C573ED49E5}.Release|Any CPU.Build.0 = Release|Any CPU
		{11DD4D64-7A95-4635-A273-775715E18852}.Debug|Any CPU.ActiveCfg = Debug|Any CPU
		{11DD4D64-7A95-4635-A273-775715E18852}.Debug|Any CPU.Build.0 = Debug|Any CPU
		{11DD4D64-7A95-4635-A273-775715E18852}.Release|Any CPU.ActiveCfg = Release|Any CPU
		{11DD4D64-7A95-4635-A273-775715E18852}.Release|Any CPU.Build.0 = Release|Any CPU
		{174A36F1-27ED-43FC-A3A1-00DA58C4E30C}.Debug|Any CPU.ActiveCfg = Debug|Any CPU
		{174A36F1-27ED-43FC-A3A1-00DA58C4E30C}.Debug|Any CPU.Build.0 = Debug|Any CPU
		{174A36F1-27ED-43FC-A3A1-00DA58C4E30C}.Release|Any CPU.ActiveCfg = Release|Any CPU
		{174A36F1-27ED-43FC-A3A1-00DA58C4E30C}.Release|Any CPU.Build.0 = Release|Any CPU
		{B1D06F62-B315-4ED8-8109-168B4D4E4B86}.Debug|Any CPU.ActiveCfg = Debug|Any CPU
		{B1D06F62-B315-4ED8-8109-168B4D4E4B86}.Debug|Any CPU.Build.0 = Debug|Any CPU
		{B1D06F62-B315-4ED8-8109-168B4D4E4B86}.Release|Any CPU.ActiveCfg = Release|Any CPU
		{B1D06F62-B315-4ED8-8109-168B4D4E4B86}.Release|Any CPU.Build.0 = Release|Any CPU
	EndGlobalSection
	GlobalSection(SolutionProperties) = preSolution
		HideSolutionNode = FALSE
	EndGlobalSection
	GlobalSection(NestedProjects) = preSolution
		{55C1BBE0-B922-46B0-8F2C-8472BC9A5F33} = {F9DB9323-C919-49E8-8F96-B923D2F42E60}
		{DA28CCAB-3C88-46F1-B779-43C573ED49E5} = {A1BDA50C-D70B-416C-97F1-74B0649797C5}
		{11DD4D64-7A95-4635-A273-775715E18852} = {95915611-30BF-4AFF-AE41-5CDC6F57DCF7}
		{174A36F1-27ED-43FC-A3A1-00DA58C4E30C} = {95915611-30BF-4AFF-AE41-5CDC6F57DCF7}
		{B1D06F62-B315-4ED8-8109-168B4D4E4B86} = {95915611-30BF-4AFF-AE41-5CDC6F57DCF7}
	EndGlobalSection
	GlobalSection(ExtensibilityGlobals) = postSolution
		SolutionGuid = {DABA3C65-9D74-4EB6-9B1C-730328710EAD}
	EndGlobalSection
EndGlobal
