
Microsoft Visual Studio Solution File, Format Version 12.00
# Visual Studio Version 16
VisualStudioVersion = 16.0.30114.105
MinimumVisualStudioVersion = 10.0.40219.1
Project("{FAE04EC0-301F-11D3-BF4B-00C04F79EFBC}") = "System.Web.Adapters", "src\System.Web.Adapters.csproj", "{55C1BBE0-B922-46B0-8F2C-8472BC9A5F33}"
EndProject
Project("{FAE04EC0-301F-11D3-BF4B-00C04F79EFBC}") = "System.Web.Adapters.Tests", "test\System.Web.Adapters.Tests.csproj", "{DA28CCAB-3C88-46F1-B779-43C573ED49E5}"
EndProject
Global
	GlobalSection(SolutionConfigurationPlatforms) = preSolution
		Debug|Any CPU = Debug|Any CPU
		Release|Any CPU = Release|Any CPU
	EndGlobalSection
	GlobalSection(SolutionProperties) = preSolution
		HideSolutionNode = FALSE
	EndGlobalSection
	GlobalSection(ProjectConfigurationPlatforms) = postSolution
		{55C1BBE0-B922-46B0-8F2C-8472BC9A5F33}.Debug|Any CPU.ActiveCfg = Debug|Any CPU
		{55C1BBE0-B922-46B0-8F2C-8472BC9A5F33}.Debug|Any CPU.Build.0 = Debug|Any CPU
		{55C1BBE0-B922-46B0-8F2C-8472BC9A5F33}.Release|Any CPU.ActiveCfg = Release|Any CPU
		{55C1BBE0-B922-46B0-8F2C-8472BC9A5F33}.Release|Any CPU.Build.0 = Release|Any CPU
		{DA28CCAB-3C88-46F1-B779-43C573ED49E5}.Debug|Any CPU.ActiveCfg = Debug|Any CPU
		{DA28CCAB-3C88-46F1-B779-43C573ED49E5}.Debug|Any CPU.Build.0 = Debug|Any CPU
		{DA28CCAB-3C88-46F1-B779-43C573ED49E5}.Release|Any CPU.ActiveCfg = Release|Any CPU
		{DA28CCAB-3C88-46F1-B779-43C573ED49E5}.Release|Any CPU.Build.0 = Release|Any CPU
	EndGlobalSection
EndGlobal
