
Microsoft Visual Studio Solution File, Format Version 12.00
# Visual Studio Version 16
VisualStudioVersion = 16.0.30413.136
MinimumVisualStudioVersion = 10.0.40219.1
Project("{9A19103F-16F7-4668-BE54-9A1E7A4F7556}") = "DynamicJsApi", "src\DynamicJsApi.csproj", "{A200593F-89AA-405B-A80B-2693A5C8E6B8}"
EndProject
Project("{9A19103F-16F7-4668-BE54-9A1E7A4F7556}") = "SampleWasmApp", "samples\SampleWasmApp\SampleWasmApp.csproj", "{6EC3F227-B997-4DDA-80ED-50D787A19D7E}"
EndProject
Global
	GlobalSection(SolutionConfigurationPlatforms) = preSolution
		Debug|Any CPU = Debug|Any CPU
		Release|Any CPU = Release|Any CPU
	EndGlobalSection
	GlobalSection(ProjectConfigurationPlatforms) = postSolution
		{A200593F-89AA-405B-A80B-2693A5C8E6B8}.Debug|Any CPU.ActiveCfg = Debug|Any CPU
		{A200593F-89AA-405B-A80B-2693A5C8E6B8}.Debug|Any CPU.Build.0 = Debug|Any CPU
		{A200593F-89AA-405B-A80B-2693A5C8E6B8}.Release|Any CPU.ActiveCfg = Release|Any CPU
		{A200593F-89AA-405B-A80B-2693A5C8E6B8}.Release|Any CPU.Build.0 = Release|Any CPU
		{6EC3F227-B997-4DDA-80ED-50D787A19D7E}.Debug|Any CPU.ActiveCfg = Debug|Any CPU
		{6EC3F227-B997-4DDA-80ED-50D787A19D7E}.Debug|Any CPU.Build.0 = Debug|Any CPU
		{6EC3F227-B997-4DDA-80ED-50D787A19D7E}.Release|Any CPU.ActiveCfg = Release|Any CPU
		{6EC3F227-B997-4DDA-80ED-50D787A19D7E}.Release|Any CPU.Build.0 = Release|Any CPU
	EndGlobalSection
	GlobalSection(SolutionProperties) = preSolution
		HideSolutionNode = FALSE
	EndGlobalSection
	GlobalSection(ExtensibilityGlobals) = postSolution
		SolutionGuid = {E32AB38B-7A53-4891-B788-10653A0EF224}
	EndGlobalSection
EndGlobal
