
Microsoft Visual Studio Solution File, Format Version 12.00
# Visual Studio Version 16
VisualStudioVersion = 16.0.30114.105
MinimumVisualStudioVersion = 10.0.40219.1
Project("{2150E333-8FDC-42A3-9474-1A3956D46DE8}") = "src", "src", "{009CDD48-853D-48F0-A9CC-008C0F106F63}"
EndProject
Project("{FAE04EC0-301F-11D3-BF4B-00C04F79EFBC}") = "Microsoft.AspNetCore.Components.CustomElements", "src\Microsoft.AspNetCore.Components.CustomElements\Microsoft.AspNetCore.Components.CustomElements.csproj", "{98718095-4FE7-4698-9AED-B16B0E1AF59D}"
EndProject
Global
	GlobalSection(SolutionConfigurationPlatforms) = preSolution
		Debug|Any CPU = Debug|Any CPU
		Release|Any CPU = Release|Any CPU
	EndGlobalSection
	GlobalSection(SolutionProperties) = preSolution
		HideSolutionNode = FALSE
	EndGlobalSection
	GlobalSection(ProjectConfigurationPlatforms) = postSolution
		{98718095-4FE7-4698-9AED-B16B0E1AF59D}.Debug|Any CPU.ActiveCfg = Debug|Any CPU
		{98718095-4FE7-4698-9AED-B16B0E1AF59D}.Debug|Any CPU.Build.0 = Debug|Any CPU
		{98718095-4FE7-4698-9AED-B16B0E1AF59D}.Release|Any CPU.ActiveCfg = Release|Any CPU
		{98718095-4FE7-4698-9AED-B16B0E1AF59D}.Release|Any CPU.Build.0 = Release|Any CPU
	EndGlobalSection
	GlobalSection(NestedProjects) = preSolution
		{98718095-4FE7-4698-9AED-B16B0E1AF59D} = {009CDD48-853D-48F0-A9CC-008C0F106F63}
	EndGlobalSection
EndGlobal
