
Microsoft Visual Studio Solution File, Format Version 12.00
# Visual Studio 14
VisualStudioVersion = 14.0.25420.1
MinimumVisualStudioVersion = 10.0.40219.1
Project("{2150E333-8FDC-42A3-9474-1A3956D46DE8}") = "src", "src", "{22ABE934-09A2-4F10-B06A-9B4E155FCE1E}"
EndProject
Project("{2150E333-8FDC-42A3-9474-1A3956D46DE8}") = "Solution Items", "Solution Items", "{323A96D9-C651-4D61-AC0D-E1EABF1F5E52}"
	ProjectSection(SolutionItems) = preProject
		global.json = global.json
	EndProjectSection
EndProject
Project("{8BB2217D-0F2D-49D1-97BC-3654ED321F3B}") = "Seed", "src\Seed\Seed.xproj", "{5DC9554B-0A77-473C-BEB1-8D92C37F80E9}"
EndProject
Project("{8BB2217D-0F2D-49D1-97BC-3654ED321F3B}") = "Microsoft.Extensions", "src\Microsoft.Extensions\Microsoft.Extensions.xproj", "{8A0432A8-5EFB-423F-8A26-EB5D8B602494}"
EndProject
Project("{8BB2217D-0F2D-49D1-97BC-3654ED321F3B}") = "Microsoft.AspNetCore", "src\Microsoft.AspNetCore\Microsoft.AspNetCore.xproj", "{5212DF06-C8D4-43B8-A0F7-D8E6E4D6B298}"
EndProject
Project("{8BB2217D-0F2D-49D1-97BC-3654ED321F3B}") = "HealthChecks", "src\HealthCheck\HealthChecks.xproj", "{26A77B9A-5599-4BBA-8C5C-90DF1A4F4558}"
EndProject
Project("{8BB2217D-0F2D-49D1-97BC-3654ED321F3B}") = "SampleAzureServicesChecks", "src\SampleAzureServicesChecks\SampleAzureServicesChecks.xproj", "{0A028006-1512-4FED-B08D-E8666061874E}"
EndProject
Project("{8BB2217D-0F2D-49D1-97BC-3654ED321F3B}") = "HealthCheck.Azure", "src\HealthCheck.Azure\HealthCheck.Azure.xproj", "{0C4158B7-7153-4D2E-ABFA-4CE07D44F75F}"
EndProject
Project("{8BB2217D-0F2D-49D1-97BC-3654ED321F3B}") = "SampleHealthChecker", "src\SampleHealthChecker\SampleHealthChecker.xproj", "{2074E1EA-8744-4FCB-B2A8-436623F6DF7A}"
EndProject
Global
	GlobalSection(SolutionConfigurationPlatforms) = preSolution
		Debug|Any CPU = Debug|Any CPU
		Release|Any CPU = Release|Any CPU
	EndGlobalSection
	GlobalSection(ProjectConfigurationPlatforms) = postSolution
		{5DC9554B-0A77-473C-BEB1-8D92C37F80E9}.Debug|Any CPU.ActiveCfg = Debug|Any CPU
		{5DC9554B-0A77-473C-BEB1-8D92C37F80E9}.Release|Any CPU.ActiveCfg = Release|Any CPU
		{5DC9554B-0A77-473C-BEB1-8D92C37F80E9}.Release|Any CPU.Build.0 = Release|Any CPU
		{8A0432A8-5EFB-423F-8A26-EB5D8B602494}.Debug|Any CPU.ActiveCfg = Debug|Any CPU
		{8A0432A8-5EFB-423F-8A26-EB5D8B602494}.Debug|Any CPU.Build.0 = Debug|Any CPU
		{8A0432A8-5EFB-423F-8A26-EB5D8B602494}.Release|Any CPU.ActiveCfg = Release|Any CPU
		{8A0432A8-5EFB-423F-8A26-EB5D8B602494}.Release|Any CPU.Build.0 = Release|Any CPU
		{5212DF06-C8D4-43B8-A0F7-D8E6E4D6B298}.Debug|Any CPU.ActiveCfg = Debug|Any CPU
		{5212DF06-C8D4-43B8-A0F7-D8E6E4D6B298}.Debug|Any CPU.Build.0 = Debug|Any CPU
		{5212DF06-C8D4-43B8-A0F7-D8E6E4D6B298}.Release|Any CPU.ActiveCfg = Release|Any CPU
		{5212DF06-C8D4-43B8-A0F7-D8E6E4D6B298}.Release|Any CPU.Build.0 = Release|Any CPU
		{26A77B9A-5599-4BBA-8C5C-90DF1A4F4558}.Debug|Any CPU.ActiveCfg = Debug|Any CPU
		{26A77B9A-5599-4BBA-8C5C-90DF1A4F4558}.Debug|Any CPU.Build.0 = Debug|Any CPU
		{26A77B9A-5599-4BBA-8C5C-90DF1A4F4558}.Release|Any CPU.ActiveCfg = Release|Any CPU
		{26A77B9A-5599-4BBA-8C5C-90DF1A4F4558}.Release|Any CPU.Build.0 = Release|Any CPU
		{0A028006-1512-4FED-B08D-E8666061874E}.Debug|Any CPU.ActiveCfg = Debug|Any CPU
		{0A028006-1512-4FED-B08D-E8666061874E}.Debug|Any CPU.Build.0 = Debug|Any CPU
		{0A028006-1512-4FED-B08D-E8666061874E}.Release|Any CPU.ActiveCfg = Release|Any CPU
		{0A028006-1512-4FED-B08D-E8666061874E}.Release|Any CPU.Build.0 = Release|Any CPU
		{0C4158B7-7153-4D2E-ABFA-4CE07D44F75F}.Debug|Any CPU.ActiveCfg = Debug|Any CPU
		{0C4158B7-7153-4D2E-ABFA-4CE07D44F75F}.Debug|Any CPU.Build.0 = Debug|Any CPU
		{0C4158B7-7153-4D2E-ABFA-4CE07D44F75F}.Release|Any CPU.ActiveCfg = Release|Any CPU
		{0C4158B7-7153-4D2E-ABFA-4CE07D44F75F}.Release|Any CPU.Build.0 = Release|Any CPU
		{2074E1EA-8744-4FCB-B2A8-436623F6DF7A}.Debug|Any CPU.ActiveCfg = Debug|Any CPU
		{2074E1EA-8744-4FCB-B2A8-436623F6DF7A}.Debug|Any CPU.Build.0 = Debug|Any CPU
		{2074E1EA-8744-4FCB-B2A8-436623F6DF7A}.Release|Any CPU.ActiveCfg = Release|Any CPU
		{2074E1EA-8744-4FCB-B2A8-436623F6DF7A}.Release|Any CPU.Build.0 = Release|Any CPU
	EndGlobalSection
	GlobalSection(SolutionProperties) = preSolution
		HideSolutionNode = FALSE
	EndGlobalSection
	GlobalSection(NestedProjects) = preSolution
		{5DC9554B-0A77-473C-BEB1-8D92C37F80E9} = {22ABE934-09A2-4F10-B06A-9B4E155FCE1E}
		{8A0432A8-5EFB-423F-8A26-EB5D8B602494} = {22ABE934-09A2-4F10-B06A-9B4E155FCE1E}
		{5212DF06-C8D4-43B8-A0F7-D8E6E4D6B298} = {22ABE934-09A2-4F10-B06A-9B4E155FCE1E}
		{26A77B9A-5599-4BBA-8C5C-90DF1A4F4558} = {22ABE934-09A2-4F10-B06A-9B4E155FCE1E}
		{0A028006-1512-4FED-B08D-E8666061874E} = {22ABE934-09A2-4F10-B06A-9B4E155FCE1E}
		{0C4158B7-7153-4D2E-ABFA-4CE07D44F75F} = {22ABE934-09A2-4F10-B06A-9B4E155FCE1E}
		{2074E1EA-8744-4FCB-B2A8-436623F6DF7A} = {22ABE934-09A2-4F10-B06A-9B4E155FCE1E}
	EndGlobalSection
EndGlobal
