
Microsoft Visual Studio Solution File, Format Version 12.00
# Visual Studio 15
VisualStudioVersion = 15.0.26228.0
MinimumVisualStudioVersion = 15.0.26730.03
Project("{2150E333-8FDC-42A3-9474-1A3956D46DE8}") = "src", "src", "{339381AB-344C-47CD-BA9D-30310AEB8DFF}"
EndProject
Project("{2150E333-8FDC-42A3-9474-1A3956D46DE8}") = "samples", "samples", "{21867C30-38A2-44B0-AF3C-6C49F069734F}"
EndProject
Project("{2150E333-8FDC-42A3-9474-1A3956D46DE8}") = "test", "test", "{B7063BC9-D86B-49CE-90AD-7743788F7FC0}"
EndProject
Project("{FAE04EC0-301F-11D3-BF4B-00C04F79EFBC}") = "Microsoft.AspNetCore.Proxy.Test", "test\Microsoft.AspNetCore.Proxy.Test\Microsoft.AspNetCore.Proxy.Test.csproj", "{B2AF7BAB-E974-42A8-93A2-6CFE10BD8919}"
EndProject
Project("{FAE04EC0-301F-11D3-BF4B-00C04F79EFBC}") = "Microsoft.AspNetCore.Proxy", "src\Microsoft.AspNetCore.Proxy\Microsoft.AspNetCore.Proxy.csproj", "{4DAA0A9D-056E-4429-8C04-83715A93B56E}"
EndProject
Project("{FAE04EC0-301F-11D3-BF4B-00C04F79EFBC}") = "Microsoft.AspNetCore.Proxy.Samples", "samples\Microsoft.AspNetCore.Proxy.Samples\Microsoft.AspNetCore.Proxy.Samples.csproj", "{038E3540-8594-4DC5-965D-7F24C56E1CF2}"
EndProject
Global
	GlobalSection(SolutionConfigurationPlatforms) = preSolution
		Debug|Any CPU = Debug|Any CPU
		Release|Any CPU = Release|Any CPU
	EndGlobalSection
	GlobalSection(ProjectConfigurationPlatforms) = postSolution
		{B2AF7BAB-E974-42A8-93A2-6CFE10BD8919}.Debug|Any CPU.ActiveCfg = Debug|Any CPU
		{B2AF7BAB-E974-42A8-93A2-6CFE10BD8919}.Debug|Any CPU.Build.0 = Debug|Any CPU
		{B2AF7BAB-E974-42A8-93A2-6CFE10BD8919}.Release|Any CPU.ActiveCfg = Release|Any CPU
		{B2AF7BAB-E974-42A8-93A2-6CFE10BD8919}.Release|Any CPU.Build.0 = Release|Any CPU
		{4DAA0A9D-056E-4429-8C04-83715A93B56E}.Debug|Any CPU.ActiveCfg = Debug|Any CPU
		{4DAA0A9D-056E-4429-8C04-83715A93B56E}.Debug|Any CPU.Build.0 = Debug|Any CPU
		{4DAA0A9D-056E-4429-8C04-83715A93B56E}.Release|Any CPU.ActiveCfg = Release|Any CPU
		{4DAA0A9D-056E-4429-8C04-83715A93B56E}.Release|Any CPU.Build.0 = Release|Any CPU
		{038E3540-8594-4DC5-965D-7F24C56E1CF2}.Debug|Any CPU.ActiveCfg = Debug|Any CPU
		{038E3540-8594-4DC5-965D-7F24C56E1CF2}.Debug|Any CPU.Build.0 = Debug|Any CPU
		{038E3540-8594-4DC5-965D-7F24C56E1CF2}.Release|Any CPU.ActiveCfg = Release|Any CPU
		{038E3540-8594-4DC5-965D-7F24C56E1CF2}.Release|Any CPU.Build.0 = Release|Any CPU
	EndGlobalSection
	GlobalSection(SolutionProperties) = preSolution
		HideSolutionNode = FALSE
	EndGlobalSection
	GlobalSection(NestedProjects) = preSolution
		{B2AF7BAB-E974-42A8-93A2-6CFE10BD8919} = {B7063BC9-D86B-49CE-90AD-7743788F7FC0}
		{4DAA0A9D-056E-4429-8C04-83715A93B56E} = {339381AB-344C-47CD-BA9D-30310AEB8DFF}
		{038E3540-8594-4DC5-965D-7F24C56E1CF2} = {21867C30-38A2-44B0-AF3C-6C49F069734F}
	EndGlobalSection
EndGlobal
