
Microsoft Visual Studio Solution File, Format Version 12.00
# Visual Studio 15
VisualStudioVersion = 15.0.27110.0
MinimumVisualStudioVersion = 10.0.40219.1
Project("{2150E333-8FDC-42A3-9474-1A3956D46DE8}") = "Src", "Src", "{929F44D0-A040-4DC3-A22F-4C5829C05D44}"
	ProjectSection(SolutionItems) = preProject
		src\Directory.Build.props = src\Directory.Build.props
	EndProjectSection
EndProject
Project("{2150E333-8FDC-42A3-9474-1A3956D46DE8}") = "Test", "Test", "{9575CB90-BC4B-43BB-8AEA-82C53FDA4187}"
	ProjectSection(SolutionItems) = preProject
		test\Directory.Build.props = test\Directory.Build.props
	EndProjectSection
EndProject
Project("{2150E333-8FDC-42A3-9474-1A3956D46DE8}") = "Solution Items", "Solution Items", "{9C98BA1B-1543-45B8-A11D-C31F51C0D22A}"
	ProjectSection(SolutionItems) = preProject
		Directory.Build.props = Directory.Build.props
		Directory.Build.targets = Directory.Build.targets
		LICENSE = LICENSE
		README.md = README.md
		version.xml = version.xml
	EndProjectSection
EndProject
Project("{FAE04EC0-301F-11D3-BF4B-00C04F79EFBC}") = "Microsoft.AspNet.WebHooks.Receivers", "Src\Microsoft.AspNet.WebHooks.Receivers\Microsoft.AspNet.WebHooks.Receivers.csproj", "{8CED31FB-32F2-4FFB-9997-452FB9728577}"
EndProject
Project("{FAE04EC0-301F-11D3-BF4B-00C04F79EFBC}") = "Microsoft.AspNet.WebHooks.Receivers.Dropbox", "Src\Microsoft.AspNet.WebHooks.Receivers.Dropbox\Microsoft.AspNet.WebHooks.Receivers.Dropbox.csproj", "{F900CC81-49BF-40FC-8E0B-058B4A23BB34}"
EndProject
Project("{FAE04EC0-301F-11D3-BF4B-00C04F79EFBC}") = "Microsoft.AspNet.WebHooks.Common", "Src\Microsoft.AspNet.WebHooks.Common\Microsoft.AspNet.WebHooks.Common.csproj", "{F7DD0935-6320-4EFC-9464-D5A2D2B8C2F7}"
EndProject
Project("{FAE04EC0-301F-11D3-BF4B-00C04F79EFBC}") = "Microsoft.AspNet.WebHooks.Receivers.Custom", "Src\Microsoft.AspNet.WebHooks.Receivers.Custom\Microsoft.AspNet.WebHooks.Receivers.Custom.csproj", "{06F7A364-A7DE-4019-9E0A-85DA58F505DD}"
EndProject
Project("{FAE04EC0-301F-11D3-BF4B-00C04F79EFBC}") = "Microsoft.AspNet.WebHooks.Custom", "Src\Microsoft.AspNet.WebHooks.Custom\Microsoft.AspNet.WebHooks.Custom.csproj", "{D4D210C6-3283-4D1D-806E-8717D8F51179}"
EndProject
Project("{FAE04EC0-301F-11D3-BF4B-00C04F79EFBC}") = "Microsoft.AspNet.WebHooks.Common.Test", "Test\Microsoft.AspNet.WebHooks.Common.Test\Microsoft.AspNet.WebHooks.Common.Test.csproj", "{95D440B3-F8FF-4E3B-B8E8-26F5F637558A}"
EndProject
Project("{FAE04EC0-301F-11D3-BF4B-00C04F79EFBC}") = "Microsoft.TestUtilities", "Test\Microsoft.TestUtilities\Microsoft.TestUtilities.csproj", "{608B1D09-E4DE-4DBA-8DBF-7758003988F0}"
EndProject
Project("{2150E333-8FDC-42A3-9474-1A3956D46DE8}") = ".nuget", ".nuget", "{BA0737AF-7CAE-4F28-B7D8-D99131C076A5}"
	ProjectSection(SolutionItems) = preProject
		.nuget\packages.config = .nuget\packages.config
	EndProjectSection
EndProject
Project("{FAE04EC0-301F-11D3-BF4B-00C04F79EFBC}") = "Microsoft.AspNet.WebHooks.Receivers.GitHub", "Src\Microsoft.AspNet.WebHooks.Receivers.GitHub\Microsoft.AspNet.WebHooks.Receivers.GitHub.csproj", "{B8B9A402-DCF6-4A8F-9AFB-A7D08EA1C3D9}"
EndProject
Project("{FAE04EC0-301F-11D3-BF4B-00C04F79EFBC}") = "Microsoft.AspNet.WebHooks.Receivers.Stripe", "Src\Microsoft.AspNet.WebHooks.Receivers.Stripe\Microsoft.AspNet.WebHooks.Receivers.Stripe.csproj", "{F4DF2A3F-2BAE-4074-AD0F-FC0F4CB80782}"
EndProject
Project("{FAE04EC0-301F-11D3-BF4B-00C04F79EFBC}") = "Microsoft.AspNet.WebHooks.Receivers.MailChimp", "Src\Microsoft.AspNet.WebHooks.Receivers.MailChimp\Microsoft.AspNet.WebHooks.Receivers.MailChimp.csproj", "{2294B62E-9D6E-4371-8EA6-104B79A7E314}"
EndProject
Project("{FAE04EC0-301F-11D3-BF4B-00C04F79EFBC}") = "Microsoft.AspNet.WebHooks.Custom.Test", "Test\Microsoft.AspNet.WebHooks.Custom.Test\Microsoft.AspNet.WebHooks.Custom.Test.csproj", "{ACEBDB96-642F-4B5D-8963-4F67BD927D76}"
EndProject
Project("{FAE04EC0-301F-11D3-BF4B-00C04F79EFBC}") = "Microsoft.AspNet.WebHooks.Receivers.Test", "Test\Microsoft.AspNet.WebHooks.Receivers.Test\Microsoft.AspNet.WebHooks.Receivers.Test.csproj", "{CB965ED1-1E07-4374-A829-C636DB09F567}"
EndProject
Project("{FAE04EC0-301F-11D3-BF4B-00C04F79EFBC}") = "Microsoft.AspNet.WebHooks.Custom.Api", "Src\Microsoft.AspNet.WebHooks.Custom.Api\Microsoft.AspNet.WebHooks.Custom.Api.csproj", "{F0EE25B8-D851-40DA-AB2A-E0BACE9C1E5D}"
EndProject
Project("{FAE04EC0-301F-11D3-BF4B-00C04F79EFBC}") = "Microsoft.AspNet.WebHooks.Custom.Api.Test", "Test\Microsoft.AspNet.WebHooks.Custom.Api.Test\Microsoft.AspNet.WebHooks.Custom.Api.Test.csproj", "{C20671F3-181F-45D7-A62C-5DE1DE610FE9}"
EndProject
Project("{FAE04EC0-301F-11D3-BF4B-00C04F79EFBC}") = "Microsoft.AspNet.WebHooks.Custom.Mvc", "Src\Microsoft.AspNet.WebHooks.Custom.Mvc\Microsoft.AspNet.WebHooks.Custom.Mvc.csproj", "{3F5AFF8F-081D-4E13-8317-ADA35ADE3AD7}"
EndProject
Project("{FAE04EC0-301F-11D3-BF4B-00C04F79EFBC}") = "Microsoft.AspNet.WebHooks.Custom.AzureStorage", "Src\Microsoft.AspNet.WebHooks.Custom.AzureStorage\Microsoft.AspNet.WebHooks.Custom.AzureStorage.csproj", "{052D913C-3756-4038-87E6-FCC2482597F5}"
EndProject
Project("{FAE04EC0-301F-11D3-BF4B-00C04F79EFBC}") = "Microsoft.AspNet.WebHooks.Custom.AzureStorage.Test", "Test\Microsoft.AspNet.WebHooks.Custom.AzureStorage.Test\Microsoft.AspNet.WebHooks.Custom.AzureStorage.Test.csproj", "{3B98CEC0-FFFE-4E67-BAD1-1C93D50C594D}"
EndProject
Project("{FAE04EC0-301F-11D3-BF4B-00C04F79EFBC}") = "Microsoft.AspNet.WebHooks.Custom.Mvc.Test", "Test\Microsoft.AspNet.WebHooks.Custom.Mvc.Test\Microsoft.AspNet.WebHooks.Custom.Mvc.Test.csproj", "{F41C5C45-F76A-41AE-8B16-584CCAA3648D}"
EndProject
Project("{FAE04EC0-301F-11D3-BF4B-00C04F79EFBC}") = "Microsoft.AspNet.WebHooks.Receivers.Slack", "Src\Microsoft.AspNet.WebHooks.Receivers.Slack\Microsoft.AspNet.WebHooks.Receivers.Slack.csproj", "{15C7B557-FD40-4C43-9647-05FA7004F138}"
EndProject
Project("{FAE04EC0-301F-11D3-BF4B-00C04F79EFBC}") = "Microsoft.AspNet.WebHooks.Receivers.WordPress", "Src\Microsoft.AspNet.WebHooks.Receivers.WordPress\Microsoft.AspNet.WebHooks.Receivers.WordPress.csproj", "{46339776-D041-4832-9428-AF296731F7B5}"
EndProject
Project("{FAE04EC0-301F-11D3-BF4B-00C04F79EFBC}") = "Microsoft.AspNet.WebHooks.Receivers.Slack.Test", "Test\Microsoft.AspNet.WebHooks.Receivers.Slack.Test\Microsoft.AspNet.WebHooks.Receivers.Slack.Test.csproj", "{5DC29505-0F81-418D-8566-0902FF0921EF}"
EndProject
Project("{FAE04EC0-301F-11D3-BF4B-00C04F79EFBC}") = "Microsoft.AspNet.WebHooks.Receivers.Trello", "Src\Microsoft.AspNet.WebHooks.Receivers.Trello\Microsoft.AspNet.WebHooks.Receivers.Trello.csproj", "{1855931E-BA65-4010-A2AF-35495BA47979}"
EndProject
Project("{FAE04EC0-301F-11D3-BF4B-00C04F79EFBC}") = "Microsoft.AspNet.WebHooks.Receivers.Trello.Test", "Test\Microsoft.AspNet.WebHooks.Receivers.Trello.Test\Microsoft.AspNet.WebHooks.Receivers.Trello.Test.csproj", "{A22D94AE-CF44-493C-8E26-B859D7038F52}"
EndProject
Project("{FAE04EC0-301F-11D3-BF4B-00C04F79EFBC}") = "Microsoft.AspNet.WebHooks.Receivers.Custom.Test", "Test\Microsoft.AspNet.WebHooks.Receivers.Custom.Test\Microsoft.AspNet.WebHooks.Receivers.Custom.Test.csproj", "{79A9D80D-F2AA-4673-9443-07CFDDB39325}"
EndProject
Project("{FAE04EC0-301F-11D3-BF4B-00C04F79EFBC}") = "Microsoft.AspNet.WebHooks.Receivers.GitHub.Test", "Test\Microsoft.AspNet.WebHooks.Receivers.GitHub.Test\Microsoft.AspNet.WebHooks.Receivers.GitHub.Test.csproj", "{DE1D11D9-9A61-4CE5-95D6-005515BB2672}"
EndProject
Project("{FAE04EC0-301F-11D3-BF4B-00C04F79EFBC}") = "Microsoft.AspNet.WebHooks.Receivers.Dropbox.Test", "Test\Microsoft.AspNet.WebHooks.Receivers.Dropbox.Test\Microsoft.AspNet.WebHooks.Receivers.Dropbox.Test.csproj", "{9F6E18E4-F2C8-43D1-8D3C-F87CC12159F0}"
EndProject
Project("{FAE04EC0-301F-11D3-BF4B-00C04F79EFBC}") = "Microsoft.AspNet.WebHooks.Receivers.MailChimp.Test", "Test\Microsoft.AspNet.WebHooks.Receivers.MailChimp.Test\Microsoft.AspNet.WebHooks.Receivers.MailChimp.Test.csproj", "{C4723421-ACA9-44C1-92D5-AFB5DD4049C9}"
EndProject
Project("{FAE04EC0-301F-11D3-BF4B-00C04F79EFBC}") = "Microsoft.AspNet.WebHooks.Receivers.Pusher", "Src\Microsoft.AspNet.WebHooks.Receivers.Pusher\Microsoft.AspNet.WebHooks.Receivers.Pusher.csproj", "{336945AE-DE45-419E-BD1C-E218DFDEB10B}"
EndProject
Project("{FAE04EC0-301F-11D3-BF4B-00C04F79EFBC}") = "Microsoft.AspNet.WebHooks.Receivers.Pusher.Test", "Test\Microsoft.AspNet.WebHooks.Receivers.Pusher.Test\Microsoft.AspNet.WebHooks.Receivers.Pusher.Test.csproj", "{057B23CC-AB5B-499D-A926-4C193F6925FF}"
EndProject
Project("{FAE04EC0-301F-11D3-BF4B-00C04F79EFBC}") = "Microsoft.AspNet.WebHooks.Receivers.Stripe.Test", "Test\Microsoft.AspNet.WebHooks.Receivers.Stripe.Test\Microsoft.AspNet.WebHooks.Receivers.Stripe.Test.csproj", "{9040BF9C-9A2C-4D67-9FBC-0A4F39A7AFD1}"
EndProject
Project("{FAE04EC0-301F-11D3-BF4B-00C04F79EFBC}") = "Microsoft.AspNet.WebHooks.Receivers.WordPress.Test", "Test\Microsoft.AspNet.WebHooks.Receivers.WordPress.Test\Microsoft.AspNet.WebHooks.Receivers.WordPress.Test.csproj", "{553B1951-A18E-4CFE-98A3-ED66652AD3FC}"
EndProject
Project("{FAE04EC0-301F-11D3-BF4B-00C04F79EFBC}") = "Microsoft.AspNet.WebHooks.Receivers.Paypal", "src\Microsoft.AspNet.WebHooks.Receivers.Paypal\Microsoft.AspNet.WebHooks.Receivers.Paypal.csproj", "{B15C721D-785C-4E5A-B33F-C55F5F159A00}"
EndProject
Project("{FAE04EC0-301F-11D3-BF4B-00C04F79EFBC}") = "Microsoft.AspNet.WebHooks.Receivers.Paypal.Test", "test\Microsoft.AspNet.WebHooks.Receivers.PayPal.Test\Microsoft.AspNet.WebHooks.Receivers.Paypal.Test.csproj", "{45E5D92B-E075-492B-847F-E3E5D5796E95}"
EndProject
Project("{FAE04EC0-301F-11D3-BF4B-00C04F79EFBC}") = "Microsoft.AspNet.WebHooks.Receivers.Salesforce", "src\Microsoft.AspNet.WebHooks.Receivers.Salesforce\Microsoft.AspNet.WebHooks.Receivers.Salesforce.csproj", "{2331E6C8-2235-4FF6-8429-4B2B9CC21273}"
EndProject
Project("{FAE04EC0-301F-11D3-BF4B-00C04F79EFBC}") = "Microsoft.AspNet.WebHooks.Receivers.Salesforce.Test", "test\Microsoft.AspNet.WebHooks.Receivers.Salesforce.Test\Microsoft.AspNet.WebHooks.Receivers.Salesforce.Test.csproj", "{D4749AE7-C126-4B2C-A04C-C3A3D1FA5290}"
EndProject
Project("{FAE04EC0-301F-11D3-BF4B-00C04F79EFBC}") = "Microsoft.AspNet.WebHooks.Receivers.Instagram", "src\Microsoft.AspNet.WebHooks.Receivers.Instagram\Microsoft.AspNet.WebHooks.Receivers.Instagram.csproj", "{3E842532-D709-48B6-AC39-1367E9F0DAB9}"
EndProject
Project("{FAE04EC0-301F-11D3-BF4B-00C04F79EFBC}") = "Microsoft.AspNet.WebHooks.Receivers.Instagram.Test", "test\Microsoft.AspNet.WebHooks.Receivers.Instagram.Test\Microsoft.AspNet.WebHooks.Receivers.Instagram.Test.csproj", "{3F1EB00E-8C9E-441D-8D42-3DDB3B0751A7}"
EndProject
Project("{FAE04EC0-301F-11D3-BF4B-00C04F79EFBC}") = "Microsoft.AspNet.WebHooks.Receivers.BitBucket", "src\Microsoft.AspNet.WebHooks.Receivers.Bitbucket\Microsoft.AspNet.WebHooks.Receivers.BitBucket.csproj", "{08FECDD6-7158-436A-A95C-96BDC8ABF1A4}"
EndProject
Project("{FAE04EC0-301F-11D3-BF4B-00C04F79EFBC}") = "Microsoft.AspNet.WebHooks.Receivers.Bitbucket.Test", "test\Microsoft.AspNet.WebHooks.Receivers.Bitbucket.Test\Microsoft.AspNet.WebHooks.Receivers.Bitbucket.Test.csproj", "{71FF4046-71FE-458C-9A5C-48BC5F169326}"
EndProject
Project("{2150E333-8FDC-42A3-9474-1A3956D46DE8}") = "Samples", "Samples", "{E957C8D9-B4A0-488B-838F-BAB4DE080A76}"
	ProjectSection(SolutionItems) = preProject
		samples\Directory.Build.props = samples\Directory.Build.props
	EndProjectSection
EndProject
Project("{FAE04EC0-301F-11D3-BF4B-00C04F79EFBC}") = "BitbucketReceiver", "samples\BitbucketReceiver\BitbucketReceiver.csproj", "{B81F55BB-D4BE-42DA-9A9E-27CFCFE1007C}"
EndProject
Project("{FAE04EC0-301F-11D3-BF4B-00C04F79EFBC}") = "Microsoft.AspNet.WebHooks.Receivers.Azure", "src\Microsoft.AspNet.WebHooks.Receivers.Azure\Microsoft.AspNet.WebHooks.Receivers.Azure.csproj", "{BE83FC0A-C296-43B1-9E78-F7F003B7342D}"
EndProject
Project("{FAE04EC0-301F-11D3-BF4B-00C04F79EFBC}") = "Microsoft.AspNet.WebHooks.Receivers.Azure.Test", "test\Microsoft.AspNet.WebHooks.Receivers.Azure.Test\Microsoft.AspNet.WebHooks.Receivers.Azure.Test.csproj", "{D6287838-8329-4349-90F1-D9CBF49EDCEA}"
EndProject
Project("{FAE04EC0-301F-11D3-BF4B-00C04F79EFBC}") = "AzureReceivers", "samples\AzureReceivers\AzureReceivers.csproj", "{5DFA6EF9-2417-47AF-B8BB-424E420D9464}"
EndProject
Project("{FAE04EC0-301F-11D3-BF4B-00C04F79EFBC}") = "Microsoft.AspNet.WebHooks.Custom.SqlStorage", "src\Microsoft.AspNet.WebHooks.Custom.SqlStorage\Microsoft.AspNet.WebHooks.Custom.SqlStorage.csproj", "{EAC99E25-F698-41B2-8671-740D642781AB}"
EndProject
Project("{FAE04EC0-301F-11D3-BF4B-00C04F79EFBC}") = "Microsoft.AspNet.WebHooks.Custom.SqlStorage.Test", "test\Microsoft.AspNet.WebHooks.Custom.SqlStorage.Test\Microsoft.AspNet.WebHooks.Custom.SqlStorage.Test.csproj", "{CCE7ADB5-7335-4F7D-A34D-0B7CA1D3141F}"
EndProject
Project("{FAE04EC0-301F-11D3-BF4B-00C04F79EFBC}") = "SlackReceiver", "samples\SlackReceiver\SlackReceiver.csproj", "{EBF58015-2787-4741-AD9C-A7FDFE2C10F9}"
EndProject
Project("{FAE04EC0-301F-11D3-BF4B-00C04F79EFBC}") = "Microsoft.AspNet.WebHooks.Receivers.Generic", "src\Microsoft.AspNet.WebHooks.Receivers.Generic\Microsoft.AspNet.WebHooks.Receivers.Generic.csproj", "{2D26EAB4-0FDB-45E7-8B2E-C42CB19669B3}"
EndProject
Project("{FAE04EC0-301F-11D3-BF4B-00C04F79EFBC}") = "GenericReceivers", "samples\GenericReceivers\GenericReceivers.csproj", "{E15E396E-A33F-4286-910B-254ED6F52365}"
EndProject
Project("{FAE04EC0-301F-11D3-BF4B-00C04F79EFBC}") = "Microsoft.AspNet.WebHooks.Receivers.Generic.Test", "test\Microsoft.AspNet.WebHooks.Receivers.Generic.Test\Microsoft.AspNet.WebHooks.Receivers.Generic.Test.csproj", "{062CDC55-0F74-4649-9563-98983AAE323C}"
EndProject
Project("{FAE04EC0-301F-11D3-BF4B-00C04F79EFBC}") = "CustomSender", "samples\CustomSender\CustomSender.csproj", "{750EBD27-2091-46DF-B5F7-063053ED4C49}"
EndProject
Project("{FAE04EC0-301F-11D3-BF4B-00C04F79EFBC}") = "CustomReceiver", "samples\CustomReceiver\CustomReceiver.csproj", "{D19D59DD-7F60-4D75-B1B7-BB380044925B}"
EndProject
Project("{FAE04EC0-301F-11D3-BF4B-00C04F79EFBC}") = "MailChimpReceiver.Selfhost", "samples\MailChimpReceiver.Selfhost\MailChimpReceiver.Selfhost.csproj", "{7A7E5F2A-D53D-4F8B-AF37-8CD921E9B694}"
EndProject
Project("{FAE04EC0-301F-11D3-BF4B-00C04F79EFBC}") = "CustomSender.QueuedSender", "samples\CustomSender.QueuedSender\CustomSender.QueuedSender.csproj", "{B6729BF9-AB07-489D-BA2A-72DBB2FE90D9}"
EndProject
Project("{FAE04EC0-301F-11D3-BF4B-00C04F79EFBC}") = "Microsoft.AspNet.WebHooks.Receivers.DynamicsCRM", "src\Microsoft.AspNet.WebHooks.Receivers.DynamicsCRM\Microsoft.AspNet.WebHooks.Receivers.DynamicsCRM.csproj", "{B8F0B5C7-90BE-4F58-89C7-9F95BB6933C5}"
EndProject
Project("{FAE04EC0-301F-11D3-BF4B-00C04F79EFBC}") = "Microsoft.AspNet.WebHooks.Receivers.DynamicsCRM.Test", "test\Microsoft.AspNet.WebHooks.Receivers.DynamicsCRM.Test\Microsoft.AspNet.WebHooks.Receivers.DynamicsCRM.Test.csproj", "{5F47AA81-8404-405B-BF7F-E5418CB89C5F}"
EndProject
Project("{FAE04EC0-301F-11D3-BF4B-00C04F79EFBC}") = "StripeReceiver", "samples\StripeReceiver\StripeReceiver.csproj", "{28DC67D9-2DB4-49B9-97A8-64057EB41026}"
EndProject
Project("{FAE04EC0-301F-11D3-BF4B-00C04F79EFBC}") = "CustomSender.WebJob", "samples\CustomSender.WebJob\CustomSender.WebJob.csproj", "{EB0ECE92-9BC6-45FD-89EC-DD25865E410C}"
EndProject
Project("{FAE04EC0-301F-11D3-BF4B-00C04F79EFBC}") = "DropboxReceiver", "samples\DropboxReceiver\DropboxReceiver.csproj", "{ED305650-3D8D-455B-AABD-A3E85FBDB5DD}"
EndProject
Project("{FAE04EC0-301F-11D3-BF4B-00C04F79EFBC}") = "InstagramReceiver", "samples\InstagramReceiver\InstagramReceiver.csproj", "{EBBC27D2-284C-4601-9FD2-D351EDF8E605}"
EndProject
Project("{FAE04EC0-301F-11D3-BF4B-00C04F79EFBC}") = "Microsoft.AspNet.WebHooks.Receivers.MyGet", "src\Microsoft.AspNet.WebHooks.Receivers.MyGet\Microsoft.AspNet.WebHooks.Receivers.MyGet.csproj", "{B3F5421B-B28C-444C-AF60-E950048D206F}"
EndProject
Project("{FAE04EC0-301F-11D3-BF4B-00C04F79EFBC}") = "Microsoft.AspNet.WebHooks.Receivers.MyGet.Test", "test\Microsoft.AspNet.WebHooks.Receivers.MyGet.Test\Microsoft.AspNet.WebHooks.Receivers.MyGet.Test.csproj", "{AEF3F2C9-38E3-4C56-BE50-DE7CD4041A14}"
EndProject
Project("{FAE04EC0-301F-11D3-BF4B-00C04F79EFBC}") = "MyGetReceiver", "samples\MyGetReceiver\MyGetReceiver.csproj", "{D9777B08-1097-4B80-BC9B-F5989F8D235C}"
EndProject
Project("{FAE04EC0-301F-11D3-BF4B-00C04F79EFBC}") = "GitHubReceiver", "samples\GitHubReceiver\GitHubReceiver.csproj", "{F4FB75ED-543F-4FF0-BD41-F4B9AD120575}"
EndProject
Project("{FAE04EC0-301F-11D3-BF4B-00C04F79EFBC}") = "ZendeskReceiver", "samples\ZendeskReceiver\ZendeskReceiver.csproj", "{BD0AB018-7229-42BF-B607-5D46E9F1F2EA}"
EndProject
Project("{FAE04EC0-301F-11D3-BF4B-00C04F79EFBC}") = "Microsoft.AspNet.WebHooks.Receivers.Zendesk", "src\Microsoft.AspNet.WebHooks.Receivers.Zendesk\Microsoft.AspNet.WebHooks.Receivers.Zendesk.csproj", "{DCD550FB-FE5E-4684-AA52-C09FE5F8FDDA}"
EndProject
Project("{FAE04EC0-301F-11D3-BF4B-00C04F79EFBC}") = "Microsoft.AspNet.WebHooks.Receivers.Zendesk.Test", "test\Microsoft.AspNet.WebHooks.Receivers.Zendesk.Test\Microsoft.AspNet.WebHooks.Receivers.Zendesk.Test.csproj", "{D4AE6D4C-004F-4392-9EE1-772444719449}"
EndProject
Project("{FAE04EC0-301F-11D3-BF4B-00C04F79EFBC}") = "Microsoft.AspNet.WebHooks.Receivers.VSTS", "src\Microsoft.AspNet.WebHooks.Receivers.VSTS\Microsoft.AspNet.WebHooks.Receivers.VSTS.csproj", "{6B501D55-2AA3-4757-A185-1277BB881DE8}"
EndProject
Project("{FAE04EC0-301F-11D3-BF4B-00C04F79EFBC}") = "Microsoft.AspNet.WebHooks.Receivers.VSTS.Test", "test\Microsoft.AspNet.WebHooks.Receivers.VSTS.Test\Microsoft.AspNet.WebHooks.Receivers.VSTS.Test.csproj", "{B27CC8B5-BF38-434B-B5CE-42ACEC40624C}"
EndProject
Project("{FAE04EC0-301F-11D3-BF4B-00C04F79EFBC}") = "VstsReceiver", "samples\VstsReceiver\VstsReceiver.csproj", "{88FB9535-BBC9-48FE-AC34-4C3E9A4073F3}"
EndProject
Project("{FAE04EC0-301F-11D3-BF4B-00C04F79EFBC}") = "GenericReceivers.DependencyInjection", "samples\GenericReceivers.DependencyInjection\GenericReceivers.DependencyInjection.csproj", "{3EE37ECD-B24C-4096-950B-7C9D73B0E4BB}"
EndProject
Project("{FAE04EC0-301F-11D3-BF4B-00C04F79EFBC}") = "SalesforceReceiver", "samples\SalesforceReceiver\SalesforceReceiver.csproj", "{3B7DEFC0-1032-448B-98B6-4B875A8E4285}"
EndProject
Project("{9A19103F-16F7-4668-BE54-9A1E7A4F7556}") = "Microsoft.AspNetCore.WebHooks.Receivers", "src\Microsoft.AspNetCore.WebHooks.Receivers\Microsoft.AspNetCore.WebHooks.Receivers.csproj", "{657D9111-1AAD-439A-B7B3-261EDB7BFBE4}"
EndProject
Project("{9A19103F-16F7-4668-BE54-9A1E7A4F7556}") = "Microsoft.AspNetCore.WebHooks.Receivers.GitHub", "src\Microsoft.AspNetCore.WebHooks.Receivers.GitHub\Microsoft.AspNetCore.WebHooks.Receivers.GitHub.csproj", "{A7E385B5-8691-402B-916A-8E791E5D62CF}"
EndProject
Project("{9A19103F-16F7-4668-BE54-9A1E7A4F7556}") = "GitHubCoreReceiver", "samples\GitHubCoreReceiver\GitHubCoreReceiver.csproj", "{BF3CA06F-4610-40E3-9C8F-C450486BB81C}"
EndProject
Project("{9A19103F-16F7-4668-BE54-9A1E7A4F7556}") = "Microsoft.AspNetCore.WebHooks.Receivers.AzureAlert", "src\Microsoft.AspNetCore.WebHooks.Receivers.AzureAlert\Microsoft.AspNetCore.WebHooks.Receivers.AzureAlert.csproj", "{FAE4E7F8-7786-4388-802D-69C5C40DD5ED}"
EndProject
Project("{9A19103F-16F7-4668-BE54-9A1E7A4F7556}") = "Microsoft.AspNetCore.WebHooks.Receivers.BitBucket", "src\Microsoft.AspNetCore.WebHooks.Receivers.BitBucket\Microsoft.AspNetCore.WebHooks.Receivers.BitBucket.csproj", "{06B0D9D1-1368-423E-B2F7-5F408423A187}"
EndProject
Project("{9A19103F-16F7-4668-BE54-9A1E7A4F7556}") = "Microsoft.AspNetCore.WebHooks.Receivers.Dropbox", "src\Microsoft.AspNetCore.WebHooks.Receivers.Dropbox\Microsoft.AspNetCore.WebHooks.Receivers.Dropbox.csproj", "{99046330-F5C1-4994-9EAC-79B2845D46D5}"
EndProject
Project("{9A19103F-16F7-4668-BE54-9A1E7A4F7556}") = "Microsoft.AspNetCore.WebHooks.Receivers.DynamicsCRM", "src\Microsoft.AspNetCore.WebHooks.Receivers.DynamicsCRM\Microsoft.AspNetCore.WebHooks.Receivers.DynamicsCRM.csproj", "{3D6713DD-940C-434E-B8F4-EE31E5F35E50}"
EndProject
Project("{9A19103F-16F7-4668-BE54-9A1E7A4F7556}") = "Microsoft.AspNetCore.WebHooks.Receivers.MailChimp", "src\Microsoft.AspNetCore.WebHooks.Receivers.MailChimp\Microsoft.AspNetCore.WebHooks.Receivers.MailChimp.csproj", "{1A7F4322-FCB1-43C7-B997-C818F2ADDE34}"
EndProject
Project("{9A19103F-16F7-4668-BE54-9A1E7A4F7556}") = "Microsoft.AspNetCore.WebHooks.Receivers.Pusher", "src\Microsoft.AspNetCore.WebHooks.Receivers.Pusher\Microsoft.AspNetCore.WebHooks.Receivers.Pusher.csproj", "{48BE6B07-1440-4341-A912-D91339CE7D31}"
EndProject
Project("{9A19103F-16F7-4668-BE54-9A1E7A4F7556}") = "Microsoft.AspNetCore.WebHooks.Receivers.Salesforce", "src\Microsoft.AspNetCore.WebHooks.Receivers.Salesforce\Microsoft.AspNetCore.WebHooks.Receivers.Salesforce.csproj", "{40AA776C-E7BB-4786-8FFF-044C71821EE1}"
EndProject
Project("{9A19103F-16F7-4668-BE54-9A1E7A4F7556}") = "Microsoft.AspNetCore.WebHooks.Receivers.Slack", "src\Microsoft.AspNetCore.WebHooks.Receivers.Slack\Microsoft.AspNetCore.WebHooks.Receivers.Slack.csproj", "{497C5DDA-E38D-4437-A4B9-EC03349BA444}"
EndProject
Project("{9A19103F-16F7-4668-BE54-9A1E7A4F7556}") = "Microsoft.AspNetCore.WebHooks.Receivers.Stripe", "src\Microsoft.AspNetCore.WebHooks.Receivers.Stripe\Microsoft.AspNetCore.WebHooks.Receivers.Stripe.csproj", "{63C91BD3-64A9-4300-B8C6-1CB835E187B3}"
EndProject
Project("{9A19103F-16F7-4668-BE54-9A1E7A4F7556}") = "Microsoft.AspNetCore.WebHooks.Receivers.Trello", "src\Microsoft.AspNetCore.WebHooks.Receivers.Trello\Microsoft.AspNetCore.WebHooks.Receivers.Trello.csproj", "{936B15A6-F95C-4D84-AE21-3177E540E2D0}"
EndProject
Project("{9A19103F-16F7-4668-BE54-9A1E7A4F7556}") = "Microsoft.AspNetCore.WebHooks.Receivers.WordPress", "src\Microsoft.AspNetCore.WebHooks.Receivers.WordPress\Microsoft.AspNetCore.WebHooks.Receivers.WordPress.csproj", "{897363CC-EF16-4BA8-9D7E-710F652E416F}"
EndProject
Project("{9A19103F-16F7-4668-BE54-9A1E7A4F7556}") = "Microsoft.AspNetCore.WebHooks.Receivers.Kudu", "src\Microsoft.AspNetCore.WebHooks.Receivers.Kudu\Microsoft.AspNetCore.WebHooks.Receivers.Kudu.csproj", "{D337952E-4081-43CB-9C98-BAE6F5D72BAF}"
EndProject
Project("{2150E333-8FDC-42A3-9474-1A3956D46DE8}") = "AspNet", "AspNet", "{03751907-2291-4D49-ADED-614A9E4AEE76}"
EndProject
Project("{2150E333-8FDC-42A3-9474-1A3956D46DE8}") = "AspNetCore", "AspNetCore", "{5759F48E-0D9E-457F-A93D-40FBC422B0CE}"
EndProject
Project("{2150E333-8FDC-42A3-9474-1A3956D46DE8}") = "AspNet", "AspNet", "{69FFD1DB-1F5F-40C5-B55E-441F5FD9F1A1}"
EndProject
Project("{2150E333-8FDC-42A3-9474-1A3956D46DE8}") = "AspNetCore", "AspNetCore", "{D88FB837-A928-417D-B787-2A20C9AAD020}"
EndProject
Project("{2150E333-8FDC-42A3-9474-1A3956D46DE8}") = "AspNet", "AspNet", "{9E4E6C9A-72F4-4656-9AFE-546143507CE3}"
EndProject
Project("{2150E333-8FDC-42A3-9474-1A3956D46DE8}") = "AspNetCore", "AspNetCore", "{554337F5-F56F-4F93-9AE7-78F9EBCECC20}"
EndProject
Project("{9A19103F-16F7-4668-BE54-9A1E7A4F7556}") = "BitbucketCoreReceiver", "samples\BitbucketCoreReceiver\BitbucketCoreReceiver.csproj", "{903CC30B-952F-4786-BD7B-688C65ACB8D9}"
EndProject
Project("{9A19103F-16F7-4668-BE54-9A1E7A4F7556}") = "AzureAlertCoreReceiver", "samples\AzureAlertCoreReceiver\AzureAlertCoreReceiver.csproj", "{66B213C4-0647-4E6A-9A1A-98653F60FC74}"
EndProject
Project("{9A19103F-16F7-4668-BE54-9A1E7A4F7556}") = "KuduCoreReceiver", "samples\KuduCoreReceiver\KuduCoreReceiver.csproj", "{FB7E7FF1-4DAC-45D6-8128-1A528CE9A4D1}"
EndProject
Project("{9A19103F-16F7-4668-BE54-9A1E7A4F7556}") = "DropboxCoreReceiver", "samples\DropboxCoreReceiver\DropboxCoreReceiver.csproj", "{F60AE9EC-E168-4607-B781-B6A464EEAA79}"
EndProject
Project("{9A19103F-16F7-4668-BE54-9A1E7A4F7556}") = "BitbucketStronglyTypedCoreReceiver", "samples\BitbucketStronglyTypedCoreReceiver\BitbucketStronglyTypedCoreReceiver.csproj", "{EA934BCE-6781-40AA-A0F6-0EDC697594BF}"
EndProject
Project("{9A19103F-16F7-4668-BE54-9A1E7A4F7556}") = "DynamicsCRMCoreReceiver", "samples\DynamicsCRMCoreReceiver\DynamicsCRMCoreReceiver.csproj", "{BD13F7E7-B016-478F-AD54-8F875553806B}"
EndProject
Project("{9A19103F-16F7-4668-BE54-9A1E7A4F7556}") = "MailChimpCoreReceiver", "samples\MailChimpCoreReceiver\MailChimpCoreReceiver.csproj", "{4563A906-6FAB-46E7-B281-C88A391EE48A}"
EndProject
Project("{9A19103F-16F7-4668-BE54-9A1E7A4F7556}") = "PusherCoreReceiver", "samples\PusherCoreReceiver\PusherCoreReceiver.csproj", "{C7E3E4AA-39A8-46FB-B36D-837DEE69CE18}"
EndProject
Project("{9A19103F-16F7-4668-BE54-9A1E7A4F7556}") = "SalesforceCoreReceiver", "samples\SalesforceCoreReceiver\SalesforceCoreReceiver.csproj", "{3762D23D-A7BF-499A-BF33-AFAF4647358E}"
EndProject
Project("{9A19103F-16F7-4668-BE54-9A1E7A4F7556}") = "SlackCoreReceiver", "samples\SlackCoreReceiver\SlackCoreReceiver.csproj", "{D3A8D951-D55A-414E-8A5D-F8A8AF1F61FA}"
EndProject
Project("{9A19103F-16F7-4668-BE54-9A1E7A4F7556}") = "StripeCoreReceiver", "samples\StripeCoreReceiver\StripeCoreReceiver.csproj", "{693E5E07-5A05-4569-8373-369D4F918BEF}"
EndProject
Global
	GlobalSection(SolutionConfigurationPlatforms) = preSolution
		CodeAnalysis|Any CPU = CodeAnalysis|Any CPU
		Debug|Any CPU = Debug|Any CPU
		Release|Any CPU = Release|Any CPU
	EndGlobalSection
	GlobalSection(ProjectConfigurationPlatforms) = postSolution
		{8CED31FB-32F2-4FFB-9997-452FB9728577}.CodeAnalysis|Any CPU.ActiveCfg = CodeAnalysis|Any CPU
		{8CED31FB-32F2-4FFB-9997-452FB9728577}.CodeAnalysis|Any CPU.Build.0 = CodeAnalysis|Any CPU
		{8CED31FB-32F2-4FFB-9997-452FB9728577}.Debug|Any CPU.ActiveCfg = Debug|Any CPU
		{8CED31FB-32F2-4FFB-9997-452FB9728577}.Debug|Any CPU.Build.0 = Debug|Any CPU
		{8CED31FB-32F2-4FFB-9997-452FB9728577}.Release|Any CPU.ActiveCfg = Release|Any CPU
		{8CED31FB-32F2-4FFB-9997-452FB9728577}.Release|Any CPU.Build.0 = Release|Any CPU
		{F900CC81-49BF-40FC-8E0B-058B4A23BB34}.CodeAnalysis|Any CPU.ActiveCfg = CodeAnalysis|Any CPU
		{F900CC81-49BF-40FC-8E0B-058B4A23BB34}.CodeAnalysis|Any CPU.Build.0 = CodeAnalysis|Any CPU
		{F900CC81-49BF-40FC-8E0B-058B4A23BB34}.Debug|Any CPU.ActiveCfg = Debug|Any CPU
		{F900CC81-49BF-40FC-8E0B-058B4A23BB34}.Debug|Any CPU.Build.0 = Debug|Any CPU
		{F900CC81-49BF-40FC-8E0B-058B4A23BB34}.Release|Any CPU.ActiveCfg = Release|Any CPU
		{F900CC81-49BF-40FC-8E0B-058B4A23BB34}.Release|Any CPU.Build.0 = Release|Any CPU
		{F7DD0935-6320-4EFC-9464-D5A2D2B8C2F7}.CodeAnalysis|Any CPU.ActiveCfg = CodeAnalysis|Any CPU
		{F7DD0935-6320-4EFC-9464-D5A2D2B8C2F7}.CodeAnalysis|Any CPU.Build.0 = CodeAnalysis|Any CPU
		{F7DD0935-6320-4EFC-9464-D5A2D2B8C2F7}.Debug|Any CPU.ActiveCfg = Debug|Any CPU
		{F7DD0935-6320-4EFC-9464-D5A2D2B8C2F7}.Debug|Any CPU.Build.0 = Debug|Any CPU
		{F7DD0935-6320-4EFC-9464-D5A2D2B8C2F7}.Release|Any CPU.ActiveCfg = Release|Any CPU
		{F7DD0935-6320-4EFC-9464-D5A2D2B8C2F7}.Release|Any CPU.Build.0 = Release|Any CPU
		{06F7A364-A7DE-4019-9E0A-85DA58F505DD}.CodeAnalysis|Any CPU.ActiveCfg = CodeAnalysis|Any CPU
		{06F7A364-A7DE-4019-9E0A-85DA58F505DD}.CodeAnalysis|Any CPU.Build.0 = CodeAnalysis|Any CPU
		{06F7A364-A7DE-4019-9E0A-85DA58F505DD}.Debug|Any CPU.ActiveCfg = Debug|Any CPU
		{06F7A364-A7DE-4019-9E0A-85DA58F505DD}.Debug|Any CPU.Build.0 = Debug|Any CPU
		{06F7A364-A7DE-4019-9E0A-85DA58F505DD}.Release|Any CPU.ActiveCfg = Release|Any CPU
		{06F7A364-A7DE-4019-9E0A-85DA58F505DD}.Release|Any CPU.Build.0 = Release|Any CPU
		{D4D210C6-3283-4D1D-806E-8717D8F51179}.CodeAnalysis|Any CPU.ActiveCfg = CodeAnalysis|Any CPU
		{D4D210C6-3283-4D1D-806E-8717D8F51179}.CodeAnalysis|Any CPU.Build.0 = CodeAnalysis|Any CPU
		{D4D210C6-3283-4D1D-806E-8717D8F51179}.Debug|Any CPU.ActiveCfg = Debug|Any CPU
		{D4D210C6-3283-4D1D-806E-8717D8F51179}.Debug|Any CPU.Build.0 = Debug|Any CPU
		{D4D210C6-3283-4D1D-806E-8717D8F51179}.Release|Any CPU.ActiveCfg = Release|Any CPU
		{D4D210C6-3283-4D1D-806E-8717D8F51179}.Release|Any CPU.Build.0 = Release|Any CPU
		{95D440B3-F8FF-4E3B-B8E8-26F5F637558A}.CodeAnalysis|Any CPU.ActiveCfg = CodeAnalysis|Any CPU
		{95D440B3-F8FF-4E3B-B8E8-26F5F637558A}.CodeAnalysis|Any CPU.Build.0 = CodeAnalysis|Any CPU
		{95D440B3-F8FF-4E3B-B8E8-26F5F637558A}.Debug|Any CPU.ActiveCfg = Debug|Any CPU
		{95D440B3-F8FF-4E3B-B8E8-26F5F637558A}.Debug|Any CPU.Build.0 = Debug|Any CPU
		{95D440B3-F8FF-4E3B-B8E8-26F5F637558A}.Release|Any CPU.ActiveCfg = Release|Any CPU
		{95D440B3-F8FF-4E3B-B8E8-26F5F637558A}.Release|Any CPU.Build.0 = Release|Any CPU
		{608B1D09-E4DE-4DBA-8DBF-7758003988F0}.CodeAnalysis|Any CPU.ActiveCfg = CodeAnalysis|Any CPU
		{608B1D09-E4DE-4DBA-8DBF-7758003988F0}.CodeAnalysis|Any CPU.Build.0 = CodeAnalysis|Any CPU
		{608B1D09-E4DE-4DBA-8DBF-7758003988F0}.Debug|Any CPU.ActiveCfg = Debug|Any CPU
		{608B1D09-E4DE-4DBA-8DBF-7758003988F0}.Debug|Any CPU.Build.0 = Debug|Any CPU
		{608B1D09-E4DE-4DBA-8DBF-7758003988F0}.Release|Any CPU.ActiveCfg = Release|Any CPU
		{608B1D09-E4DE-4DBA-8DBF-7758003988F0}.Release|Any CPU.Build.0 = Release|Any CPU
		{B8B9A402-DCF6-4A8F-9AFB-A7D08EA1C3D9}.CodeAnalysis|Any CPU.ActiveCfg = CodeAnalysis|Any CPU
		{B8B9A402-DCF6-4A8F-9AFB-A7D08EA1C3D9}.CodeAnalysis|Any CPU.Build.0 = CodeAnalysis|Any CPU
		{B8B9A402-DCF6-4A8F-9AFB-A7D08EA1C3D9}.Debug|Any CPU.ActiveCfg = Debug|Any CPU
		{B8B9A402-DCF6-4A8F-9AFB-A7D08EA1C3D9}.Debug|Any CPU.Build.0 = Debug|Any CPU
		{B8B9A402-DCF6-4A8F-9AFB-A7D08EA1C3D9}.Release|Any CPU.ActiveCfg = Release|Any CPU
		{B8B9A402-DCF6-4A8F-9AFB-A7D08EA1C3D9}.Release|Any CPU.Build.0 = Release|Any CPU
		{F4DF2A3F-2BAE-4074-AD0F-FC0F4CB80782}.CodeAnalysis|Any CPU.ActiveCfg = CodeAnalysis|Any CPU
		{F4DF2A3F-2BAE-4074-AD0F-FC0F4CB80782}.CodeAnalysis|Any CPU.Build.0 = CodeAnalysis|Any CPU
		{F4DF2A3F-2BAE-4074-AD0F-FC0F4CB80782}.Debug|Any CPU.ActiveCfg = Debug|Any CPU
		{F4DF2A3F-2BAE-4074-AD0F-FC0F4CB80782}.Debug|Any CPU.Build.0 = Debug|Any CPU
		{F4DF2A3F-2BAE-4074-AD0F-FC0F4CB80782}.Release|Any CPU.ActiveCfg = Release|Any CPU
		{F4DF2A3F-2BAE-4074-AD0F-FC0F4CB80782}.Release|Any CPU.Build.0 = Release|Any CPU
		{2294B62E-9D6E-4371-8EA6-104B79A7E314}.CodeAnalysis|Any CPU.ActiveCfg = CodeAnalysis|Any CPU
		{2294B62E-9D6E-4371-8EA6-104B79A7E314}.CodeAnalysis|Any CPU.Build.0 = CodeAnalysis|Any CPU
		{2294B62E-9D6E-4371-8EA6-104B79A7E314}.Debug|Any CPU.ActiveCfg = Debug|Any CPU
		{2294B62E-9D6E-4371-8EA6-104B79A7E314}.Debug|Any CPU.Build.0 = Debug|Any CPU
		{2294B62E-9D6E-4371-8EA6-104B79A7E314}.Release|Any CPU.ActiveCfg = Release|Any CPU
		{2294B62E-9D6E-4371-8EA6-104B79A7E314}.Release|Any CPU.Build.0 = Release|Any CPU
		{ACEBDB96-642F-4B5D-8963-4F67BD927D76}.CodeAnalysis|Any CPU.ActiveCfg = CodeAnalysis|Any CPU
		{ACEBDB96-642F-4B5D-8963-4F67BD927D76}.CodeAnalysis|Any CPU.Build.0 = CodeAnalysis|Any CPU
		{ACEBDB96-642F-4B5D-8963-4F67BD927D76}.Debug|Any CPU.ActiveCfg = Debug|Any CPU
		{ACEBDB96-642F-4B5D-8963-4F67BD927D76}.Debug|Any CPU.Build.0 = Debug|Any CPU
		{ACEBDB96-642F-4B5D-8963-4F67BD927D76}.Release|Any CPU.ActiveCfg = Release|Any CPU
		{ACEBDB96-642F-4B5D-8963-4F67BD927D76}.Release|Any CPU.Build.0 = Release|Any CPU
		{CB965ED1-1E07-4374-A829-C636DB09F567}.CodeAnalysis|Any CPU.ActiveCfg = CodeAnalysis|Any CPU
		{CB965ED1-1E07-4374-A829-C636DB09F567}.CodeAnalysis|Any CPU.Build.0 = CodeAnalysis|Any CPU
		{CB965ED1-1E07-4374-A829-C636DB09F567}.Debug|Any CPU.ActiveCfg = Debug|Any CPU
		{CB965ED1-1E07-4374-A829-C636DB09F567}.Debug|Any CPU.Build.0 = Debug|Any CPU
		{CB965ED1-1E07-4374-A829-C636DB09F567}.Release|Any CPU.ActiveCfg = Release|Any CPU
		{CB965ED1-1E07-4374-A829-C636DB09F567}.Release|Any CPU.Build.0 = Release|Any CPU
		{F0EE25B8-D851-40DA-AB2A-E0BACE9C1E5D}.CodeAnalysis|Any CPU.ActiveCfg = CodeAnalysis|Any CPU
		{F0EE25B8-D851-40DA-AB2A-E0BACE9C1E5D}.CodeAnalysis|Any CPU.Build.0 = CodeAnalysis|Any CPU
		{F0EE25B8-D851-40DA-AB2A-E0BACE9C1E5D}.Debug|Any CPU.ActiveCfg = Debug|Any CPU
		{F0EE25B8-D851-40DA-AB2A-E0BACE9C1E5D}.Debug|Any CPU.Build.0 = Debug|Any CPU
		{F0EE25B8-D851-40DA-AB2A-E0BACE9C1E5D}.Release|Any CPU.ActiveCfg = Release|Any CPU
		{F0EE25B8-D851-40DA-AB2A-E0BACE9C1E5D}.Release|Any CPU.Build.0 = Release|Any CPU
		{C20671F3-181F-45D7-A62C-5DE1DE610FE9}.CodeAnalysis|Any CPU.ActiveCfg = CodeAnalysis|Any CPU
		{C20671F3-181F-45D7-A62C-5DE1DE610FE9}.CodeAnalysis|Any CPU.Build.0 = CodeAnalysis|Any CPU
		{C20671F3-181F-45D7-A62C-5DE1DE610FE9}.Debug|Any CPU.ActiveCfg = Debug|Any CPU
		{C20671F3-181F-45D7-A62C-5DE1DE610FE9}.Debug|Any CPU.Build.0 = Debug|Any CPU
		{C20671F3-181F-45D7-A62C-5DE1DE610FE9}.Release|Any CPU.ActiveCfg = Release|Any CPU
		{C20671F3-181F-45D7-A62C-5DE1DE610FE9}.Release|Any CPU.Build.0 = Release|Any CPU
		{3F5AFF8F-081D-4E13-8317-ADA35ADE3AD7}.CodeAnalysis|Any CPU.ActiveCfg = CodeAnalysis|Any CPU
		{3F5AFF8F-081D-4E13-8317-ADA35ADE3AD7}.CodeAnalysis|Any CPU.Build.0 = CodeAnalysis|Any CPU
		{3F5AFF8F-081D-4E13-8317-ADA35ADE3AD7}.Debug|Any CPU.ActiveCfg = Debug|Any CPU
		{3F5AFF8F-081D-4E13-8317-ADA35ADE3AD7}.Debug|Any CPU.Build.0 = Debug|Any CPU
		{3F5AFF8F-081D-4E13-8317-ADA35ADE3AD7}.Release|Any CPU.ActiveCfg = Release|Any CPU
		{3F5AFF8F-081D-4E13-8317-ADA35ADE3AD7}.Release|Any CPU.Build.0 = Release|Any CPU
		{052D913C-3756-4038-87E6-FCC2482597F5}.CodeAnalysis|Any CPU.ActiveCfg = CodeAnalysis|Any CPU
		{052D913C-3756-4038-87E6-FCC2482597F5}.CodeAnalysis|Any CPU.Build.0 = CodeAnalysis|Any CPU
		{052D913C-3756-4038-87E6-FCC2482597F5}.Debug|Any CPU.ActiveCfg = Debug|Any CPU
		{052D913C-3756-4038-87E6-FCC2482597F5}.Debug|Any CPU.Build.0 = Debug|Any CPU
		{052D913C-3756-4038-87E6-FCC2482597F5}.Release|Any CPU.ActiveCfg = Release|Any CPU
		{052D913C-3756-4038-87E6-FCC2482597F5}.Release|Any CPU.Build.0 = Release|Any CPU
		{3B98CEC0-FFFE-4E67-BAD1-1C93D50C594D}.CodeAnalysis|Any CPU.ActiveCfg = CodeAnalysis|Any CPU
		{3B98CEC0-FFFE-4E67-BAD1-1C93D50C594D}.CodeAnalysis|Any CPU.Build.0 = CodeAnalysis|Any CPU
		{3B98CEC0-FFFE-4E67-BAD1-1C93D50C594D}.Debug|Any CPU.ActiveCfg = Debug|Any CPU
		{3B98CEC0-FFFE-4E67-BAD1-1C93D50C594D}.Debug|Any CPU.Build.0 = Debug|Any CPU
		{3B98CEC0-FFFE-4E67-BAD1-1C93D50C594D}.Release|Any CPU.ActiveCfg = Release|Any CPU
		{3B98CEC0-FFFE-4E67-BAD1-1C93D50C594D}.Release|Any CPU.Build.0 = Release|Any CPU
		{F41C5C45-F76A-41AE-8B16-584CCAA3648D}.CodeAnalysis|Any CPU.ActiveCfg = CodeAnalysis|Any CPU
		{F41C5C45-F76A-41AE-8B16-584CCAA3648D}.CodeAnalysis|Any CPU.Build.0 = CodeAnalysis|Any CPU
		{F41C5C45-F76A-41AE-8B16-584CCAA3648D}.Debug|Any CPU.ActiveCfg = Debug|Any CPU
		{F41C5C45-F76A-41AE-8B16-584CCAA3648D}.Debug|Any CPU.Build.0 = Debug|Any CPU
		{F41C5C45-F76A-41AE-8B16-584CCAA3648D}.Release|Any CPU.ActiveCfg = Release|Any CPU
		{F41C5C45-F76A-41AE-8B16-584CCAA3648D}.Release|Any CPU.Build.0 = Release|Any CPU
		{15C7B557-FD40-4C43-9647-05FA7004F138}.CodeAnalysis|Any CPU.ActiveCfg = CodeAnalysis|Any CPU
		{15C7B557-FD40-4C43-9647-05FA7004F138}.CodeAnalysis|Any CPU.Build.0 = CodeAnalysis|Any CPU
		{15C7B557-FD40-4C43-9647-05FA7004F138}.Debug|Any CPU.ActiveCfg = Debug|Any CPU
		{15C7B557-FD40-4C43-9647-05FA7004F138}.Debug|Any CPU.Build.0 = Debug|Any CPU
		{15C7B557-FD40-4C43-9647-05FA7004F138}.Release|Any CPU.ActiveCfg = Release|Any CPU
		{15C7B557-FD40-4C43-9647-05FA7004F138}.Release|Any CPU.Build.0 = Release|Any CPU
		{46339776-D041-4832-9428-AF296731F7B5}.CodeAnalysis|Any CPU.ActiveCfg = CodeAnalysis|Any CPU
		{46339776-D041-4832-9428-AF296731F7B5}.CodeAnalysis|Any CPU.Build.0 = CodeAnalysis|Any CPU
		{46339776-D041-4832-9428-AF296731F7B5}.Debug|Any CPU.ActiveCfg = Debug|Any CPU
		{46339776-D041-4832-9428-AF296731F7B5}.Debug|Any CPU.Build.0 = Debug|Any CPU
		{46339776-D041-4832-9428-AF296731F7B5}.Release|Any CPU.ActiveCfg = Release|Any CPU
		{46339776-D041-4832-9428-AF296731F7B5}.Release|Any CPU.Build.0 = Release|Any CPU
		{5DC29505-0F81-418D-8566-0902FF0921EF}.CodeAnalysis|Any CPU.ActiveCfg = CodeAnalysis|Any CPU
		{5DC29505-0F81-418D-8566-0902FF0921EF}.CodeAnalysis|Any CPU.Build.0 = CodeAnalysis|Any CPU
		{5DC29505-0F81-418D-8566-0902FF0921EF}.Debug|Any CPU.ActiveCfg = Debug|Any CPU
		{5DC29505-0F81-418D-8566-0902FF0921EF}.Debug|Any CPU.Build.0 = Debug|Any CPU
		{5DC29505-0F81-418D-8566-0902FF0921EF}.Release|Any CPU.ActiveCfg = Release|Any CPU
		{5DC29505-0F81-418D-8566-0902FF0921EF}.Release|Any CPU.Build.0 = Release|Any CPU
		{1855931E-BA65-4010-A2AF-35495BA47979}.CodeAnalysis|Any CPU.ActiveCfg = CodeAnalysis|Any CPU
		{1855931E-BA65-4010-A2AF-35495BA47979}.CodeAnalysis|Any CPU.Build.0 = CodeAnalysis|Any CPU
		{1855931E-BA65-4010-A2AF-35495BA47979}.Debug|Any CPU.ActiveCfg = Debug|Any CPU
		{1855931E-BA65-4010-A2AF-35495BA47979}.Debug|Any CPU.Build.0 = Debug|Any CPU
		{1855931E-BA65-4010-A2AF-35495BA47979}.Release|Any CPU.ActiveCfg = Release|Any CPU
		{1855931E-BA65-4010-A2AF-35495BA47979}.Release|Any CPU.Build.0 = Release|Any CPU
		{A22D94AE-CF44-493C-8E26-B859D7038F52}.CodeAnalysis|Any CPU.ActiveCfg = CodeAnalysis|Any CPU
		{A22D94AE-CF44-493C-8E26-B859D7038F52}.CodeAnalysis|Any CPU.Build.0 = CodeAnalysis|Any CPU
		{A22D94AE-CF44-493C-8E26-B859D7038F52}.Debug|Any CPU.ActiveCfg = Debug|Any CPU
		{A22D94AE-CF44-493C-8E26-B859D7038F52}.Debug|Any CPU.Build.0 = Debug|Any CPU
		{A22D94AE-CF44-493C-8E26-B859D7038F52}.Release|Any CPU.ActiveCfg = Release|Any CPU
		{A22D94AE-CF44-493C-8E26-B859D7038F52}.Release|Any CPU.Build.0 = Release|Any CPU
		{79A9D80D-F2AA-4673-9443-07CFDDB39325}.CodeAnalysis|Any CPU.ActiveCfg = CodeAnalysis|Any CPU
		{79A9D80D-F2AA-4673-9443-07CFDDB39325}.CodeAnalysis|Any CPU.Build.0 = CodeAnalysis|Any CPU
		{79A9D80D-F2AA-4673-9443-07CFDDB39325}.Debug|Any CPU.ActiveCfg = Debug|Any CPU
		{79A9D80D-F2AA-4673-9443-07CFDDB39325}.Debug|Any CPU.Build.0 = Debug|Any CPU
		{79A9D80D-F2AA-4673-9443-07CFDDB39325}.Release|Any CPU.ActiveCfg = Release|Any CPU
		{79A9D80D-F2AA-4673-9443-07CFDDB39325}.Release|Any CPU.Build.0 = Release|Any CPU
		{DE1D11D9-9A61-4CE5-95D6-005515BB2672}.CodeAnalysis|Any CPU.ActiveCfg = CodeAnalysis|Any CPU
		{DE1D11D9-9A61-4CE5-95D6-005515BB2672}.CodeAnalysis|Any CPU.Build.0 = CodeAnalysis|Any CPU
		{DE1D11D9-9A61-4CE5-95D6-005515BB2672}.Debug|Any CPU.ActiveCfg = Debug|Any CPU
		{DE1D11D9-9A61-4CE5-95D6-005515BB2672}.Debug|Any CPU.Build.0 = Debug|Any CPU
		{DE1D11D9-9A61-4CE5-95D6-005515BB2672}.Release|Any CPU.ActiveCfg = Release|Any CPU
		{DE1D11D9-9A61-4CE5-95D6-005515BB2672}.Release|Any CPU.Build.0 = Release|Any CPU
		{9F6E18E4-F2C8-43D1-8D3C-F87CC12159F0}.CodeAnalysis|Any CPU.ActiveCfg = CodeAnalysis|Any CPU
		{9F6E18E4-F2C8-43D1-8D3C-F87CC12159F0}.CodeAnalysis|Any CPU.Build.0 = CodeAnalysis|Any CPU
		{9F6E18E4-F2C8-43D1-8D3C-F87CC12159F0}.Debug|Any CPU.ActiveCfg = Debug|Any CPU
		{9F6E18E4-F2C8-43D1-8D3C-F87CC12159F0}.Debug|Any CPU.Build.0 = Debug|Any CPU
		{9F6E18E4-F2C8-43D1-8D3C-F87CC12159F0}.Release|Any CPU.ActiveCfg = Release|Any CPU
		{9F6E18E4-F2C8-43D1-8D3C-F87CC12159F0}.Release|Any CPU.Build.0 = Release|Any CPU
		{C4723421-ACA9-44C1-92D5-AFB5DD4049C9}.CodeAnalysis|Any CPU.ActiveCfg = CodeAnalysis|Any CPU
		{C4723421-ACA9-44C1-92D5-AFB5DD4049C9}.CodeAnalysis|Any CPU.Build.0 = CodeAnalysis|Any CPU
		{C4723421-ACA9-44C1-92D5-AFB5DD4049C9}.Debug|Any CPU.ActiveCfg = Debug|Any CPU
		{C4723421-ACA9-44C1-92D5-AFB5DD4049C9}.Debug|Any CPU.Build.0 = Debug|Any CPU
		{C4723421-ACA9-44C1-92D5-AFB5DD4049C9}.Release|Any CPU.ActiveCfg = Release|Any CPU
		{C4723421-ACA9-44C1-92D5-AFB5DD4049C9}.Release|Any CPU.Build.0 = Release|Any CPU
		{336945AE-DE45-419E-BD1C-E218DFDEB10B}.CodeAnalysis|Any CPU.ActiveCfg = CodeAnalysis|Any CPU
		{336945AE-DE45-419E-BD1C-E218DFDEB10B}.CodeAnalysis|Any CPU.Build.0 = CodeAnalysis|Any CPU
		{336945AE-DE45-419E-BD1C-E218DFDEB10B}.Debug|Any CPU.ActiveCfg = Debug|Any CPU
		{336945AE-DE45-419E-BD1C-E218DFDEB10B}.Debug|Any CPU.Build.0 = Debug|Any CPU
		{336945AE-DE45-419E-BD1C-E218DFDEB10B}.Release|Any CPU.ActiveCfg = Release|Any CPU
		{336945AE-DE45-419E-BD1C-E218DFDEB10B}.Release|Any CPU.Build.0 = Release|Any CPU
		{057B23CC-AB5B-499D-A926-4C193F6925FF}.CodeAnalysis|Any CPU.ActiveCfg = CodeAnalysis|Any CPU
		{057B23CC-AB5B-499D-A926-4C193F6925FF}.CodeAnalysis|Any CPU.Build.0 = CodeAnalysis|Any CPU
		{057B23CC-AB5B-499D-A926-4C193F6925FF}.Debug|Any CPU.ActiveCfg = Debug|Any CPU
		{057B23CC-AB5B-499D-A926-4C193F6925FF}.Debug|Any CPU.Build.0 = Debug|Any CPU
		{057B23CC-AB5B-499D-A926-4C193F6925FF}.Release|Any CPU.ActiveCfg = Release|Any CPU
		{057B23CC-AB5B-499D-A926-4C193F6925FF}.Release|Any CPU.Build.0 = Release|Any CPU
		{9040BF9C-9A2C-4D67-9FBC-0A4F39A7AFD1}.CodeAnalysis|Any CPU.ActiveCfg = CodeAnalysis|Any CPU
		{9040BF9C-9A2C-4D67-9FBC-0A4F39A7AFD1}.CodeAnalysis|Any CPU.Build.0 = CodeAnalysis|Any CPU
		{9040BF9C-9A2C-4D67-9FBC-0A4F39A7AFD1}.Debug|Any CPU.ActiveCfg = Debug|Any CPU
		{9040BF9C-9A2C-4D67-9FBC-0A4F39A7AFD1}.Debug|Any CPU.Build.0 = Debug|Any CPU
		{9040BF9C-9A2C-4D67-9FBC-0A4F39A7AFD1}.Release|Any CPU.ActiveCfg = Release|Any CPU
		{9040BF9C-9A2C-4D67-9FBC-0A4F39A7AFD1}.Release|Any CPU.Build.0 = Release|Any CPU
		{553B1951-A18E-4CFE-98A3-ED66652AD3FC}.CodeAnalysis|Any CPU.ActiveCfg = CodeAnalysis|Any CPU
		{553B1951-A18E-4CFE-98A3-ED66652AD3FC}.CodeAnalysis|Any CPU.Build.0 = CodeAnalysis|Any CPU
		{553B1951-A18E-4CFE-98A3-ED66652AD3FC}.Debug|Any CPU.ActiveCfg = Debug|Any CPU
		{553B1951-A18E-4CFE-98A3-ED66652AD3FC}.Debug|Any CPU.Build.0 = Debug|Any CPU
		{553B1951-A18E-4CFE-98A3-ED66652AD3FC}.Release|Any CPU.ActiveCfg = Release|Any CPU
		{553B1951-A18E-4CFE-98A3-ED66652AD3FC}.Release|Any CPU.Build.0 = Release|Any CPU
		{B15C721D-785C-4E5A-B33F-C55F5F159A00}.CodeAnalysis|Any CPU.ActiveCfg = CodeAnalysis|Any CPU
		{B15C721D-785C-4E5A-B33F-C55F5F159A00}.CodeAnalysis|Any CPU.Build.0 = CodeAnalysis|Any CPU
		{B15C721D-785C-4E5A-B33F-C55F5F159A00}.Debug|Any CPU.ActiveCfg = Debug|Any CPU
		{B15C721D-785C-4E5A-B33F-C55F5F159A00}.Debug|Any CPU.Build.0 = Debug|Any CPU
		{B15C721D-785C-4E5A-B33F-C55F5F159A00}.Release|Any CPU.ActiveCfg = Release|Any CPU
		{B15C721D-785C-4E5A-B33F-C55F5F159A00}.Release|Any CPU.Build.0 = Release|Any CPU
		{45E5D92B-E075-492B-847F-E3E5D5796E95}.CodeAnalysis|Any CPU.ActiveCfg = CodeAnalysis|Any CPU
		{45E5D92B-E075-492B-847F-E3E5D5796E95}.CodeAnalysis|Any CPU.Build.0 = CodeAnalysis|Any CPU
		{45E5D92B-E075-492B-847F-E3E5D5796E95}.Debug|Any CPU.ActiveCfg = Debug|Any CPU
		{45E5D92B-E075-492B-847F-E3E5D5796E95}.Debug|Any CPU.Build.0 = Debug|Any CPU
		{45E5D92B-E075-492B-847F-E3E5D5796E95}.Release|Any CPU.ActiveCfg = Release|Any CPU
		{45E5D92B-E075-492B-847F-E3E5D5796E95}.Release|Any CPU.Build.0 = Release|Any CPU
		{2331E6C8-2235-4FF6-8429-4B2B9CC21273}.CodeAnalysis|Any CPU.ActiveCfg = CodeAnalysis|Any CPU
		{2331E6C8-2235-4FF6-8429-4B2B9CC21273}.CodeAnalysis|Any CPU.Build.0 = CodeAnalysis|Any CPU
		{2331E6C8-2235-4FF6-8429-4B2B9CC21273}.Debug|Any CPU.ActiveCfg = Debug|Any CPU
		{2331E6C8-2235-4FF6-8429-4B2B9CC21273}.Debug|Any CPU.Build.0 = Debug|Any CPU
		{2331E6C8-2235-4FF6-8429-4B2B9CC21273}.Release|Any CPU.ActiveCfg = Release|Any CPU
		{2331E6C8-2235-4FF6-8429-4B2B9CC21273}.Release|Any CPU.Build.0 = Release|Any CPU
		{D4749AE7-C126-4B2C-A04C-C3A3D1FA5290}.CodeAnalysis|Any CPU.ActiveCfg = CodeAnalysis|Any CPU
		{D4749AE7-C126-4B2C-A04C-C3A3D1FA5290}.CodeAnalysis|Any CPU.Build.0 = CodeAnalysis|Any CPU
		{D4749AE7-C126-4B2C-A04C-C3A3D1FA5290}.Debug|Any CPU.ActiveCfg = Debug|Any CPU
		{D4749AE7-C126-4B2C-A04C-C3A3D1FA5290}.Debug|Any CPU.Build.0 = Debug|Any CPU
		{D4749AE7-C126-4B2C-A04C-C3A3D1FA5290}.Release|Any CPU.ActiveCfg = Release|Any CPU
		{D4749AE7-C126-4B2C-A04C-C3A3D1FA5290}.Release|Any CPU.Build.0 = Release|Any CPU
		{3E842532-D709-48B6-AC39-1367E9F0DAB9}.CodeAnalysis|Any CPU.ActiveCfg = CodeAnalysis|Any CPU
		{3E842532-D709-48B6-AC39-1367E9F0DAB9}.CodeAnalysis|Any CPU.Build.0 = CodeAnalysis|Any CPU
		{3E842532-D709-48B6-AC39-1367E9F0DAB9}.Debug|Any CPU.ActiveCfg = Debug|Any CPU
		{3E842532-D709-48B6-AC39-1367E9F0DAB9}.Debug|Any CPU.Build.0 = Debug|Any CPU
		{3E842532-D709-48B6-AC39-1367E9F0DAB9}.Release|Any CPU.ActiveCfg = Release|Any CPU
		{3E842532-D709-48B6-AC39-1367E9F0DAB9}.Release|Any CPU.Build.0 = Release|Any CPU
		{3F1EB00E-8C9E-441D-8D42-3DDB3B0751A7}.CodeAnalysis|Any CPU.ActiveCfg = CodeAnalysis|Any CPU
		{3F1EB00E-8C9E-441D-8D42-3DDB3B0751A7}.CodeAnalysis|Any CPU.Build.0 = CodeAnalysis|Any CPU
		{3F1EB00E-8C9E-441D-8D42-3DDB3B0751A7}.Debug|Any CPU.ActiveCfg = Debug|Any CPU
		{3F1EB00E-8C9E-441D-8D42-3DDB3B0751A7}.Debug|Any CPU.Build.0 = Debug|Any CPU
		{3F1EB00E-8C9E-441D-8D42-3DDB3B0751A7}.Release|Any CPU.ActiveCfg = Release|Any CPU
		{3F1EB00E-8C9E-441D-8D42-3DDB3B0751A7}.Release|Any CPU.Build.0 = Release|Any CPU
		{08FECDD6-7158-436A-A95C-96BDC8ABF1A4}.CodeAnalysis|Any CPU.ActiveCfg = CodeAnalysis|Any CPU
		{08FECDD6-7158-436A-A95C-96BDC8ABF1A4}.CodeAnalysis|Any CPU.Build.0 = CodeAnalysis|Any CPU
		{08FECDD6-7158-436A-A95C-96BDC8ABF1A4}.Debug|Any CPU.ActiveCfg = Debug|Any CPU
		{08FECDD6-7158-436A-A95C-96BDC8ABF1A4}.Debug|Any CPU.Build.0 = Debug|Any CPU
		{08FECDD6-7158-436A-A95C-96BDC8ABF1A4}.Release|Any CPU.ActiveCfg = Release|Any CPU
		{08FECDD6-7158-436A-A95C-96BDC8ABF1A4}.Release|Any CPU.Build.0 = Release|Any CPU
		{71FF4046-71FE-458C-9A5C-48BC5F169326}.CodeAnalysis|Any CPU.ActiveCfg = CodeAnalysis|Any CPU
		{71FF4046-71FE-458C-9A5C-48BC5F169326}.CodeAnalysis|Any CPU.Build.0 = CodeAnalysis|Any CPU
		{71FF4046-71FE-458C-9A5C-48BC5F169326}.Debug|Any CPU.ActiveCfg = Debug|Any CPU
		{71FF4046-71FE-458C-9A5C-48BC5F169326}.Debug|Any CPU.Build.0 = Debug|Any CPU
		{71FF4046-71FE-458C-9A5C-48BC5F169326}.Release|Any CPU.ActiveCfg = Release|Any CPU
		{71FF4046-71FE-458C-9A5C-48BC5F169326}.Release|Any CPU.Build.0 = Release|Any CPU
		{B81F55BB-D4BE-42DA-9A9E-27CFCFE1007C}.CodeAnalysis|Any CPU.ActiveCfg = Release|Any CPU
		{B81F55BB-D4BE-42DA-9A9E-27CFCFE1007C}.CodeAnalysis|Any CPU.Build.0 = Release|Any CPU
		{B81F55BB-D4BE-42DA-9A9E-27CFCFE1007C}.Debug|Any CPU.ActiveCfg = Debug|Any CPU
		{B81F55BB-D4BE-42DA-9A9E-27CFCFE1007C}.Debug|Any CPU.Build.0 = Debug|Any CPU
		{B81F55BB-D4BE-42DA-9A9E-27CFCFE1007C}.Release|Any CPU.ActiveCfg = Release|Any CPU
		{B81F55BB-D4BE-42DA-9A9E-27CFCFE1007C}.Release|Any CPU.Build.0 = Release|Any CPU
		{BE83FC0A-C296-43B1-9E78-F7F003B7342D}.CodeAnalysis|Any CPU.ActiveCfg = CodeAnalysis|Any CPU
		{BE83FC0A-C296-43B1-9E78-F7F003B7342D}.CodeAnalysis|Any CPU.Build.0 = CodeAnalysis|Any CPU
		{BE83FC0A-C296-43B1-9E78-F7F003B7342D}.Debug|Any CPU.ActiveCfg = Debug|Any CPU
		{BE83FC0A-C296-43B1-9E78-F7F003B7342D}.Debug|Any CPU.Build.0 = Debug|Any CPU
		{BE83FC0A-C296-43B1-9E78-F7F003B7342D}.Release|Any CPU.ActiveCfg = Release|Any CPU
		{BE83FC0A-C296-43B1-9E78-F7F003B7342D}.Release|Any CPU.Build.0 = Release|Any CPU
		{D6287838-8329-4349-90F1-D9CBF49EDCEA}.CodeAnalysis|Any CPU.ActiveCfg = CodeAnalysis|Any CPU
		{D6287838-8329-4349-90F1-D9CBF49EDCEA}.CodeAnalysis|Any CPU.Build.0 = CodeAnalysis|Any CPU
		{D6287838-8329-4349-90F1-D9CBF49EDCEA}.Debug|Any CPU.ActiveCfg = Debug|Any CPU
		{D6287838-8329-4349-90F1-D9CBF49EDCEA}.Debug|Any CPU.Build.0 = Debug|Any CPU
		{D6287838-8329-4349-90F1-D9CBF49EDCEA}.Release|Any CPU.ActiveCfg = Release|Any CPU
		{D6287838-8329-4349-90F1-D9CBF49EDCEA}.Release|Any CPU.Build.0 = Release|Any CPU
		{5DFA6EF9-2417-47AF-B8BB-424E420D9464}.CodeAnalysis|Any CPU.ActiveCfg = Release|Any CPU
		{5DFA6EF9-2417-47AF-B8BB-424E420D9464}.CodeAnalysis|Any CPU.Build.0 = Release|Any CPU
		{5DFA6EF9-2417-47AF-B8BB-424E420D9464}.Debug|Any CPU.ActiveCfg = Debug|Any CPU
		{5DFA6EF9-2417-47AF-B8BB-424E420D9464}.Debug|Any CPU.Build.0 = Debug|Any CPU
		{5DFA6EF9-2417-47AF-B8BB-424E420D9464}.Release|Any CPU.ActiveCfg = Release|Any CPU
		{5DFA6EF9-2417-47AF-B8BB-424E420D9464}.Release|Any CPU.Build.0 = Release|Any CPU
		{EAC99E25-F698-41B2-8671-740D642781AB}.CodeAnalysis|Any CPU.ActiveCfg = CodeAnalysis|Any CPU
		{EAC99E25-F698-41B2-8671-740D642781AB}.CodeAnalysis|Any CPU.Build.0 = CodeAnalysis|Any CPU
		{EAC99E25-F698-41B2-8671-740D642781AB}.Debug|Any CPU.ActiveCfg = Debug|Any CPU
		{EAC99E25-F698-41B2-8671-740D642781AB}.Debug|Any CPU.Build.0 = Debug|Any CPU
		{EAC99E25-F698-41B2-8671-740D642781AB}.Release|Any CPU.ActiveCfg = Release|Any CPU
		{EAC99E25-F698-41B2-8671-740D642781AB}.Release|Any CPU.Build.0 = Release|Any CPU
		{CCE7ADB5-7335-4F7D-A34D-0B7CA1D3141F}.CodeAnalysis|Any CPU.ActiveCfg = CodeAnalysis|Any CPU
		{CCE7ADB5-7335-4F7D-A34D-0B7CA1D3141F}.CodeAnalysis|Any CPU.Build.0 = CodeAnalysis|Any CPU
		{CCE7ADB5-7335-4F7D-A34D-0B7CA1D3141F}.Debug|Any CPU.ActiveCfg = Debug|Any CPU
		{CCE7ADB5-7335-4F7D-A34D-0B7CA1D3141F}.Debug|Any CPU.Build.0 = Debug|Any CPU
		{CCE7ADB5-7335-4F7D-A34D-0B7CA1D3141F}.Release|Any CPU.ActiveCfg = Release|Any CPU
		{CCE7ADB5-7335-4F7D-A34D-0B7CA1D3141F}.Release|Any CPU.Build.0 = Release|Any CPU
		{EBF58015-2787-4741-AD9C-A7FDFE2C10F9}.CodeAnalysis|Any CPU.ActiveCfg = Release|Any CPU
		{EBF58015-2787-4741-AD9C-A7FDFE2C10F9}.CodeAnalysis|Any CPU.Build.0 = Release|Any CPU
		{EBF58015-2787-4741-AD9C-A7FDFE2C10F9}.Debug|Any CPU.ActiveCfg = Debug|Any CPU
		{EBF58015-2787-4741-AD9C-A7FDFE2C10F9}.Debug|Any CPU.Build.0 = Debug|Any CPU
		{EBF58015-2787-4741-AD9C-A7FDFE2C10F9}.Release|Any CPU.ActiveCfg = Release|Any CPU
		{EBF58015-2787-4741-AD9C-A7FDFE2C10F9}.Release|Any CPU.Build.0 = Release|Any CPU
		{2D26EAB4-0FDB-45E7-8B2E-C42CB19669B3}.CodeAnalysis|Any CPU.ActiveCfg = CodeAnalysis|Any CPU
		{2D26EAB4-0FDB-45E7-8B2E-C42CB19669B3}.CodeAnalysis|Any CPU.Build.0 = CodeAnalysis|Any CPU
		{2D26EAB4-0FDB-45E7-8B2E-C42CB19669B3}.Debug|Any CPU.ActiveCfg = Debug|Any CPU
		{2D26EAB4-0FDB-45E7-8B2E-C42CB19669B3}.Debug|Any CPU.Build.0 = Debug|Any CPU
		{2D26EAB4-0FDB-45E7-8B2E-C42CB19669B3}.Release|Any CPU.ActiveCfg = Release|Any CPU
		{2D26EAB4-0FDB-45E7-8B2E-C42CB19669B3}.Release|Any CPU.Build.0 = Release|Any CPU
		{E15E396E-A33F-4286-910B-254ED6F52365}.CodeAnalysis|Any CPU.ActiveCfg = Release|Any CPU
		{E15E396E-A33F-4286-910B-254ED6F52365}.CodeAnalysis|Any CPU.Build.0 = Release|Any CPU
		{E15E396E-A33F-4286-910B-254ED6F52365}.Debug|Any CPU.ActiveCfg = Debug|Any CPU
		{E15E396E-A33F-4286-910B-254ED6F52365}.Debug|Any CPU.Build.0 = Debug|Any CPU
		{E15E396E-A33F-4286-910B-254ED6F52365}.Release|Any CPU.ActiveCfg = Release|Any CPU
		{E15E396E-A33F-4286-910B-254ED6F52365}.Release|Any CPU.Build.0 = Release|Any CPU
		{062CDC55-0F74-4649-9563-98983AAE323C}.CodeAnalysis|Any CPU.ActiveCfg = CodeAnalysis|Any CPU
		{062CDC55-0F74-4649-9563-98983AAE323C}.CodeAnalysis|Any CPU.Build.0 = CodeAnalysis|Any CPU
		{062CDC55-0F74-4649-9563-98983AAE323C}.Debug|Any CPU.ActiveCfg = Debug|Any CPU
		{062CDC55-0F74-4649-9563-98983AAE323C}.Debug|Any CPU.Build.0 = Debug|Any CPU
		{062CDC55-0F74-4649-9563-98983AAE323C}.Release|Any CPU.ActiveCfg = Release|Any CPU
		{062CDC55-0F74-4649-9563-98983AAE323C}.Release|Any CPU.Build.0 = Release|Any CPU
		{750EBD27-2091-46DF-B5F7-063053ED4C49}.CodeAnalysis|Any CPU.ActiveCfg = Release|Any CPU
		{750EBD27-2091-46DF-B5F7-063053ED4C49}.CodeAnalysis|Any CPU.Build.0 = Release|Any CPU
		{750EBD27-2091-46DF-B5F7-063053ED4C49}.Debug|Any CPU.ActiveCfg = Debug|Any CPU
		{750EBD27-2091-46DF-B5F7-063053ED4C49}.Debug|Any CPU.Build.0 = Debug|Any CPU
		{750EBD27-2091-46DF-B5F7-063053ED4C49}.Release|Any CPU.ActiveCfg = Release|Any CPU
		{750EBD27-2091-46DF-B5F7-063053ED4C49}.Release|Any CPU.Build.0 = Release|Any CPU
		{D19D59DD-7F60-4D75-B1B7-BB380044925B}.CodeAnalysis|Any CPU.ActiveCfg = Release|Any CPU
		{D19D59DD-7F60-4D75-B1B7-BB380044925B}.CodeAnalysis|Any CPU.Build.0 = Release|Any CPU
		{D19D59DD-7F60-4D75-B1B7-BB380044925B}.Debug|Any CPU.ActiveCfg = Debug|Any CPU
		{D19D59DD-7F60-4D75-B1B7-BB380044925B}.Debug|Any CPU.Build.0 = Debug|Any CPU
		{D19D59DD-7F60-4D75-B1B7-BB380044925B}.Release|Any CPU.ActiveCfg = Release|Any CPU
		{D19D59DD-7F60-4D75-B1B7-BB380044925B}.Release|Any CPU.Build.0 = Release|Any CPU
		{7A7E5F2A-D53D-4F8B-AF37-8CD921E9B694}.CodeAnalysis|Any CPU.ActiveCfg = Release|Any CPU
		{7A7E5F2A-D53D-4F8B-AF37-8CD921E9B694}.CodeAnalysis|Any CPU.Build.0 = Release|Any CPU
		{7A7E5F2A-D53D-4F8B-AF37-8CD921E9B694}.Debug|Any CPU.ActiveCfg = Debug|Any CPU
		{7A7E5F2A-D53D-4F8B-AF37-8CD921E9B694}.Debug|Any CPU.Build.0 = Debug|Any CPU
		{7A7E5F2A-D53D-4F8B-AF37-8CD921E9B694}.Release|Any CPU.ActiveCfg = Release|Any CPU
		{7A7E5F2A-D53D-4F8B-AF37-8CD921E9B694}.Release|Any CPU.Build.0 = Release|Any CPU
		{B6729BF9-AB07-489D-BA2A-72DBB2FE90D9}.CodeAnalysis|Any CPU.ActiveCfg = Release|Any CPU
		{B6729BF9-AB07-489D-BA2A-72DBB2FE90D9}.CodeAnalysis|Any CPU.Build.0 = Release|Any CPU
		{B6729BF9-AB07-489D-BA2A-72DBB2FE90D9}.Debug|Any CPU.ActiveCfg = Debug|Any CPU
		{B6729BF9-AB07-489D-BA2A-72DBB2FE90D9}.Debug|Any CPU.Build.0 = Debug|Any CPU
		{B6729BF9-AB07-489D-BA2A-72DBB2FE90D9}.Release|Any CPU.ActiveCfg = Release|Any CPU
		{B6729BF9-AB07-489D-BA2A-72DBB2FE90D9}.Release|Any CPU.Build.0 = Release|Any CPU
		{B8F0B5C7-90BE-4F58-89C7-9F95BB6933C5}.CodeAnalysis|Any CPU.ActiveCfg = CodeAnalysis|Any CPU
		{B8F0B5C7-90BE-4F58-89C7-9F95BB6933C5}.CodeAnalysis|Any CPU.Build.0 = CodeAnalysis|Any CPU
		{B8F0B5C7-90BE-4F58-89C7-9F95BB6933C5}.Debug|Any CPU.ActiveCfg = Debug|Any CPU
		{B8F0B5C7-90BE-4F58-89C7-9F95BB6933C5}.Debug|Any CPU.Build.0 = Debug|Any CPU
		{B8F0B5C7-90BE-4F58-89C7-9F95BB6933C5}.Release|Any CPU.ActiveCfg = Release|Any CPU
		{B8F0B5C7-90BE-4F58-89C7-9F95BB6933C5}.Release|Any CPU.Build.0 = Release|Any CPU
		{5F47AA81-8404-405B-BF7F-E5418CB89C5F}.CodeAnalysis|Any CPU.ActiveCfg = CodeAnalysis|Any CPU
		{5F47AA81-8404-405B-BF7F-E5418CB89C5F}.CodeAnalysis|Any CPU.Build.0 = CodeAnalysis|Any CPU
		{5F47AA81-8404-405B-BF7F-E5418CB89C5F}.Debug|Any CPU.ActiveCfg = Debug|Any CPU
		{5F47AA81-8404-405B-BF7F-E5418CB89C5F}.Debug|Any CPU.Build.0 = Debug|Any CPU
		{5F47AA81-8404-405B-BF7F-E5418CB89C5F}.Release|Any CPU.ActiveCfg = Release|Any CPU
		{5F47AA81-8404-405B-BF7F-E5418CB89C5F}.Release|Any CPU.Build.0 = Release|Any CPU
		{28DC67D9-2DB4-49B9-97A8-64057EB41026}.CodeAnalysis|Any CPU.ActiveCfg = Release|Any CPU
		{28DC67D9-2DB4-49B9-97A8-64057EB41026}.CodeAnalysis|Any CPU.Build.0 = Release|Any CPU
		{28DC67D9-2DB4-49B9-97A8-64057EB41026}.Debug|Any CPU.ActiveCfg = Debug|Any CPU
		{28DC67D9-2DB4-49B9-97A8-64057EB41026}.Debug|Any CPU.Build.0 = Debug|Any CPU
		{28DC67D9-2DB4-49B9-97A8-64057EB41026}.Release|Any CPU.ActiveCfg = Release|Any CPU
		{28DC67D9-2DB4-49B9-97A8-64057EB41026}.Release|Any CPU.Build.0 = Release|Any CPU
		{EB0ECE92-9BC6-45FD-89EC-DD25865E410C}.CodeAnalysis|Any CPU.ActiveCfg = Release|Any CPU
		{EB0ECE92-9BC6-45FD-89EC-DD25865E410C}.CodeAnalysis|Any CPU.Build.0 = Release|Any CPU
		{EB0ECE92-9BC6-45FD-89EC-DD25865E410C}.Debug|Any CPU.ActiveCfg = Debug|Any CPU
		{EB0ECE92-9BC6-45FD-89EC-DD25865E410C}.Debug|Any CPU.Build.0 = Debug|Any CPU
		{EB0ECE92-9BC6-45FD-89EC-DD25865E410C}.Release|Any CPU.ActiveCfg = Release|Any CPU
		{EB0ECE92-9BC6-45FD-89EC-DD25865E410C}.Release|Any CPU.Build.0 = Release|Any CPU
		{ED305650-3D8D-455B-AABD-A3E85FBDB5DD}.CodeAnalysis|Any CPU.ActiveCfg = Release|Any CPU
		{ED305650-3D8D-455B-AABD-A3E85FBDB5DD}.CodeAnalysis|Any CPU.Build.0 = Release|Any CPU
		{ED305650-3D8D-455B-AABD-A3E85FBDB5DD}.Debug|Any CPU.ActiveCfg = Debug|Any CPU
		{ED305650-3D8D-455B-AABD-A3E85FBDB5DD}.Debug|Any CPU.Build.0 = Debug|Any CPU
		{ED305650-3D8D-455B-AABD-A3E85FBDB5DD}.Release|Any CPU.ActiveCfg = Release|Any CPU
		{ED305650-3D8D-455B-AABD-A3E85FBDB5DD}.Release|Any CPU.Build.0 = Release|Any CPU
		{EBBC27D2-284C-4601-9FD2-D351EDF8E605}.CodeAnalysis|Any CPU.ActiveCfg = Release|Any CPU
		{EBBC27D2-284C-4601-9FD2-D351EDF8E605}.CodeAnalysis|Any CPU.Build.0 = Release|Any CPU
		{EBBC27D2-284C-4601-9FD2-D351EDF8E605}.Debug|Any CPU.ActiveCfg = Debug|Any CPU
		{EBBC27D2-284C-4601-9FD2-D351EDF8E605}.Debug|Any CPU.Build.0 = Debug|Any CPU
		{EBBC27D2-284C-4601-9FD2-D351EDF8E605}.Release|Any CPU.ActiveCfg = Release|Any CPU
		{EBBC27D2-284C-4601-9FD2-D351EDF8E605}.Release|Any CPU.Build.0 = Release|Any CPU
		{B3F5421B-B28C-444C-AF60-E950048D206F}.CodeAnalysis|Any CPU.ActiveCfg = CodeAnalysis|Any CPU
		{B3F5421B-B28C-444C-AF60-E950048D206F}.CodeAnalysis|Any CPU.Build.0 = CodeAnalysis|Any CPU
		{B3F5421B-B28C-444C-AF60-E950048D206F}.Debug|Any CPU.ActiveCfg = Debug|Any CPU
		{B3F5421B-B28C-444C-AF60-E950048D206F}.Debug|Any CPU.Build.0 = Debug|Any CPU
		{B3F5421B-B28C-444C-AF60-E950048D206F}.Release|Any CPU.ActiveCfg = Release|Any CPU
		{B3F5421B-B28C-444C-AF60-E950048D206F}.Release|Any CPU.Build.0 = Release|Any CPU
		{AEF3F2C9-38E3-4C56-BE50-DE7CD4041A14}.CodeAnalysis|Any CPU.ActiveCfg = CodeAnalysis|Any CPU
		{AEF3F2C9-38E3-4C56-BE50-DE7CD4041A14}.CodeAnalysis|Any CPU.Build.0 = CodeAnalysis|Any CPU
		{AEF3F2C9-38E3-4C56-BE50-DE7CD4041A14}.Debug|Any CPU.ActiveCfg = Debug|Any CPU
		{AEF3F2C9-38E3-4C56-BE50-DE7CD4041A14}.Debug|Any CPU.Build.0 = Debug|Any CPU
		{AEF3F2C9-38E3-4C56-BE50-DE7CD4041A14}.Release|Any CPU.ActiveCfg = Release|Any CPU
		{AEF3F2C9-38E3-4C56-BE50-DE7CD4041A14}.Release|Any CPU.Build.0 = Release|Any CPU
		{D9777B08-1097-4B80-BC9B-F5989F8D235C}.CodeAnalysis|Any CPU.ActiveCfg = Release|Any CPU
		{D9777B08-1097-4B80-BC9B-F5989F8D235C}.CodeAnalysis|Any CPU.Build.0 = Release|Any CPU
		{D9777B08-1097-4B80-BC9B-F5989F8D235C}.Debug|Any CPU.ActiveCfg = Debug|Any CPU
		{D9777B08-1097-4B80-BC9B-F5989F8D235C}.Debug|Any CPU.Build.0 = Debug|Any CPU
		{D9777B08-1097-4B80-BC9B-F5989F8D235C}.Release|Any CPU.ActiveCfg = Release|Any CPU
		{D9777B08-1097-4B80-BC9B-F5989F8D235C}.Release|Any CPU.Build.0 = Release|Any CPU
		{F4FB75ED-543F-4FF0-BD41-F4B9AD120575}.CodeAnalysis|Any CPU.ActiveCfg = Release|Any CPU
		{F4FB75ED-543F-4FF0-BD41-F4B9AD120575}.CodeAnalysis|Any CPU.Build.0 = Release|Any CPU
		{F4FB75ED-543F-4FF0-BD41-F4B9AD120575}.Debug|Any CPU.ActiveCfg = Debug|Any CPU
		{F4FB75ED-543F-4FF0-BD41-F4B9AD120575}.Debug|Any CPU.Build.0 = Debug|Any CPU
		{F4FB75ED-543F-4FF0-BD41-F4B9AD120575}.Release|Any CPU.ActiveCfg = Release|Any CPU
		{F4FB75ED-543F-4FF0-BD41-F4B9AD120575}.Release|Any CPU.Build.0 = Release|Any CPU
		{BD0AB018-7229-42BF-B607-5D46E9F1F2EA}.CodeAnalysis|Any CPU.ActiveCfg = Release|Any CPU
		{BD0AB018-7229-42BF-B607-5D46E9F1F2EA}.CodeAnalysis|Any CPU.Build.0 = Release|Any CPU
		{BD0AB018-7229-42BF-B607-5D46E9F1F2EA}.Debug|Any CPU.ActiveCfg = Debug|Any CPU
		{BD0AB018-7229-42BF-B607-5D46E9F1F2EA}.Debug|Any CPU.Build.0 = Debug|Any CPU
		{BD0AB018-7229-42BF-B607-5D46E9F1F2EA}.Release|Any CPU.ActiveCfg = Release|Any CPU
		{BD0AB018-7229-42BF-B607-5D46E9F1F2EA}.Release|Any CPU.Build.0 = Release|Any CPU
		{DCD550FB-FE5E-4684-AA52-C09FE5F8FDDA}.CodeAnalysis|Any CPU.ActiveCfg = CodeAnalysis|Any CPU
		{DCD550FB-FE5E-4684-AA52-C09FE5F8FDDA}.CodeAnalysis|Any CPU.Build.0 = CodeAnalysis|Any CPU
		{DCD550FB-FE5E-4684-AA52-C09FE5F8FDDA}.Debug|Any CPU.ActiveCfg = Debug|Any CPU
		{DCD550FB-FE5E-4684-AA52-C09FE5F8FDDA}.Debug|Any CPU.Build.0 = Debug|Any CPU
		{DCD550FB-FE5E-4684-AA52-C09FE5F8FDDA}.Release|Any CPU.ActiveCfg = Release|Any CPU
		{DCD550FB-FE5E-4684-AA52-C09FE5F8FDDA}.Release|Any CPU.Build.0 = Release|Any CPU
		{D4AE6D4C-004F-4392-9EE1-772444719449}.CodeAnalysis|Any CPU.ActiveCfg = CodeAnalysis|Any CPU
		{D4AE6D4C-004F-4392-9EE1-772444719449}.CodeAnalysis|Any CPU.Build.0 = CodeAnalysis|Any CPU
		{D4AE6D4C-004F-4392-9EE1-772444719449}.Debug|Any CPU.ActiveCfg = Debug|Any CPU
		{D4AE6D4C-004F-4392-9EE1-772444719449}.Debug|Any CPU.Build.0 = Debug|Any CPU
		{D4AE6D4C-004F-4392-9EE1-772444719449}.Release|Any CPU.ActiveCfg = Release|Any CPU
		{D4AE6D4C-004F-4392-9EE1-772444719449}.Release|Any CPU.Build.0 = Release|Any CPU
		{6B501D55-2AA3-4757-A185-1277BB881DE8}.CodeAnalysis|Any CPU.ActiveCfg = CodeAnalysis|Any CPU
		{6B501D55-2AA3-4757-A185-1277BB881DE8}.CodeAnalysis|Any CPU.Build.0 = CodeAnalysis|Any CPU
		{6B501D55-2AA3-4757-A185-1277BB881DE8}.Debug|Any CPU.ActiveCfg = Debug|Any CPU
		{6B501D55-2AA3-4757-A185-1277BB881DE8}.Debug|Any CPU.Build.0 = Debug|Any CPU
		{6B501D55-2AA3-4757-A185-1277BB881DE8}.Release|Any CPU.ActiveCfg = Release|Any CPU
		{6B501D55-2AA3-4757-A185-1277BB881DE8}.Release|Any CPU.Build.0 = Release|Any CPU
		{B27CC8B5-BF38-434B-B5CE-42ACEC40624C}.CodeAnalysis|Any CPU.ActiveCfg = CodeAnalysis|Any CPU
		{B27CC8B5-BF38-434B-B5CE-42ACEC40624C}.CodeAnalysis|Any CPU.Build.0 = CodeAnalysis|Any CPU
		{B27CC8B5-BF38-434B-B5CE-42ACEC40624C}.Debug|Any CPU.ActiveCfg = Debug|Any CPU
		{B27CC8B5-BF38-434B-B5CE-42ACEC40624C}.Debug|Any CPU.Build.0 = Debug|Any CPU
		{B27CC8B5-BF38-434B-B5CE-42ACEC40624C}.Release|Any CPU.ActiveCfg = Release|Any CPU
		{B27CC8B5-BF38-434B-B5CE-42ACEC40624C}.Release|Any CPU.Build.0 = Release|Any CPU
		{88FB9535-BBC9-48FE-AC34-4C3E9A4073F3}.CodeAnalysis|Any CPU.ActiveCfg = Release|Any CPU
		{88FB9535-BBC9-48FE-AC34-4C3E9A4073F3}.CodeAnalysis|Any CPU.Build.0 = Release|Any CPU
		{88FB9535-BBC9-48FE-AC34-4C3E9A4073F3}.Debug|Any CPU.ActiveCfg = Debug|Any CPU
		{88FB9535-BBC9-48FE-AC34-4C3E9A4073F3}.Debug|Any CPU.Build.0 = Debug|Any CPU
		{88FB9535-BBC9-48FE-AC34-4C3E9A4073F3}.Release|Any CPU.ActiveCfg = Release|Any CPU
		{88FB9535-BBC9-48FE-AC34-4C3E9A4073F3}.Release|Any CPU.Build.0 = Release|Any CPU
		{3EE37ECD-B24C-4096-950B-7C9D73B0E4BB}.CodeAnalysis|Any CPU.ActiveCfg = Release|Any CPU
		{3EE37ECD-B24C-4096-950B-7C9D73B0E4BB}.CodeAnalysis|Any CPU.Build.0 = Release|Any CPU
		{3EE37ECD-B24C-4096-950B-7C9D73B0E4BB}.Debug|Any CPU.ActiveCfg = Debug|Any CPU
		{3EE37ECD-B24C-4096-950B-7C9D73B0E4BB}.Debug|Any CPU.Build.0 = Debug|Any CPU
		{3EE37ECD-B24C-4096-950B-7C9D73B0E4BB}.Release|Any CPU.ActiveCfg = Release|Any CPU
		{3EE37ECD-B24C-4096-950B-7C9D73B0E4BB}.Release|Any CPU.Build.0 = Release|Any CPU
		{3B7DEFC0-1032-448B-98B6-4B875A8E4285}.CodeAnalysis|Any CPU.ActiveCfg = Release|Any CPU
		{3B7DEFC0-1032-448B-98B6-4B875A8E4285}.CodeAnalysis|Any CPU.Build.0 = Release|Any CPU
		{3B7DEFC0-1032-448B-98B6-4B875A8E4285}.Debug|Any CPU.ActiveCfg = Debug|Any CPU
		{3B7DEFC0-1032-448B-98B6-4B875A8E4285}.Debug|Any CPU.Build.0 = Debug|Any CPU
		{3B7DEFC0-1032-448B-98B6-4B875A8E4285}.Release|Any CPU.ActiveCfg = Release|Any CPU
		{3B7DEFC0-1032-448B-98B6-4B875A8E4285}.Release|Any CPU.Build.0 = Release|Any CPU
		{657D9111-1AAD-439A-B7B3-261EDB7BFBE4}.CodeAnalysis|Any CPU.ActiveCfg = Debug|Any CPU
		{657D9111-1AAD-439A-B7B3-261EDB7BFBE4}.CodeAnalysis|Any CPU.Build.0 = Debug|Any CPU
		{657D9111-1AAD-439A-B7B3-261EDB7BFBE4}.Debug|Any CPU.ActiveCfg = Debug|Any CPU
		{657D9111-1AAD-439A-B7B3-261EDB7BFBE4}.Debug|Any CPU.Build.0 = Debug|Any CPU
		{657D9111-1AAD-439A-B7B3-261EDB7BFBE4}.Release|Any CPU.ActiveCfg = Release|Any CPU
		{657D9111-1AAD-439A-B7B3-261EDB7BFBE4}.Release|Any CPU.Build.0 = Release|Any CPU
		{A7E385B5-8691-402B-916A-8E791E5D62CF}.CodeAnalysis|Any CPU.ActiveCfg = Debug|Any CPU
		{A7E385B5-8691-402B-916A-8E791E5D62CF}.CodeAnalysis|Any CPU.Build.0 = Debug|Any CPU
		{A7E385B5-8691-402B-916A-8E791E5D62CF}.Debug|Any CPU.ActiveCfg = Debug|Any CPU
		{A7E385B5-8691-402B-916A-8E791E5D62CF}.Debug|Any CPU.Build.0 = Debug|Any CPU
		{A7E385B5-8691-402B-916A-8E791E5D62CF}.Release|Any CPU.ActiveCfg = Release|Any CPU
		{A7E385B5-8691-402B-916A-8E791E5D62CF}.Release|Any CPU.Build.0 = Release|Any CPU
		{BF3CA06F-4610-40E3-9C8F-C450486BB81C}.CodeAnalysis|Any CPU.ActiveCfg = Debug|Any CPU
		{BF3CA06F-4610-40E3-9C8F-C450486BB81C}.CodeAnalysis|Any CPU.Build.0 = Debug|Any CPU
		{BF3CA06F-4610-40E3-9C8F-C450486BB81C}.Debug|Any CPU.ActiveCfg = Debug|Any CPU
		{BF3CA06F-4610-40E3-9C8F-C450486BB81C}.Debug|Any CPU.Build.0 = Debug|Any CPU
		{BF3CA06F-4610-40E3-9C8F-C450486BB81C}.Release|Any CPU.ActiveCfg = Release|Any CPU
		{BF3CA06F-4610-40E3-9C8F-C450486BB81C}.Release|Any CPU.Build.0 = Release|Any CPU
		{FAE4E7F8-7786-4388-802D-69C5C40DD5ED}.CodeAnalysis|Any CPU.ActiveCfg = Debug|Any CPU
		{FAE4E7F8-7786-4388-802D-69C5C40DD5ED}.CodeAnalysis|Any CPU.Build.0 = Debug|Any CPU
		{FAE4E7F8-7786-4388-802D-69C5C40DD5ED}.Debug|Any CPU.ActiveCfg = Debug|Any CPU
		{FAE4E7F8-7786-4388-802D-69C5C40DD5ED}.Debug|Any CPU.Build.0 = Debug|Any CPU
		{FAE4E7F8-7786-4388-802D-69C5C40DD5ED}.Release|Any CPU.ActiveCfg = Release|Any CPU
		{FAE4E7F8-7786-4388-802D-69C5C40DD5ED}.Release|Any CPU.Build.0 = Release|Any CPU
		{06B0D9D1-1368-423E-B2F7-5F408423A187}.CodeAnalysis|Any CPU.ActiveCfg = Debug|Any CPU
		{06B0D9D1-1368-423E-B2F7-5F408423A187}.CodeAnalysis|Any CPU.Build.0 = Debug|Any CPU
		{06B0D9D1-1368-423E-B2F7-5F408423A187}.Debug|Any CPU.ActiveCfg = Debug|Any CPU
		{06B0D9D1-1368-423E-B2F7-5F408423A187}.Debug|Any CPU.Build.0 = Debug|Any CPU
		{06B0D9D1-1368-423E-B2F7-5F408423A187}.Release|Any CPU.ActiveCfg = Release|Any CPU
		{06B0D9D1-1368-423E-B2F7-5F408423A187}.Release|Any CPU.Build.0 = Release|Any CPU
		{99046330-F5C1-4994-9EAC-79B2845D46D5}.CodeAnalysis|Any CPU.ActiveCfg = Debug|Any CPU
		{99046330-F5C1-4994-9EAC-79B2845D46D5}.CodeAnalysis|Any CPU.Build.0 = Debug|Any CPU
		{99046330-F5C1-4994-9EAC-79B2845D46D5}.Debug|Any CPU.ActiveCfg = Debug|Any CPU
		{99046330-F5C1-4994-9EAC-79B2845D46D5}.Debug|Any CPU.Build.0 = Debug|Any CPU
		{99046330-F5C1-4994-9EAC-79B2845D46D5}.Release|Any CPU.ActiveCfg = Release|Any CPU
		{99046330-F5C1-4994-9EAC-79B2845D46D5}.Release|Any CPU.Build.0 = Release|Any CPU
		{3D6713DD-940C-434E-B8F4-EE31E5F35E50}.CodeAnalysis|Any CPU.ActiveCfg = Debug|Any CPU
		{3D6713DD-940C-434E-B8F4-EE31E5F35E50}.CodeAnalysis|Any CPU.Build.0 = Debug|Any CPU
		{3D6713DD-940C-434E-B8F4-EE31E5F35E50}.Debug|Any CPU.ActiveCfg = Debug|Any CPU
		{3D6713DD-940C-434E-B8F4-EE31E5F35E50}.Debug|Any CPU.Build.0 = Debug|Any CPU
		{3D6713DD-940C-434E-B8F4-EE31E5F35E50}.Release|Any CPU.ActiveCfg = Release|Any CPU
		{3D6713DD-940C-434E-B8F4-EE31E5F35E50}.Release|Any CPU.Build.0 = Release|Any CPU
		{1A7F4322-FCB1-43C7-B997-C818F2ADDE34}.CodeAnalysis|Any CPU.ActiveCfg = Debug|Any CPU
		{1A7F4322-FCB1-43C7-B997-C818F2ADDE34}.CodeAnalysis|Any CPU.Build.0 = Debug|Any CPU
		{1A7F4322-FCB1-43C7-B997-C818F2ADDE34}.Debug|Any CPU.ActiveCfg = Debug|Any CPU
		{1A7F4322-FCB1-43C7-B997-C818F2ADDE34}.Debug|Any CPU.Build.0 = Debug|Any CPU
		{1A7F4322-FCB1-43C7-B997-C818F2ADDE34}.Release|Any CPU.ActiveCfg = Release|Any CPU
		{1A7F4322-FCB1-43C7-B997-C818F2ADDE34}.Release|Any CPU.Build.0 = Release|Any CPU
		{48BE6B07-1440-4341-A912-D91339CE7D31}.CodeAnalysis|Any CPU.ActiveCfg = Debug|Any CPU
		{48BE6B07-1440-4341-A912-D91339CE7D31}.CodeAnalysis|Any CPU.Build.0 = Debug|Any CPU
		{48BE6B07-1440-4341-A912-D91339CE7D31}.Debug|Any CPU.ActiveCfg = Debug|Any CPU
		{48BE6B07-1440-4341-A912-D91339CE7D31}.Debug|Any CPU.Build.0 = Debug|Any CPU
		{48BE6B07-1440-4341-A912-D91339CE7D31}.Release|Any CPU.ActiveCfg = Release|Any CPU
		{48BE6B07-1440-4341-A912-D91339CE7D31}.Release|Any CPU.Build.0 = Release|Any CPU
		{40AA776C-E7BB-4786-8FFF-044C71821EE1}.CodeAnalysis|Any CPU.ActiveCfg = Debug|Any CPU
		{40AA776C-E7BB-4786-8FFF-044C71821EE1}.CodeAnalysis|Any CPU.Build.0 = Debug|Any CPU
		{40AA776C-E7BB-4786-8FFF-044C71821EE1}.Debug|Any CPU.ActiveCfg = Debug|Any CPU
		{40AA776C-E7BB-4786-8FFF-044C71821EE1}.Debug|Any CPU.Build.0 = Debug|Any CPU
		{40AA776C-E7BB-4786-8FFF-044C71821EE1}.Release|Any CPU.ActiveCfg = Release|Any CPU
		{40AA776C-E7BB-4786-8FFF-044C71821EE1}.Release|Any CPU.Build.0 = Release|Any CPU
		{497C5DDA-E38D-4437-A4B9-EC03349BA444}.CodeAnalysis|Any CPU.ActiveCfg = Debug|Any CPU
		{497C5DDA-E38D-4437-A4B9-EC03349BA444}.CodeAnalysis|Any CPU.Build.0 = Debug|Any CPU
		{497C5DDA-E38D-4437-A4B9-EC03349BA444}.Debug|Any CPU.ActiveCfg = Debug|Any CPU
		{497C5DDA-E38D-4437-A4B9-EC03349BA444}.Debug|Any CPU.Build.0 = Debug|Any CPU
		{497C5DDA-E38D-4437-A4B9-EC03349BA444}.Release|Any CPU.ActiveCfg = Release|Any CPU
		{497C5DDA-E38D-4437-A4B9-EC03349BA444}.Release|Any CPU.Build.0 = Release|Any CPU
		{63C91BD3-64A9-4300-B8C6-1CB835E187B3}.CodeAnalysis|Any CPU.ActiveCfg = Debug|Any CPU
		{63C91BD3-64A9-4300-B8C6-1CB835E187B3}.CodeAnalysis|Any CPU.Build.0 = Debug|Any CPU
		{63C91BD3-64A9-4300-B8C6-1CB835E187B3}.Debug|Any CPU.ActiveCfg = Debug|Any CPU
		{63C91BD3-64A9-4300-B8C6-1CB835E187B3}.Debug|Any CPU.Build.0 = Debug|Any CPU
		{63C91BD3-64A9-4300-B8C6-1CB835E187B3}.Release|Any CPU.ActiveCfg = Release|Any CPU
		{63C91BD3-64A9-4300-B8C6-1CB835E187B3}.Release|Any CPU.Build.0 = Release|Any CPU
		{936B15A6-F95C-4D84-AE21-3177E540E2D0}.CodeAnalysis|Any CPU.ActiveCfg = Debug|Any CPU
		{936B15A6-F95C-4D84-AE21-3177E540E2D0}.CodeAnalysis|Any CPU.Build.0 = Debug|Any CPU
		{936B15A6-F95C-4D84-AE21-3177E540E2D0}.Debug|Any CPU.ActiveCfg = Debug|Any CPU
		{936B15A6-F95C-4D84-AE21-3177E540E2D0}.Debug|Any CPU.Build.0 = Debug|Any CPU
		{936B15A6-F95C-4D84-AE21-3177E540E2D0}.Release|Any CPU.ActiveCfg = Release|Any CPU
		{936B15A6-F95C-4D84-AE21-3177E540E2D0}.Release|Any CPU.Build.0 = Release|Any CPU
		{897363CC-EF16-4BA8-9D7E-710F652E416F}.CodeAnalysis|Any CPU.ActiveCfg = Debug|Any CPU
		{897363CC-EF16-4BA8-9D7E-710F652E416F}.CodeAnalysis|Any CPU.Build.0 = Debug|Any CPU
		{897363CC-EF16-4BA8-9D7E-710F652E416F}.Debug|Any CPU.ActiveCfg = Debug|Any CPU
		{897363CC-EF16-4BA8-9D7E-710F652E416F}.Debug|Any CPU.Build.0 = Debug|Any CPU
		{897363CC-EF16-4BA8-9D7E-710F652E416F}.Release|Any CPU.ActiveCfg = Release|Any CPU
		{897363CC-EF16-4BA8-9D7E-710F652E416F}.Release|Any CPU.Build.0 = Release|Any CPU
		{D337952E-4081-43CB-9C98-BAE6F5D72BAF}.CodeAnalysis|Any CPU.ActiveCfg = Debug|Any CPU
		{D337952E-4081-43CB-9C98-BAE6F5D72BAF}.CodeAnalysis|Any CPU.Build.0 = Debug|Any CPU
		{D337952E-4081-43CB-9C98-BAE6F5D72BAF}.Debug|Any CPU.ActiveCfg = Debug|Any CPU
		{D337952E-4081-43CB-9C98-BAE6F5D72BAF}.Debug|Any CPU.Build.0 = Debug|Any CPU
		{D337952E-4081-43CB-9C98-BAE6F5D72BAF}.Release|Any CPU.ActiveCfg = Release|Any CPU
		{D337952E-4081-43CB-9C98-BAE6F5D72BAF}.Release|Any CPU.Build.0 = Release|Any CPU
		{903CC30B-952F-4786-BD7B-688C65ACB8D9}.CodeAnalysis|Any CPU.ActiveCfg = Debug|Any CPU
		{903CC30B-952F-4786-BD7B-688C65ACB8D9}.CodeAnalysis|Any CPU.Build.0 = Debug|Any CPU
		{903CC30B-952F-4786-BD7B-688C65ACB8D9}.Debug|Any CPU.ActiveCfg = Debug|Any CPU
		{903CC30B-952F-4786-BD7B-688C65ACB8D9}.Debug|Any CPU.Build.0 = Debug|Any CPU
		{903CC30B-952F-4786-BD7B-688C65ACB8D9}.Release|Any CPU.ActiveCfg = Release|Any CPU
		{903CC30B-952F-4786-BD7B-688C65ACB8D9}.Release|Any CPU.Build.0 = Release|Any CPU
		{66B213C4-0647-4E6A-9A1A-98653F60FC74}.CodeAnalysis|Any CPU.ActiveCfg = Debug|Any CPU
		{66B213C4-0647-4E6A-9A1A-98653F60FC74}.CodeAnalysis|Any CPU.Build.0 = Debug|Any CPU
		{66B213C4-0647-4E6A-9A1A-98653F60FC74}.Debug|Any CPU.ActiveCfg = Debug|Any CPU
		{66B213C4-0647-4E6A-9A1A-98653F60FC74}.Debug|Any CPU.Build.0 = Debug|Any CPU
		{66B213C4-0647-4E6A-9A1A-98653F60FC74}.Release|Any CPU.ActiveCfg = Release|Any CPU
		{66B213C4-0647-4E6A-9A1A-98653F60FC74}.Release|Any CPU.Build.0 = Release|Any CPU
		{FB7E7FF1-4DAC-45D6-8128-1A528CE9A4D1}.CodeAnalysis|Any CPU.ActiveCfg = Debug|Any CPU
		{FB7E7FF1-4DAC-45D6-8128-1A528CE9A4D1}.CodeAnalysis|Any CPU.Build.0 = Debug|Any CPU
		{FB7E7FF1-4DAC-45D6-8128-1A528CE9A4D1}.Debug|Any CPU.ActiveCfg = Debug|Any CPU
		{FB7E7FF1-4DAC-45D6-8128-1A528CE9A4D1}.Debug|Any CPU.Build.0 = Debug|Any CPU
		{FB7E7FF1-4DAC-45D6-8128-1A528CE9A4D1}.Release|Any CPU.ActiveCfg = Release|Any CPU
		{FB7E7FF1-4DAC-45D6-8128-1A528CE9A4D1}.Release|Any CPU.Build.0 = Release|Any CPU
		{F60AE9EC-E168-4607-B781-B6A464EEAA79}.CodeAnalysis|Any CPU.ActiveCfg = Debug|Any CPU
		{F60AE9EC-E168-4607-B781-B6A464EEAA79}.CodeAnalysis|Any CPU.Build.0 = Debug|Any CPU
		{F60AE9EC-E168-4607-B781-B6A464EEAA79}.Debug|Any CPU.ActiveCfg = Debug|Any CPU
		{F60AE9EC-E168-4607-B781-B6A464EEAA79}.Debug|Any CPU.Build.0 = Debug|Any CPU
		{F60AE9EC-E168-4607-B781-B6A464EEAA79}.Release|Any CPU.ActiveCfg = Release|Any CPU
		{F60AE9EC-E168-4607-B781-B6A464EEAA79}.Release|Any CPU.Build.0 = Release|Any CPU
		{EA934BCE-6781-40AA-A0F6-0EDC697594BF}.CodeAnalysis|Any CPU.ActiveCfg = Debug|Any CPU
		{EA934BCE-6781-40AA-A0F6-0EDC697594BF}.CodeAnalysis|Any CPU.Build.0 = Debug|Any CPU
		{EA934BCE-6781-40AA-A0F6-0EDC697594BF}.Debug|Any CPU.ActiveCfg = Debug|Any CPU
		{EA934BCE-6781-40AA-A0F6-0EDC697594BF}.Debug|Any CPU.Build.0 = Debug|Any CPU
		{EA934BCE-6781-40AA-A0F6-0EDC697594BF}.Release|Any CPU.ActiveCfg = Release|Any CPU
		{EA934BCE-6781-40AA-A0F6-0EDC697594BF}.Release|Any CPU.Build.0 = Release|Any CPU
		{BD13F7E7-B016-478F-AD54-8F875553806B}.CodeAnalysis|Any CPU.ActiveCfg = Debug|Any CPU
		{BD13F7E7-B016-478F-AD54-8F875553806B}.CodeAnalysis|Any CPU.Build.0 = Debug|Any CPU
		{BD13F7E7-B016-478F-AD54-8F875553806B}.Debug|Any CPU.ActiveCfg = Debug|Any CPU
		{BD13F7E7-B016-478F-AD54-8F875553806B}.Debug|Any CPU.Build.0 = Debug|Any CPU
		{BD13F7E7-B016-478F-AD54-8F875553806B}.Release|Any CPU.ActiveCfg = Release|Any CPU
		{BD13F7E7-B016-478F-AD54-8F875553806B}.Release|Any CPU.Build.0 = Release|Any CPU
		{4563A906-6FAB-46E7-B281-C88A391EE48A}.CodeAnalysis|Any CPU.ActiveCfg = Debug|Any CPU
		{4563A906-6FAB-46E7-B281-C88A391EE48A}.CodeAnalysis|Any CPU.Build.0 = Debug|Any CPU
		{4563A906-6FAB-46E7-B281-C88A391EE48A}.Debug|Any CPU.ActiveCfg = Debug|Any CPU
		{4563A906-6FAB-46E7-B281-C88A391EE48A}.Debug|Any CPU.Build.0 = Debug|Any CPU
		{4563A906-6FAB-46E7-B281-C88A391EE48A}.Release|Any CPU.ActiveCfg = Release|Any CPU
		{4563A906-6FAB-46E7-B281-C88A391EE48A}.Release|Any CPU.Build.0 = Release|Any CPU
		{C7E3E4AA-39A8-46FB-B36D-837DEE69CE18}.CodeAnalysis|Any CPU.ActiveCfg = Debug|Any CPU
		{C7E3E4AA-39A8-46FB-B36D-837DEE69CE18}.CodeAnalysis|Any CPU.Build.0 = Debug|Any CPU
		{C7E3E4AA-39A8-46FB-B36D-837DEE69CE18}.Debug|Any CPU.ActiveCfg = Debug|Any CPU
		{C7E3E4AA-39A8-46FB-B36D-837DEE69CE18}.Debug|Any CPU.Build.0 = Debug|Any CPU
		{C7E3E4AA-39A8-46FB-B36D-837DEE69CE18}.Release|Any CPU.ActiveCfg = Release|Any CPU
		{C7E3E4AA-39A8-46FB-B36D-837DEE69CE18}.Release|Any CPU.Build.0 = Release|Any CPU
		{3762D23D-A7BF-499A-BF33-AFAF4647358E}.CodeAnalysis|Any CPU.ActiveCfg = Debug|Any CPU
		{3762D23D-A7BF-499A-BF33-AFAF4647358E}.CodeAnalysis|Any CPU.Build.0 = Debug|Any CPU
		{3762D23D-A7BF-499A-BF33-AFAF4647358E}.Debug|Any CPU.ActiveCfg = Debug|Any CPU
		{3762D23D-A7BF-499A-BF33-AFAF4647358E}.Debug|Any CPU.Build.0 = Debug|Any CPU
		{3762D23D-A7BF-499A-BF33-AFAF4647358E}.Release|Any CPU.ActiveCfg = Release|Any CPU
		{3762D23D-A7BF-499A-BF33-AFAF4647358E}.Release|Any CPU.Build.0 = Release|Any CPU
		{D3A8D951-D55A-414E-8A5D-F8A8AF1F61FA}.CodeAnalysis|Any CPU.ActiveCfg = Debug|Any CPU
		{D3A8D951-D55A-414E-8A5D-F8A8AF1F61FA}.CodeAnalysis|Any CPU.Build.0 = Debug|Any CPU
		{D3A8D951-D55A-414E-8A5D-F8A8AF1F61FA}.Debug|Any CPU.ActiveCfg = Debug|Any CPU
		{D3A8D951-D55A-414E-8A5D-F8A8AF1F61FA}.Debug|Any CPU.Build.0 = Debug|Any CPU
		{D3A8D951-D55A-414E-8A5D-F8A8AF1F61FA}.Release|Any CPU.ActiveCfg = Release|Any CPU
		{D3A8D951-D55A-414E-8A5D-F8A8AF1F61FA}.Release|Any CPU.Build.0 = Release|Any CPU
		{693E5E07-5A05-4569-8373-369D4F918BEF}.CodeAnalysis|Any CPU.ActiveCfg = Debug|Any CPU
		{693E5E07-5A05-4569-8373-369D4F918BEF}.CodeAnalysis|Any CPU.Build.0 = Debug|Any CPU
		{693E5E07-5A05-4569-8373-369D4F918BEF}.Debug|Any CPU.ActiveCfg = Debug|Any CPU
		{693E5E07-5A05-4569-8373-369D4F918BEF}.Debug|Any CPU.Build.0 = Debug|Any CPU
		{693E5E07-5A05-4569-8373-369D4F918BEF}.Release|Any CPU.ActiveCfg = Release|Any CPU
		{693E5E07-5A05-4569-8373-369D4F918BEF}.Release|Any CPU.Build.0 = Release|Any CPU
	EndGlobalSection
	GlobalSection(SolutionProperties) = preSolution
		HideSolutionNode = FALSE
	EndGlobalSection
	GlobalSection(NestedProjects) = preSolution
		{8CED31FB-32F2-4FFB-9997-452FB9728577} = {69FFD1DB-1F5F-40C5-B55E-441F5FD9F1A1}
		{F900CC81-49BF-40FC-8E0B-058B4A23BB34} = {69FFD1DB-1F5F-40C5-B55E-441F5FD9F1A1}
		{F7DD0935-6320-4EFC-9464-D5A2D2B8C2F7} = {69FFD1DB-1F5F-40C5-B55E-441F5FD9F1A1}
		{06F7A364-A7DE-4019-9E0A-85DA58F505DD} = {69FFD1DB-1F5F-40C5-B55E-441F5FD9F1A1}
		{D4D210C6-3283-4D1D-806E-8717D8F51179} = {69FFD1DB-1F5F-40C5-B55E-441F5FD9F1A1}
		{95D440B3-F8FF-4E3B-B8E8-26F5F637558A} = {9E4E6C9A-72F4-4656-9AFE-546143507CE3}
		{608B1D09-E4DE-4DBA-8DBF-7758003988F0} = {9E4E6C9A-72F4-4656-9AFE-546143507CE3}
		{B8B9A402-DCF6-4A8F-9AFB-A7D08EA1C3D9} = {69FFD1DB-1F5F-40C5-B55E-441F5FD9F1A1}
		{F4DF2A3F-2BAE-4074-AD0F-FC0F4CB80782} = {69FFD1DB-1F5F-40C5-B55E-441F5FD9F1A1}
		{2294B62E-9D6E-4371-8EA6-104B79A7E314} = {69FFD1DB-1F5F-40C5-B55E-441F5FD9F1A1}
		{ACEBDB96-642F-4B5D-8963-4F67BD927D76} = {9E4E6C9A-72F4-4656-9AFE-546143507CE3}
		{CB965ED1-1E07-4374-A829-C636DB09F567} = {9E4E6C9A-72F4-4656-9AFE-546143507CE3}
		{F0EE25B8-D851-40DA-AB2A-E0BACE9C1E5D} = {69FFD1DB-1F5F-40C5-B55E-441F5FD9F1A1}
		{C20671F3-181F-45D7-A62C-5DE1DE610FE9} = {9E4E6C9A-72F4-4656-9AFE-546143507CE3}
		{3F5AFF8F-081D-4E13-8317-ADA35ADE3AD7} = {69FFD1DB-1F5F-40C5-B55E-441F5FD9F1A1}
		{052D913C-3756-4038-87E6-FCC2482597F5} = {69FFD1DB-1F5F-40C5-B55E-441F5FD9F1A1}
		{3B98CEC0-FFFE-4E67-BAD1-1C93D50C594D} = {9E4E6C9A-72F4-4656-9AFE-546143507CE3}
		{F41C5C45-F76A-41AE-8B16-584CCAA3648D} = {9E4E6C9A-72F4-4656-9AFE-546143507CE3}
		{15C7B557-FD40-4C43-9647-05FA7004F138} = {69FFD1DB-1F5F-40C5-B55E-441F5FD9F1A1}
		{46339776-D041-4832-9428-AF296731F7B5} = {69FFD1DB-1F5F-40C5-B55E-441F5FD9F1A1}
		{5DC29505-0F81-418D-8566-0902FF0921EF} = {9E4E6C9A-72F4-4656-9AFE-546143507CE3}
		{1855931E-BA65-4010-A2AF-35495BA47979} = {69FFD1DB-1F5F-40C5-B55E-441F5FD9F1A1}
		{A22D94AE-CF44-493C-8E26-B859D7038F52} = {9E4E6C9A-72F4-4656-9AFE-546143507CE3}
		{79A9D80D-F2AA-4673-9443-07CFDDB39325} = {9E4E6C9A-72F4-4656-9AFE-546143507CE3}
		{DE1D11D9-9A61-4CE5-95D6-005515BB2672} = {9E4E6C9A-72F4-4656-9AFE-546143507CE3}
		{9F6E18E4-F2C8-43D1-8D3C-F87CC12159F0} = {9E4E6C9A-72F4-4656-9AFE-546143507CE3}
		{C4723421-ACA9-44C1-92D5-AFB5DD4049C9} = {9E4E6C9A-72F4-4656-9AFE-546143507CE3}
		{336945AE-DE45-419E-BD1C-E218DFDEB10B} = {69FFD1DB-1F5F-40C5-B55E-441F5FD9F1A1}
		{057B23CC-AB5B-499D-A926-4C193F6925FF} = {9E4E6C9A-72F4-4656-9AFE-546143507CE3}
		{9040BF9C-9A2C-4D67-9FBC-0A4F39A7AFD1} = {9E4E6C9A-72F4-4656-9AFE-546143507CE3}
		{553B1951-A18E-4CFE-98A3-ED66652AD3FC} = {9E4E6C9A-72F4-4656-9AFE-546143507CE3}
		{B15C721D-785C-4E5A-B33F-C55F5F159A00} = {69FFD1DB-1F5F-40C5-B55E-441F5FD9F1A1}
		{45E5D92B-E075-492B-847F-E3E5D5796E95} = {9E4E6C9A-72F4-4656-9AFE-546143507CE3}
		{2331E6C8-2235-4FF6-8429-4B2B9CC21273} = {69FFD1DB-1F5F-40C5-B55E-441F5FD9F1A1}
		{D4749AE7-C126-4B2C-A04C-C3A3D1FA5290} = {9E4E6C9A-72F4-4656-9AFE-546143507CE3}
		{3E842532-D709-48B6-AC39-1367E9F0DAB9} = {69FFD1DB-1F5F-40C5-B55E-441F5FD9F1A1}
		{3F1EB00E-8C9E-441D-8D42-3DDB3B0751A7} = {9E4E6C9A-72F4-4656-9AFE-546143507CE3}
		{08FECDD6-7158-436A-A95C-96BDC8ABF1A4} = {69FFD1DB-1F5F-40C5-B55E-441F5FD9F1A1}
		{71FF4046-71FE-458C-9A5C-48BC5F169326} = {9E4E6C9A-72F4-4656-9AFE-546143507CE3}
		{B81F55BB-D4BE-42DA-9A9E-27CFCFE1007C} = {03751907-2291-4D49-ADED-614A9E4AEE76}
		{BE83FC0A-C296-43B1-9E78-F7F003B7342D} = {69FFD1DB-1F5F-40C5-B55E-441F5FD9F1A1}
		{D6287838-8329-4349-90F1-D9CBF49EDCEA} = {9E4E6C9A-72F4-4656-9AFE-546143507CE3}
		{5DFA6EF9-2417-47AF-B8BB-424E420D9464} = {03751907-2291-4D49-ADED-614A9E4AEE76}
		{EAC99E25-F698-41B2-8671-740D642781AB} = {69FFD1DB-1F5F-40C5-B55E-441F5FD9F1A1}
		{CCE7ADB5-7335-4F7D-A34D-0B7CA1D3141F} = {9E4E6C9A-72F4-4656-9AFE-546143507CE3}
		{EBF58015-2787-4741-AD9C-A7FDFE2C10F9} = {03751907-2291-4D49-ADED-614A9E4AEE76}
		{2D26EAB4-0FDB-45E7-8B2E-C42CB19669B3} = {69FFD1DB-1F5F-40C5-B55E-441F5FD9F1A1}
		{E15E396E-A33F-4286-910B-254ED6F52365} = {03751907-2291-4D49-ADED-614A9E4AEE76}
		{062CDC55-0F74-4649-9563-98983AAE323C} = {9E4E6C9A-72F4-4656-9AFE-546143507CE3}
		{750EBD27-2091-46DF-B5F7-063053ED4C49} = {03751907-2291-4D49-ADED-614A9E4AEE76}
		{D19D59DD-7F60-4D75-B1B7-BB380044925B} = {03751907-2291-4D49-ADED-614A9E4AEE76}
		{7A7E5F2A-D53D-4F8B-AF37-8CD921E9B694} = {03751907-2291-4D49-ADED-614A9E4AEE76}
		{B6729BF9-AB07-489D-BA2A-72DBB2FE90D9} = {03751907-2291-4D49-ADED-614A9E4AEE76}
		{B8F0B5C7-90BE-4F58-89C7-9F95BB6933C5} = {69FFD1DB-1F5F-40C5-B55E-441F5FD9F1A1}
		{5F47AA81-8404-405B-BF7F-E5418CB89C5F} = {9E4E6C9A-72F4-4656-9AFE-546143507CE3}
		{28DC67D9-2DB4-49B9-97A8-64057EB41026} = {03751907-2291-4D49-ADED-614A9E4AEE76}
		{EB0ECE92-9BC6-45FD-89EC-DD25865E410C} = {03751907-2291-4D49-ADED-614A9E4AEE76}
		{ED305650-3D8D-455B-AABD-A3E85FBDB5DD} = {03751907-2291-4D49-ADED-614A9E4AEE76}
		{EBBC27D2-284C-4601-9FD2-D351EDF8E605} = {03751907-2291-4D49-ADED-614A9E4AEE76}
		{B3F5421B-B28C-444C-AF60-E950048D206F} = {69FFD1DB-1F5F-40C5-B55E-441F5FD9F1A1}
		{AEF3F2C9-38E3-4C56-BE50-DE7CD4041A14} = {9E4E6C9A-72F4-4656-9AFE-546143507CE3}
		{D9777B08-1097-4B80-BC9B-F5989F8D235C} = {03751907-2291-4D49-ADED-614A9E4AEE76}
		{F4FB75ED-543F-4FF0-BD41-F4B9AD120575} = {03751907-2291-4D49-ADED-614A9E4AEE76}
		{BD0AB018-7229-42BF-B607-5D46E9F1F2EA} = {03751907-2291-4D49-ADED-614A9E4AEE76}
		{DCD550FB-FE5E-4684-AA52-C09FE5F8FDDA} = {69FFD1DB-1F5F-40C5-B55E-441F5FD9F1A1}
		{D4AE6D4C-004F-4392-9EE1-772444719449} = {9E4E6C9A-72F4-4656-9AFE-546143507CE3}
		{6B501D55-2AA3-4757-A185-1277BB881DE8} = {69FFD1DB-1F5F-40C5-B55E-441F5FD9F1A1}
		{B27CC8B5-BF38-434B-B5CE-42ACEC40624C} = {9E4E6C9A-72F4-4656-9AFE-546143507CE3}
		{88FB9535-BBC9-48FE-AC34-4C3E9A4073F3} = {03751907-2291-4D49-ADED-614A9E4AEE76}
		{3EE37ECD-B24C-4096-950B-7C9D73B0E4BB} = {03751907-2291-4D49-ADED-614A9E4AEE76}
		{3B7DEFC0-1032-448B-98B6-4B875A8E4285} = {03751907-2291-4D49-ADED-614A9E4AEE76}
		{657D9111-1AAD-439A-B7B3-261EDB7BFBE4} = {D88FB837-A928-417D-B787-2A20C9AAD020}
		{A7E385B5-8691-402B-916A-8E791E5D62CF} = {D88FB837-A928-417D-B787-2A20C9AAD020}
		{BF3CA06F-4610-40E3-9C8F-C450486BB81C} = {5759F48E-0D9E-457F-A93D-40FBC422B0CE}
		{FAE4E7F8-7786-4388-802D-69C5C40DD5ED} = {D88FB837-A928-417D-B787-2A20C9AAD020}
		{06B0D9D1-1368-423E-B2F7-5F408423A187} = {D88FB837-A928-417D-B787-2A20C9AAD020}
		{99046330-F5C1-4994-9EAC-79B2845D46D5} = {D88FB837-A928-417D-B787-2A20C9AAD020}
		{3D6713DD-940C-434E-B8F4-EE31E5F35E50} = {D88FB837-A928-417D-B787-2A20C9AAD020}
		{1A7F4322-FCB1-43C7-B997-C818F2ADDE34} = {D88FB837-A928-417D-B787-2A20C9AAD020}
		{48BE6B07-1440-4341-A912-D91339CE7D31} = {D88FB837-A928-417D-B787-2A20C9AAD020}
		{40AA776C-E7BB-4786-8FFF-044C71821EE1} = {D88FB837-A928-417D-B787-2A20C9AAD020}
		{497C5DDA-E38D-4437-A4B9-EC03349BA444} = {D88FB837-A928-417D-B787-2A20C9AAD020}
		{63C91BD3-64A9-4300-B8C6-1CB835E187B3} = {D88FB837-A928-417D-B787-2A20C9AAD020}
		{936B15A6-F95C-4D84-AE21-3177E540E2D0} = {D88FB837-A928-417D-B787-2A20C9AAD020}
		{897363CC-EF16-4BA8-9D7E-710F652E416F} = {D88FB837-A928-417D-B787-2A20C9AAD020}
		{D337952E-4081-43CB-9C98-BAE6F5D72BAF} = {D88FB837-A928-417D-B787-2A20C9AAD020}
		{03751907-2291-4D49-ADED-614A9E4AEE76} = {E957C8D9-B4A0-488B-838F-BAB4DE080A76}
		{5759F48E-0D9E-457F-A93D-40FBC422B0CE} = {E957C8D9-B4A0-488B-838F-BAB4DE080A76}
		{69FFD1DB-1F5F-40C5-B55E-441F5FD9F1A1} = {929F44D0-A040-4DC3-A22F-4C5829C05D44}
		{D88FB837-A928-417D-B787-2A20C9AAD020} = {929F44D0-A040-4DC3-A22F-4C5829C05D44}
		{9E4E6C9A-72F4-4656-9AFE-546143507CE3} = {9575CB90-BC4B-43BB-8AEA-82C53FDA4187}
		{554337F5-F56F-4F93-9AE7-78F9EBCECC20} = {9575CB90-BC4B-43BB-8AEA-82C53FDA4187}
		{903CC30B-952F-4786-BD7B-688C65ACB8D9} = {5759F48E-0D9E-457F-A93D-40FBC422B0CE}
		{66B213C4-0647-4E6A-9A1A-98653F60FC74} = {5759F48E-0D9E-457F-A93D-40FBC422B0CE}
		{FB7E7FF1-4DAC-45D6-8128-1A528CE9A4D1} = {5759F48E-0D9E-457F-A93D-40FBC422B0CE}
		{F60AE9EC-E168-4607-B781-B6A464EEAA79} = {5759F48E-0D9E-457F-A93D-40FBC422B0CE}
		{EA934BCE-6781-40AA-A0F6-0EDC697594BF} = {5759F48E-0D9E-457F-A93D-40FBC422B0CE}
		{BD13F7E7-B016-478F-AD54-8F875553806B} = {5759F48E-0D9E-457F-A93D-40FBC422B0CE}
		{4563A906-6FAB-46E7-B281-C88A391EE48A} = {5759F48E-0D9E-457F-A93D-40FBC422B0CE}
		{C7E3E4AA-39A8-46FB-B36D-837DEE69CE18} = {5759F48E-0D9E-457F-A93D-40FBC422B0CE}
		{3762D23D-A7BF-499A-BF33-AFAF4647358E} = {5759F48E-0D9E-457F-A93D-40FBC422B0CE}
		{D3A8D951-D55A-414E-8A5D-F8A8AF1F61FA} = {5759F48E-0D9E-457F-A93D-40FBC422B0CE}
		{693E5E07-5A05-4569-8373-369D4F918BEF} = {5759F48E-0D9E-457F-A93D-40FBC422B0CE}
	EndGlobalSection
	GlobalSection(ExtensibilityGlobals) = postSolution
		EnterpriseLibraryConfigurationToolBinariesPathV6 = packages\EnterpriseLibrary.TransientFaultHandling.6.0.1304.0\lib\portable-net45+win+wp8;packages\EnterpriseLibrary.TransientFaultHandling.Data.6.0.1304.1\lib\NET45
		SolutionGuid = {12CE6238-F847-4984-8622-1ED46072150A}
	EndGlobalSection
EndGlobal
