
Microsoft Visual Studio Solution File, Format Version 12.00
# Visual Studio 15
VisualStudioVersion = 15.0.26124.0
MinimumVisualStudioVersion = 15.0.26124.0
Project("{FAE04EC0-301F-11D3-BF4B-00C04F79EFBC}") = "Microsoft.AspNetCore.Proxy", "src\Microsoft.AspNetCore.Proxy.csproj", "{01C51C11-BDCD-4D69-A829-2BA3846D431C}"
EndProject
Project("{FAE04EC0-301F-11D3-BF4B-00C04F79EFBC}") = "Microsoft.AspNetCore.Proxy.Samples", "sample\Microsoft.AspNetCore.Proxy.Samples.csproj", "{9EA6AF75-6D14-46D8-9002-30E2EAFBEC31}"
EndProject
Project("{FAE04EC0-301F-11D3-BF4B-00C04F79EFBC}") = "Microsoft.AspNetCore.Proxy.Test", "test\Microsoft.AspNetCore.Proxy.Test.csproj", "{FCD0F93A-9683-42DD-BE8E-2240F4DB403E}"
EndProject
Global
	GlobalSection(SolutionConfigurationPlatforms) = preSolution
		Debug|Any CPU = Debug|Any CPU
		Debug|x64 = Debug|x64
		Debug|x86 = Debug|x86
		Release|Any CPU = Release|Any CPU
		Release|x64 = Release|x64
		Release|x86 = Release|x86
	EndGlobalSection
	GlobalSection(SolutionProperties) = preSolution
		HideSolutionNode = FALSE
	EndGlobalSection
	GlobalSection(ProjectConfigurationPlatforms) = postSolution
		{01C51C11-BDCD-4D69-A829-2BA3846D431C}.Debug|Any CPU.ActiveCfg = Debug|Any CPU
		{01C51C11-BDCD-4D69-A829-2BA3846D431C}.Debug|Any CPU.Build.0 = Debug|Any CPU
		{01C51C11-BDCD-4D69-A829-2BA3846D431C}.Debug|x64.ActiveCfg = Debug|Any CPU
		{01C51C11-BDCD-4D69-A829-2BA3846D431C}.Debug|x64.Build.0 = Debug|Any CPU
		{01C51C11-BDCD-4D69-A829-2BA3846D431C}.Debug|x86.ActiveCfg = Debug|Any CPU
		{01C51C11-BDCD-4D69-A829-2BA3846D431C}.Debug|x86.Build.0 = Debug|Any CPU
		{01C51C11-BDCD-4D69-A829-2BA3846D431C}.Release|Any CPU.ActiveCfg = Release|Any CPU
		{01C51C11-BDCD-4D69-A829-2BA3846D431C}.Release|Any CPU.Build.0 = Release|Any CPU
		{01C51C11-BDCD-4D69-A829-2BA3846D431C}.Release|x64.ActiveCfg = Release|Any CPU
		{01C51C11-BDCD-4D69-A829-2BA3846D431C}.Release|x64.Build.0 = Release|Any CPU
		{01C51C11-BDCD-4D69-A829-2BA3846D431C}.Release|x86.ActiveCfg = Release|Any CPU
		{01C51C11-BDCD-4D69-A829-2BA3846D431C}.Release|x86.Build.0 = Release|Any CPU
		{9EA6AF75-6D14-46D8-9002-30E2EAFBEC31}.Debug|Any CPU.ActiveCfg = Debug|Any CPU
		{9EA6AF75-6D14-46D8-9002-30E2EAFBEC31}.Debug|Any CPU.Build.0 = Debug|Any CPU
		{9EA6AF75-6D14-46D8-9002-30E2EAFBEC31}.Debug|x64.ActiveCfg = Debug|Any CPU
		{9EA6AF75-6D14-46D8-9002-30E2EAFBEC31}.Debug|x64.Build.0 = Debug|Any CPU
		{9EA6AF75-6D14-46D8-9002-30E2EAFBEC31}.Debug|x86.ActiveCfg = Debug|Any CPU
		{9EA6AF75-6D14-46D8-9002-30E2EAFBEC31}.Debug|x86.Build.0 = Debug|Any CPU
		{9EA6AF75-6D14-46D8-9002-30E2EAFBEC31}.Release|Any CPU.ActiveCfg = Release|Any CPU
		{9EA6AF75-6D14-46D8-9002-30E2EAFBEC31}.Release|Any CPU.Build.0 = Release|Any CPU
		{9EA6AF75-6D14-46D8-9002-30E2EAFBEC31}.Release|x64.ActiveCfg = Release|Any CPU
		{9EA6AF75-6D14-46D8-9002-30E2EAFBEC31}.Release|x64.Build.0 = Release|Any CPU
		{9EA6AF75-6D14-46D8-9002-30E2EAFBEC31}.Release|x86.ActiveCfg = Release|Any CPU
		{9EA6AF75-6D14-46D8-9002-30E2EAFBEC31}.Release|x86.Build.0 = Release|Any CPU
		{FCD0F93A-9683-42DD-BE8E-2240F4DB403E}.Debug|Any CPU.ActiveCfg = Debug|Any CPU
		{FCD0F93A-9683-42DD-BE8E-2240F4DB403E}.Debug|Any CPU.Build.0 = Debug|Any CPU
		{FCD0F93A-9683-42DD-BE8E-2240F4DB403E}.Debug|x64.ActiveCfg = Debug|Any CPU
		{FCD0F93A-9683-42DD-BE8E-2240F4DB403E}.Debug|x64.Build.0 = Debug|Any CPU
		{FCD0F93A-9683-42DD-BE8E-2240F4DB403E}.Debug|x86.ActiveCfg = Debug|Any CPU
		{FCD0F93A-9683-42DD-BE8E-2240F4DB403E}.Debug|x86.Build.0 = Debug|Any CPU
		{FCD0F93A-9683-42DD-BE8E-2240F4DB403E}.Release|Any CPU.ActiveCfg = Release|Any CPU
		{FCD0F93A-9683-42DD-BE8E-2240F4DB403E}.Release|Any CPU.Build.0 = Release|Any CPU
		{FCD0F93A-9683-42DD-BE8E-2240F4DB403E}.Release|x64.ActiveCfg = Release|Any CPU
		{FCD0F93A-9683-42DD-BE8E-2240F4DB403E}.Release|x64.Build.0 = Release|Any CPU
		{FCD0F93A-9683-42DD-BE8E-2240F4DB403E}.Release|x86.ActiveCfg = Release|Any CPU
		{FCD0F93A-9683-42DD-BE8E-2240F4DB403E}.Release|x86.Build.0 = Release|Any CPU
	EndGlobalSection
EndGlobal
