
Microsoft Visual Studio Solution File, Format Version 12.00
# Visual Studio Version 16
VisualStudioVersion = 16.6.30114.105
MinimumVisualStudioVersion = 10.0.40219.1
Project("{9A19103F-16F7-4668-BE54-9A1E7A4F7556}") = "System.Web.Http.AspNetCore", "src\System.Web.Http.AspNetCore\System.Web.Http.AspNetCore.csproj", "{B1E9CB09-300A-43E6-AE5F-B55C7488FD8E}"
EndProject
Project("{9A19103F-16F7-4668-BE54-9A1E7A4F7556}") = "System.Web.Http.AspNetCore.Tests", "test\System.Web.Http.AspNetCore.Tests\System.Web.Http.AspNetCore.Tests.csproj", "{97A1267D-69A0-4505-8B8A-D87F2ADF5DD0}"
EndProject
Project("{2150E333-8FDC-42A3-9474-1A3956D46DE8}") = "Host", "Host", "{D9105C5F-1DA5-4A05-81ED-C834FAA62142}"
EndProject
Project("{2150E333-8FDC-42A3-9474-1A3956D46DE8}") = "Formatter", "Formatter", "{43C1AADA-D6D9-463E-BDF9-85DBCB133DC7}"
EndProject
Project("{9A19103F-16F7-4668-BE54-9A1E7A4F7556}") = "System.Text.Json.Formatter", "src\System.Text.Json.Formatter\System.Text.Json.Formatter.csproj", "{49C74E70-5C2D-492D-A21C-2D43298DA32E}"
EndProject
Project("{9A19103F-16F7-4668-BE54-9A1E7A4F7556}") = "System.Text.Json.Formatter.Tests", "test\System.Text.Json.Formatter.Tests\System.Text.Json.Formatter.Tests.csproj", "{CAB65B7C-1DAF-41CC-A401-74B24FEC57BE}"
EndProject
Global
	GlobalSection(SolutionConfigurationPlatforms) = preSolution
		Debug|Any CPU = Debug|Any CPU
		Debug|x64 = Debug|x64
		Debug|x86 = Debug|x86
		Release|Any CPU = Release|Any CPU
		Release|x64 = Release|x64
		Release|x86 = Release|x86
	EndGlobalSection
	GlobalSection(ProjectConfigurationPlatforms) = postSolution
		{B1E9CB09-300A-43E6-AE5F-B55C7488FD8E}.Debug|Any CPU.ActiveCfg = Debug|Any CPU
		{B1E9CB09-300A-43E6-AE5F-B55C7488FD8E}.Debug|Any CPU.Build.0 = Debug|Any CPU
		{B1E9CB09-300A-43E6-AE5F-B55C7488FD8E}.Debug|x64.ActiveCfg = Debug|Any CPU
		{B1E9CB09-300A-43E6-AE5F-B55C7488FD8E}.Debug|x64.Build.0 = Debug|Any CPU
		{B1E9CB09-300A-43E6-AE5F-B55C7488FD8E}.Debug|x86.ActiveCfg = Debug|Any CPU
		{B1E9CB09-300A-43E6-AE5F-B55C7488FD8E}.Debug|x86.Build.0 = Debug|Any CPU
		{B1E9CB09-300A-43E6-AE5F-B55C7488FD8E}.Release|Any CPU.ActiveCfg = Release|Any CPU
		{B1E9CB09-300A-43E6-AE5F-B55C7488FD8E}.Release|Any CPU.Build.0 = Release|Any CPU
		{B1E9CB09-300A-43E6-AE5F-B55C7488FD8E}.Release|x64.ActiveCfg = Release|Any CPU
		{B1E9CB09-300A-43E6-AE5F-B55C7488FD8E}.Release|x64.Build.0 = Release|Any CPU
		{B1E9CB09-300A-43E6-AE5F-B55C7488FD8E}.Release|x86.ActiveCfg = Release|Any CPU
		{B1E9CB09-300A-43E6-AE5F-B55C7488FD8E}.Release|x86.Build.0 = Release|Any CPU
		{97A1267D-69A0-4505-8B8A-D87F2ADF5DD0}.Debug|Any CPU.ActiveCfg = Debug|Any CPU
		{97A1267D-69A0-4505-8B8A-D87F2ADF5DD0}.Debug|Any CPU.Build.0 = Debug|Any CPU
		{97A1267D-69A0-4505-8B8A-D87F2ADF5DD0}.Debug|x64.ActiveCfg = Debug|Any CPU
		{97A1267D-69A0-4505-8B8A-D87F2ADF5DD0}.Debug|x64.Build.0 = Debug|Any CPU
		{97A1267D-69A0-4505-8B8A-D87F2ADF5DD0}.Debug|x86.ActiveCfg = Debug|Any CPU
		{97A1267D-69A0-4505-8B8A-D87F2ADF5DD0}.Debug|x86.Build.0 = Debug|Any CPU
		{97A1267D-69A0-4505-8B8A-D87F2ADF5DD0}.Release|Any CPU.ActiveCfg = Release|Any CPU
		{97A1267D-69A0-4505-8B8A-D87F2ADF5DD0}.Release|Any CPU.Build.0 = Release|Any CPU
		{97A1267D-69A0-4505-8B8A-D87F2ADF5DD0}.Release|x64.ActiveCfg = Release|Any CPU
		{97A1267D-69A0-4505-8B8A-D87F2ADF5DD0}.Release|x64.Build.0 = Release|Any CPU
		{97A1267D-69A0-4505-8B8A-D87F2ADF5DD0}.Release|x86.ActiveCfg = Release|Any CPU
		{97A1267D-69A0-4505-8B8A-D87F2ADF5DD0}.Release|x86.Build.0 = Release|Any CPU
		{49C74E70-5C2D-492D-A21C-2D43298DA32E}.Debug|Any CPU.ActiveCfg = Debug|Any CPU
		{49C74E70-5C2D-492D-A21C-2D43298DA32E}.Debug|Any CPU.Build.0 = Debug|Any CPU
		{49C74E70-5C2D-492D-A21C-2D43298DA32E}.Debug|x64.ActiveCfg = Debug|Any CPU
		{49C74E70-5C2D-492D-A21C-2D43298DA32E}.Debug|x64.Build.0 = Debug|Any CPU
		{49C74E70-5C2D-492D-A21C-2D43298DA32E}.Debug|x86.ActiveCfg = Debug|Any CPU
		{49C74E70-5C2D-492D-A21C-2D43298DA32E}.Debug|x86.Build.0 = Debug|Any CPU
		{49C74E70-5C2D-492D-A21C-2D43298DA32E}.Release|Any CPU.ActiveCfg = Release|Any CPU
		{49C74E70-5C2D-492D-A21C-2D43298DA32E}.Release|Any CPU.Build.0 = Release|Any CPU
		{49C74E70-5C2D-492D-A21C-2D43298DA32E}.Release|x64.ActiveCfg = Release|Any CPU
		{49C74E70-5C2D-492D-A21C-2D43298DA32E}.Release|x64.Build.0 = Release|Any CPU
		{49C74E70-5C2D-492D-A21C-2D43298DA32E}.Release|x86.ActiveCfg = Release|Any CPU
		{49C74E70-5C2D-492D-A21C-2D43298DA32E}.Release|x86.Build.0 = Release|Any CPU
		{CAB65B7C-1DAF-41CC-A401-74B24FEC57BE}.Debug|Any CPU.ActiveCfg = Debug|Any CPU
		{CAB65B7C-1DAF-41CC-A401-74B24FEC57BE}.Debug|Any CPU.Build.0 = Debug|Any CPU
		{CAB65B7C-1DAF-41CC-A401-74B24FEC57BE}.Debug|x64.ActiveCfg = Debug|Any CPU
		{CAB65B7C-1DAF-41CC-A401-74B24FEC57BE}.Debug|x64.Build.0 = Debug|Any CPU
		{CAB65B7C-1DAF-41CC-A401-74B24FEC57BE}.Debug|x86.ActiveCfg = Debug|Any CPU
		{CAB65B7C-1DAF-41CC-A401-74B24FEC57BE}.Debug|x86.Build.0 = Debug|Any CPU
		{CAB65B7C-1DAF-41CC-A401-74B24FEC57BE}.Release|Any CPU.ActiveCfg = Release|Any CPU
		{CAB65B7C-1DAF-41CC-A401-74B24FEC57BE}.Release|Any CPU.Build.0 = Release|Any CPU
		{CAB65B7C-1DAF-41CC-A401-74B24FEC57BE}.Release|x64.ActiveCfg = Release|Any CPU
		{CAB65B7C-1DAF-41CC-A401-74B24FEC57BE}.Release|x64.Build.0 = Release|Any CPU
		{CAB65B7C-1DAF-41CC-A401-74B24FEC57BE}.Release|x86.ActiveCfg = Release|Any CPU
		{CAB65B7C-1DAF-41CC-A401-74B24FEC57BE}.Release|x86.Build.0 = Release|Any CPU
	EndGlobalSection
	GlobalSection(SolutionProperties) = preSolution
		HideSolutionNode = FALSE
	EndGlobalSection
	GlobalSection(NestedProjects) = preSolution
		{B1E9CB09-300A-43E6-AE5F-B55C7488FD8E} = {D9105C5F-1DA5-4A05-81ED-C834FAA62142}
		{97A1267D-69A0-4505-8B8A-D87F2ADF5DD0} = {D9105C5F-1DA5-4A05-81ED-C834FAA62142}
		{49C74E70-5C2D-492D-A21C-2D43298DA32E} = {43C1AADA-D6D9-463E-BDF9-85DBCB133DC7}
		{CAB65B7C-1DAF-41CC-A401-74B24FEC57BE} = {43C1AADA-D6D9-463E-BDF9-85DBCB133DC7}
	EndGlobalSection
	GlobalSection(ExtensibilityGlobals) = postSolution
		SolutionGuid = {9B80B803-3EC3-45DE-BF4E-8EBAE5B9F574}
	EndGlobalSection
EndGlobal
