
Microsoft Visual Studio Solution File, Format Version 12.00
# Visual Studio Version 16
VisualStudioVersion = 16.0.30709.64
MinimumVisualStudioVersion = 10.0.40219.1
Project("{9A19103F-16F7-4668-BE54-9A1E7A4F7556}") = "TodoMvc", "sample\new\TodoMvc.csproj", "{D549E404-1DA1-44E4-85C8-1220B4213F63}"
EndProject
Project("{9A19103F-16F7-4668-BE54-9A1E7A4F7556}") = "MinimalCompatShim", "sample\CompatShim\MinimalCompatShim.csproj", "{E64863EA-E723-4E99-8759-B32158793270}"
EndProject
Project("{9A19103F-16F7-4668-BE54-9A1E7A4F7556}") = "Microsoft.AspNetCore.Migration", "src\Microsoft.AspNetCore.Migration.csproj", "{C2CE5A64-B2E6-4099-8109-5F32E52C9598}"
EndProject
Global
	GlobalSection(SolutionConfigurationPlatforms) = preSolution
		Debug|Any CPU = Debug|Any CPU
		Release|Any CPU = Release|Any CPU
	EndGlobalSection
	GlobalSection(ProjectConfigurationPlatforms) = postSolution
		{D549E404-1DA1-44E4-85C8-1220B4213F63}.Debug|Any CPU.ActiveCfg = Debug|Any CPU
		{D549E404-1DA1-44E4-85C8-1220B4213F63}.Debug|Any CPU.Build.0 = Debug|Any CPU
		{D549E404-1DA1-44E4-85C8-1220B4213F63}.Release|Any CPU.ActiveCfg = Release|Any CPU
		{D549E404-1DA1-44E4-85C8-1220B4213F63}.Release|Any CPU.Build.0 = Release|Any CPU
		{E64863EA-E723-4E99-8759-B32158793270}.Debug|Any CPU.ActiveCfg = Debug|Any CPU
		{E64863EA-E723-4E99-8759-B32158793270}.Debug|Any CPU.Build.0 = Debug|Any CPU
		{E64863EA-E723-4E99-8759-B32158793270}.Release|Any CPU.ActiveCfg = Release|Any CPU
		{E64863EA-E723-4E99-8759-B32158793270}.Release|Any CPU.Build.0 = Release|Any CPU
		{C2CE5A64-B2E6-4099-8109-5F32E52C9598}.Debug|Any CPU.ActiveCfg = Debug|Any CPU
		{C2CE5A64-B2E6-4099-8109-5F32E52C9598}.Debug|Any CPU.Build.0 = Debug|Any CPU
		{C2CE5A64-B2E6-4099-8109-5F32E52C9598}.Release|Any CPU.ActiveCfg = Release|Any CPU
		{C2CE5A64-B2E6-4099-8109-5F32E52C9598}.Release|Any CPU.Build.0 = Release|Any CPU
	EndGlobalSection
	GlobalSection(SolutionProperties) = preSolution
		HideSolutionNode = FALSE
	EndGlobalSection
	GlobalSection(ExtensibilityGlobals) = postSolution
		SolutionGuid = {E9518424-9B95-4743-8E16-79009EFE78D0}
	EndGlobalSection
EndGlobal
