
Microsoft Visual Studio Solution File, Format Version 12.00
# Visual Studio 15
VisualStudioVersion = 15.0.26124.0
MinimumVisualStudioVersion = 15.0.26124.0
Project("{FAE04EC0-301F-11D3-BF4B-00C04F79EFBC}") = "Microsoft.HttpRepl.Tests", "Microsoft.HttpRepl.Tests\Microsoft.HttpRepl.Tests.csproj", "{84E7BEDA-9064-4B11-A84B-3011C6A97A8C}"
EndProject
Project("{FAE04EC0-301F-11D3-BF4B-00C04F79EFBC}") = "Microsoft.HttpRepl", "Microsoft.HttpRepl\Microsoft.HttpRepl.csproj", "{798BD900-DFF5-46CD-A422-5B0B2495A943}"
EndProject
Project("{FAE04EC0-301F-11D3-BF4B-00C04F79EFBC}") = "Microsoft.Repl.Tests", "Microsoft.Repl.Tests\Microsoft.Repl.Tests.csproj", "{218B878C-5856-4B1F-99B7-8D98AB4C1B03}"
EndProject
Project("{FAE04EC0-301F-11D3-BF4B-00C04F79EFBC}") = "Microsoft.Repl", "Microsoft.Repl\Microsoft.Repl.csproj", "{AC0BF0EE-FF72-4BD8-BF18-3322BE5FA695}"
EndProject
Global
	GlobalSection(SolutionConfigurationPlatforms) = preSolution
		Debug|Any CPU = Debug|Any CPU
		Debug|x64 = Debug|x64
		Debug|x86 = Debug|x86
		Release|Any CPU = Release|Any CPU
		Release|x64 = Release|x64
		Release|x86 = Release|x86
	EndGlobalSection
	GlobalSection(SolutionProperties) = preSolution
		HideSolutionNode = FALSE
	EndGlobalSection
	GlobalSection(ProjectConfigurationPlatforms) = postSolution
		{84E7BEDA-9064-4B11-A84B-3011C6A97A8C}.Debug|Any CPU.ActiveCfg = Debug|Any CPU
		{84E7BEDA-9064-4B11-A84B-3011C6A97A8C}.Debug|Any CPU.Build.0 = Debug|Any CPU
		{84E7BEDA-9064-4B11-A84B-3011C6A97A8C}.Debug|x64.ActiveCfg = Debug|Any CPU
		{84E7BEDA-9064-4B11-A84B-3011C6A97A8C}.Debug|x64.Build.0 = Debug|Any CPU
		{84E7BEDA-9064-4B11-A84B-3011C6A97A8C}.Debug|x86.ActiveCfg = Debug|Any CPU
		{84E7BEDA-9064-4B11-A84B-3011C6A97A8C}.Debug|x86.Build.0 = Debug|Any CPU
		{84E7BEDA-9064-4B11-A84B-3011C6A97A8C}.Release|Any CPU.ActiveCfg = Release|Any CPU
		{84E7BEDA-9064-4B11-A84B-3011C6A97A8C}.Release|Any CPU.Build.0 = Release|Any CPU
		{84E7BEDA-9064-4B11-A84B-3011C6A97A8C}.Release|x64.ActiveCfg = Release|Any CPU
		{84E7BEDA-9064-4B11-A84B-3011C6A97A8C}.Release|x64.Build.0 = Release|Any CPU
		{84E7BEDA-9064-4B11-A84B-3011C6A97A8C}.Release|x86.ActiveCfg = Release|Any CPU
		{84E7BEDA-9064-4B11-A84B-3011C6A97A8C}.Release|x86.Build.0 = Release|Any CPU
		{798BD900-DFF5-46CD-A422-5B0B2495A943}.Debug|Any CPU.ActiveCfg = Debug|Any CPU
		{798BD900-DFF5-46CD-A422-5B0B2495A943}.Debug|Any CPU.Build.0 = Debug|Any CPU
		{798BD900-DFF5-46CD-A422-5B0B2495A943}.Debug|x64.ActiveCfg = Debug|Any CPU
		{798BD900-DFF5-46CD-A422-5B0B2495A943}.Debug|x64.Build.0 = Debug|Any CPU
		{798BD900-DFF5-46CD-A422-5B0B2495A943}.Debug|x86.ActiveCfg = Debug|Any CPU
		{798BD900-DFF5-46CD-A422-5B0B2495A943}.Debug|x86.Build.0 = Debug|Any CPU
		{798BD900-DFF5-46CD-A422-5B0B2495A943}.Release|Any CPU.ActiveCfg = Release|Any CPU
		{798BD900-DFF5-46CD-A422-5B0B2495A943}.Release|Any CPU.Build.0 = Release|Any CPU
		{798BD900-DFF5-46CD-A422-5B0B2495A943}.Release|x64.ActiveCfg = Release|Any CPU
		{798BD900-DFF5-46CD-A422-5B0B2495A943}.Release|x64.Build.0 = Release|Any CPU
		{798BD900-DFF5-46CD-A422-5B0B2495A943}.Release|x86.ActiveCfg = Release|Any CPU
		{798BD900-DFF5-46CD-A422-5B0B2495A943}.Release|x86.Build.0 = Release|Any CPU
		{218B878C-5856-4B1F-99B7-8D98AB4C1B03}.Debug|Any CPU.ActiveCfg = Debug|Any CPU
		{218B878C-5856-4B1F-99B7-8D98AB4C1B03}.Debug|Any CPU.Build.0 = Debug|Any CPU
		{218B878C-5856-4B1F-99B7-8D98AB4C1B03}.Debug|x64.ActiveCfg = Debug|Any CPU
		{218B878C-5856-4B1F-99B7-8D98AB4C1B03}.Debug|x64.Build.0 = Debug|Any CPU
		{218B878C-5856-4B1F-99B7-8D98AB4C1B03}.Debug|x86.ActiveCfg = Debug|Any CPU
		{218B878C-5856-4B1F-99B7-8D98AB4C1B03}.Debug|x86.Build.0 = Debug|Any CPU
		{218B878C-5856-4B1F-99B7-8D98AB4C1B03}.Release|Any CPU.ActiveCfg = Release|Any CPU
		{218B878C-5856-4B1F-99B7-8D98AB4C1B03}.Release|Any CPU.Build.0 = Release|Any CPU
		{218B878C-5856-4B1F-99B7-8D98AB4C1B03}.Release|x64.ActiveCfg = Release|Any CPU
		{218B878C-5856-4B1F-99B7-8D98AB4C1B03}.Release|x64.Build.0 = Release|Any CPU
		{218B878C-5856-4B1F-99B7-8D98AB4C1B03}.Release|x86.ActiveCfg = Release|Any CPU
		{218B878C-5856-4B1F-99B7-8D98AB4C1B03}.Release|x86.Build.0 = Release|Any CPU
		{AC0BF0EE-FF72-4BD8-BF18-3322BE5FA695}.Debug|Any CPU.ActiveCfg = Debug|Any CPU
		{AC0BF0EE-FF72-4BD8-BF18-3322BE5FA695}.Debug|Any CPU.Build.0 = Debug|Any CPU
		{AC0BF0EE-FF72-4BD8-BF18-3322BE5FA695}.Debug|x64.ActiveCfg = Debug|Any CPU
		{AC0BF0EE-FF72-4BD8-BF18-3322BE5FA695}.Debug|x64.Build.0 = Debug|Any CPU
		{AC0BF0EE-FF72-4BD8-BF18-3322BE5FA695}.Debug|x86.ActiveCfg = Debug|Any CPU
		{AC0BF0EE-FF72-4BD8-BF18-3322BE5FA695}.Debug|x86.Build.0 = Debug|Any CPU
		{AC0BF0EE-FF72-4BD8-BF18-3322BE5FA695}.Release|Any CPU.ActiveCfg = Release|Any CPU
		{AC0BF0EE-FF72-4BD8-BF18-3322BE5FA695}.Release|Any CPU.Build.0 = Release|Any CPU
		{AC0BF0EE-FF72-4BD8-BF18-3322BE5FA695}.Release|x64.ActiveCfg = Release|Any CPU
		{AC0BF0EE-FF72-4BD8-BF18-3322BE5FA695}.Release|x64.Build.0 = Release|Any CPU
		{AC0BF0EE-FF72-4BD8-BF18-3322BE5FA695}.Release|x86.ActiveCfg = Release|Any CPU
		{AC0BF0EE-FF72-4BD8-BF18-3322BE5FA695}.Release|x86.Build.0 = Release|Any CPU
	EndGlobalSection
EndGlobal
