
Microsoft Visual Studio Solution File, Format Version 12.00
# Visual Studio Version 16
VisualStudioVersion = 16.0.30114.128
MinimumVisualStudioVersion = 10.0.40219.1
Project("{9A19103F-16F7-4668-BE54-9A1E7A4F7556}") = "ProxyProtocol.Sample", "ProxyProtocol.Sample\ProxyProtocol.Sample.csproj", "{BA5300BC-7822-4DBC-B342-4C1FD571B1A7}"
EndProject
Project("{FAE04EC0-301F-11D3-BF4B-00C04F79EFBC}") = "Client.Sample", "Client.Sample\Client.Sample.csproj", "{9CB46DAE-BCDB-4E12-952E-AF79224D56D7}"
EndProject
Global
	GlobalSection(SolutionConfigurationPlatforms) = preSolution
		Debug|Any CPU = Debug|Any CPU
		Release|Any CPU = Release|Any CPU
	EndGlobalSection
	GlobalSection(ProjectConfigurationPlatforms) = postSolution
		{BA5300BC-7822-4DBC-B342-4C1FD571B1A7}.Debug|Any CPU.ActiveCfg = Debug|Any CPU
		{BA5300BC-7822-4DBC-B342-4C1FD571B1A7}.Debug|Any CPU.Build.0 = Debug|Any CPU
		{BA5300BC-7822-4DBC-B342-4C1FD571B1A7}.Release|Any CPU.ActiveCfg = Release|Any CPU
		{BA5300BC-7822-4DBC-B342-4C1FD571B1A7}.Release|Any CPU.Build.0 = Release|Any CPU
		{9CB46DAE-BCDB-4E12-952E-AF79224D56D7}.Debug|Any CPU.ActiveCfg = Debug|Any CPU
		{9CB46DAE-BCDB-4E12-952E-AF79224D56D7}.Debug|Any CPU.Build.0 = Debug|Any CPU
		{9CB46DAE-BCDB-4E12-952E-AF79224D56D7}.Release|Any CPU.ActiveCfg = Release|Any CPU
		{9CB46DAE-BCDB-4E12-952E-AF79224D56D7}.Release|Any CPU.Build.0 = Release|Any CPU
	EndGlobalSection
	GlobalSection(SolutionProperties) = preSolution
		HideSolutionNode = FALSE
	EndGlobalSection
	GlobalSection(ExtensibilityGlobals) = postSolution
		SolutionGuid = {1C594949-18F3-49BB-9161-3A248D826E6D}
	EndGlobalSection
EndGlobal
