
Microsoft Visual Studio Solution File, Format Version 12.00
# Visual Studio Version 16
VisualStudioVersion = 16.0.29021.104
MinimumVisualStudioVersion = 15.0.26124.0
Project("{9A19103F-16F7-4668-BE54-9A1E7A4F7556}") = "Microsoft.AspNetCore.ProtectedBrowserStorage", "src\Microsoft.AspNetCore.ProtectedBrowserStorage.csproj", "{955F1865-B258-47F9-8654-A6A44E08246E}"
EndProject
Project("{9A19103F-16F7-4668-BE54-9A1E7A4F7556}") = "Microsoft.AspNetCore.ProtectedBrowserStorage.Tests", "test\Microsoft.AspNetCore.ProtectedBrowserStorage.Tests.csproj", "{AB09A93F-28E2-4AA3-AFF1-53E71E6521E6}"
EndProject
Project("{2150E333-8FDC-42A3-9474-1A3956D46DE8}") = "src", "src", "{CD150B12-A9B3-4D67-B4D8-5A239A828804}"
EndProject
Project("{2150E333-8FDC-42A3-9474-1A3956D46DE8}") = "test", "test", "{6B4DB52E-7008-4ECE-9D41-F3F92E52E468}"
EndProject
Project("{2150E333-8FDC-42A3-9474-1A3956D46DE8}") = "sample", "sample", "{45EE528E-42FB-46FE-BC4D-6A999AAAB312}"
EndProject
Global
	GlobalSection(SolutionConfigurationPlatforms) = preSolution
		Debug|Any CPU = Debug|Any CPU
		Debug|x64 = Debug|x64
		Debug|x86 = Debug|x86
		Release|Any CPU = Release|Any CPU
		Release|x64 = Release|x64
		Release|x86 = Release|x86
	EndGlobalSection
	GlobalSection(ProjectConfigurationPlatforms) = postSolution
		{955F1865-B258-47F9-8654-A6A44E08246E}.Debug|Any CPU.ActiveCfg = Debug|Any CPU
		{955F1865-B258-47F9-8654-A6A44E08246E}.Debug|Any CPU.Build.0 = Debug|Any CPU
		{955F1865-B258-47F9-8654-A6A44E08246E}.Debug|x64.ActiveCfg = Debug|Any CPU
		{955F1865-B258-47F9-8654-A6A44E08246E}.Debug|x64.Build.0 = Debug|Any CPU
		{955F1865-B258-47F9-8654-A6A44E08246E}.Debug|x86.ActiveCfg = Debug|Any CPU
		{955F1865-B258-47F9-8654-A6A44E08246E}.Debug|x86.Build.0 = Debug|Any CPU
		{955F1865-B258-47F9-8654-A6A44E08246E}.Release|Any CPU.ActiveCfg = Release|Any CPU
		{955F1865-B258-47F9-8654-A6A44E08246E}.Release|Any CPU.Build.0 = Release|Any CPU
		{955F1865-B258-47F9-8654-A6A44E08246E}.Release|x64.ActiveCfg = Release|Any CPU
		{955F1865-B258-47F9-8654-A6A44E08246E}.Release|x64.Build.0 = Release|Any CPU
		{955F1865-B258-47F9-8654-A6A44E08246E}.Release|x86.ActiveCfg = Release|Any CPU
		{955F1865-B258-47F9-8654-A6A44E08246E}.Release|x86.Build.0 = Release|Any CPU
		{AB09A93F-28E2-4AA3-AFF1-53E71E6521E6}.Debug|Any CPU.ActiveCfg = Debug|Any CPU
		{AB09A93F-28E2-4AA3-AFF1-53E71E6521E6}.Debug|Any CPU.Build.0 = Debug|Any CPU
		{AB09A93F-28E2-4AA3-AFF1-53E71E6521E6}.Debug|x64.ActiveCfg = Debug|Any CPU
		{AB09A93F-28E2-4AA3-AFF1-53E71E6521E6}.Debug|x64.Build.0 = Debug|Any CPU
		{AB09A93F-28E2-4AA3-AFF1-53E71E6521E6}.Debug|x86.ActiveCfg = Debug|Any CPU
		{AB09A93F-28E2-4AA3-AFF1-53E71E6521E6}.Debug|x86.Build.0 = Debug|Any CPU
		{AB09A93F-28E2-4AA3-AFF1-53E71E6521E6}.Release|Any CPU.ActiveCfg = Release|Any CPU
		{AB09A93F-28E2-4AA3-AFF1-53E71E6521E6}.Release|Any CPU.Build.0 = Release|Any CPU
		{AB09A93F-28E2-4AA3-AFF1-53E71E6521E6}.Release|x64.ActiveCfg = Release|Any CPU
		{AB09A93F-28E2-4AA3-AFF1-53E71E6521E6}.Release|x64.Build.0 = Release|Any CPU
		{AB09A93F-28E2-4AA3-AFF1-53E71E6521E6}.Release|x86.ActiveCfg = Release|Any CPU
		{AB09A93F-28E2-4AA3-AFF1-53E71E6521E6}.Release|x86.Build.0 = Release|Any CPU
	EndGlobalSection
	GlobalSection(SolutionProperties) = preSolution
		HideSolutionNode = FALSE
	EndGlobalSection
	GlobalSection(NestedProjects) = preSolution
		{955F1865-B258-47F9-8654-A6A44E08246E} = {CD150B12-A9B3-4D67-B4D8-5A239A828804}
		{AB09A93F-28E2-4AA3-AFF1-53E71E6521E6} = {6B4DB52E-7008-4ECE-9D41-F3F92E52E468}
	EndGlobalSection
	GlobalSection(ExtensibilityGlobals) = postSolution
		SolutionGuid = {51AEC06F-42A0-4CC7-BB10-98FE1A94375A}
	EndGlobalSection
EndGlobal
