
Microsoft Visual Studio Solution File, Format Version 12.00
# Visual Studio 15
VisualStudioVersion = 15.0.27110.0
MinimumVisualStudioVersion = 10.0.40219.1
Project("{2150E333-8FDC-42A3-9474-1A3956D46DE8}") = "Src", "Src", "{929F44D0-A040-4DC3-A22F-4C5829C05D44}"
	ProjectSection(SolutionItems) = preProject
		src\Directory.Build.props = src\Directory.Build.props
	EndProjectSection
EndProject
Project("{2150E333-8FDC-42A3-9474-1A3956D46DE8}") = "Test", "Test", "{9575CB90-BC4B-43BB-8AEA-82C53FDA4187}"
	ProjectSection(SolutionItems) = preProject
		test\Directory.Build.props = test\Directory.Build.props
	EndProjectSection
EndProject
Project("{2150E333-8FDC-42A3-9474-1A3956D46DE8}") = "Solution Items", "Solution Items", "{9C98BA1B-1543-45B8-A11D-C31F51C0D22A}"
	ProjectSection(SolutionItems) = preProject
		dependencies.props = dependencies.props
		Directory.Build.props = Directory.Build.props
		Directory.Build.targets = Directory.Build.targets
		README.md = README.md
		version.props = version.props
	EndProjectSection
EndProject
Project("{2150E333-8FDC-42A3-9474-1A3956D46DE8}") = "Samples", "Samples", "{E957C8D9-B4A0-488B-838F-BAB4DE080A76}"
	ProjectSection(SolutionItems) = preProject
		samples\Directory.Build.props = samples\Directory.Build.props
	EndProjectSection
EndProject
Project("{9A19103F-16F7-4668-BE54-9A1E7A4F7556}") = "Microsoft.AspNetCore.WebHooks.Receivers", "src\Microsoft.AspNetCore.WebHooks.Receivers\Microsoft.AspNetCore.WebHooks.Receivers.csproj", "{657D9111-1AAD-439A-B7B3-261EDB7BFBE4}"
EndProject
Project("{9A19103F-16F7-4668-BE54-9A1E7A4F7556}") = "Microsoft.AspNetCore.WebHooks.Receivers.GitHub", "src\Microsoft.AspNetCore.WebHooks.Receivers.GitHub\Microsoft.AspNetCore.WebHooks.Receivers.GitHub.csproj", "{A7E385B5-8691-402B-916A-8E791E5D62CF}"
EndProject
Project("{9A19103F-16F7-4668-BE54-9A1E7A4F7556}") = "GitHubCoreReceiver", "samples\GitHubCoreReceiver\GitHubCoreReceiver.csproj", "{BF3CA06F-4610-40E3-9C8F-C450486BB81C}"
EndProject
Project("{9A19103F-16F7-4668-BE54-9A1E7A4F7556}") = "Microsoft.AspNetCore.WebHooks.Receivers.AzureAlert", "src\Microsoft.AspNetCore.WebHooks.Receivers.AzureAlert\Microsoft.AspNetCore.WebHooks.Receivers.AzureAlert.csproj", "{FAE4E7F8-7786-4388-802D-69C5C40DD5ED}"
EndProject
Project("{FAE04EC0-301F-11D3-BF4B-00C04F79EFBC}") = "Microsoft.AspNetCore.WebHooks.Receivers.AzureContainerRegistry", "src\Microsoft.AspNetCore.WebHooks.Receivers.AzureContainerRegistry\Microsoft.AspNetCore.WebHooks.Receivers.AzureContainerRegistry.csproj", "{B4297872-1ED3-4A5D-95A8-0C1A11FDF781}"
EndProject
Project("{9A19103F-16F7-4668-BE54-9A1E7A4F7556}") = "Microsoft.AspNetCore.WebHooks.Receivers.BitBucket", "src\Microsoft.AspNetCore.WebHooks.Receivers.BitBucket\Microsoft.AspNetCore.WebHooks.Receivers.BitBucket.csproj", "{06B0D9D1-1368-423E-B2F7-5F408423A187}"
EndProject
Project("{9A19103F-16F7-4668-BE54-9A1E7A4F7556}") = "Microsoft.AspNetCore.WebHooks.Receivers.Dropbox", "src\Microsoft.AspNetCore.WebHooks.Receivers.Dropbox\Microsoft.AspNetCore.WebHooks.Receivers.Dropbox.csproj", "{99046330-F5C1-4994-9EAC-79B2845D46D5}"
EndProject
Project("{9A19103F-16F7-4668-BE54-9A1E7A4F7556}") = "Microsoft.AspNetCore.WebHooks.Receivers.DynamicsCRM", "src\Microsoft.AspNetCore.WebHooks.Receivers.DynamicsCRM\Microsoft.AspNetCore.WebHooks.Receivers.DynamicsCRM.csproj", "{3D6713DD-940C-434E-B8F4-EE31E5F35E50}"
EndProject
Project("{9A19103F-16F7-4668-BE54-9A1E7A4F7556}") = "Microsoft.AspNetCore.WebHooks.Receivers.MailChimp", "src\Microsoft.AspNetCore.WebHooks.Receivers.MailChimp\Microsoft.AspNetCore.WebHooks.Receivers.MailChimp.csproj", "{1A7F4322-FCB1-43C7-B997-C818F2ADDE34}"
EndProject
Project("{9A19103F-16F7-4668-BE54-9A1E7A4F7556}") = "Microsoft.AspNetCore.WebHooks.Receivers.Pusher", "src\Microsoft.AspNetCore.WebHooks.Receivers.Pusher\Microsoft.AspNetCore.WebHooks.Receivers.Pusher.csproj", "{48BE6B07-1440-4341-A912-D91339CE7D31}"
EndProject
Project("{9A19103F-16F7-4668-BE54-9A1E7A4F7556}") = "Microsoft.AspNetCore.WebHooks.Receivers.Salesforce", "src\Microsoft.AspNetCore.WebHooks.Receivers.Salesforce\Microsoft.AspNetCore.WebHooks.Receivers.Salesforce.csproj", "{40AA776C-E7BB-4786-8FFF-044C71821EE1}"
EndProject
Project("{9A19103F-16F7-4668-BE54-9A1E7A4F7556}") = "Microsoft.AspNetCore.WebHooks.Receivers.Slack", "src\Microsoft.AspNetCore.WebHooks.Receivers.Slack\Microsoft.AspNetCore.WebHooks.Receivers.Slack.csproj", "{497C5DDA-E38D-4437-A4B9-EC03349BA444}"
EndProject
Project("{9A19103F-16F7-4668-BE54-9A1E7A4F7556}") = "Microsoft.AspNetCore.WebHooks.Receivers.Stripe", "src\Microsoft.AspNetCore.WebHooks.Receivers.Stripe\Microsoft.AspNetCore.WebHooks.Receivers.Stripe.csproj", "{63C91BD3-64A9-4300-B8C6-1CB835E187B3}"
EndProject
Project("{9A19103F-16F7-4668-BE54-9A1E7A4F7556}") = "Microsoft.AspNetCore.WebHooks.Receivers.Trello", "src\Microsoft.AspNetCore.WebHooks.Receivers.Trello\Microsoft.AspNetCore.WebHooks.Receivers.Trello.csproj", "{936B15A6-F95C-4D84-AE21-3177E540E2D0}"
EndProject
Project("{9A19103F-16F7-4668-BE54-9A1E7A4F7556}") = "Microsoft.AspNetCore.WebHooks.Receivers.WordPress", "src\Microsoft.AspNetCore.WebHooks.Receivers.WordPress\Microsoft.AspNetCore.WebHooks.Receivers.WordPress.csproj", "{897363CC-EF16-4BA8-9D7E-710F652E416F}"
EndProject
Project("{9A19103F-16F7-4668-BE54-9A1E7A4F7556}") = "Microsoft.AspNetCore.WebHooks.Receivers.Kudu", "src\Microsoft.AspNetCore.WebHooks.Receivers.Kudu\Microsoft.AspNetCore.WebHooks.Receivers.Kudu.csproj", "{D337952E-4081-43CB-9C98-BAE6F5D72BAF}"
EndProject
Project("{9A19103F-16F7-4668-BE54-9A1E7A4F7556}") = "BitbucketCoreReceiver", "samples\BitbucketCoreReceiver\BitbucketCoreReceiver.csproj", "{903CC30B-952F-4786-BD7B-688C65ACB8D9}"
EndProject
Project("{9A19103F-16F7-4668-BE54-9A1E7A4F7556}") = "AzureAlertCoreReceiver", "samples\AzureAlertCoreReceiver\AzureAlertCoreReceiver.csproj", "{66B213C4-0647-4E6A-9A1A-98653F60FC74}"
EndProject
Project("{9A19103F-16F7-4668-BE54-9A1E7A4F7556}") = "AzureContainerRegistryCoreReceiver", "samples\AzureContainerRegistryCoreReceiver\AzureContainerRegistryCoreReceiver.csproj", "{34CE87FF-05A7-4463-9F43-722194FEAACF}"
EndProject
Project("{9A19103F-16F7-4668-BE54-9A1E7A4F7556}") = "KuduCoreReceiver", "samples\KuduCoreReceiver\KuduCoreReceiver.csproj", "{FB7E7FF1-4DAC-45D6-8128-1A528CE9A4D1}"
EndProject
Project("{9A19103F-16F7-4668-BE54-9A1E7A4F7556}") = "DropboxCoreReceiver", "samples\DropboxCoreReceiver\DropboxCoreReceiver.csproj", "{F60AE9EC-E168-4607-B781-B6A464EEAA79}"
EndProject
Project("{9A19103F-16F7-4668-BE54-9A1E7A4F7556}") = "BitbucketStronglyTypedCoreReceiver", "samples\BitbucketStronglyTypedCoreReceiver\BitbucketStronglyTypedCoreReceiver.csproj", "{EA934BCE-6781-40AA-A0F6-0EDC697594BF}"
EndProject
Project("{9A19103F-16F7-4668-BE54-9A1E7A4F7556}") = "DynamicsCRMCoreReceiver", "samples\DynamicsCRMCoreReceiver\DynamicsCRMCoreReceiver.csproj", "{BD13F7E7-B016-478F-AD54-8F875553806B}"
EndProject
Project("{9A19103F-16F7-4668-BE54-9A1E7A4F7556}") = "MailChimpCoreReceiver", "samples\MailChimpCoreReceiver\MailChimpCoreReceiver.csproj", "{4563A906-6FAB-46E7-B281-C88A391EE48A}"
EndProject
Project("{9A19103F-16F7-4668-BE54-9A1E7A4F7556}") = "PusherCoreReceiver", "samples\PusherCoreReceiver\PusherCoreReceiver.csproj", "{C7E3E4AA-39A8-46FB-B36D-837DEE69CE18}"
EndProject
Project("{9A19103F-16F7-4668-BE54-9A1E7A4F7556}") = "SalesforceCoreReceiver", "samples\SalesforceCoreReceiver\SalesforceCoreReceiver.csproj", "{3762D23D-A7BF-499A-BF33-AFAF4647358E}"
EndProject
Project("{9A19103F-16F7-4668-BE54-9A1E7A4F7556}") = "SlackCoreReceiver", "samples\SlackCoreReceiver\SlackCoreReceiver.csproj", "{D3A8D951-D55A-414E-8A5D-F8A8AF1F61FA}"
EndProject
Project("{9A19103F-16F7-4668-BE54-9A1E7A4F7556}") = "StripeCoreReceiver", "samples\StripeCoreReceiver\StripeCoreReceiver.csproj", "{693E5E07-5A05-4569-8373-369D4F918BEF}"
EndProject
Project("{9A19103F-16F7-4668-BE54-9A1E7A4F7556}") = "Microsoft.AspNetCore.WebHooks.Receivers.Stripe.Test", "test\Microsoft.AspNetCore.WebHooks.Receivers.Stripe.Test\Microsoft.AspNetCore.WebHooks.Receivers.Stripe.Test.csproj", "{79247F99-4829-4FB4-8412-0ECF39FF7E37}"
EndProject
Project("{9A19103F-16F7-4668-BE54-9A1E7A4F7556}") = "Microsoft.AspNetCore.WebHooks.Receivers.Slack.Test", "test\Microsoft.AspNetCore.WebHooks.Receivers.Slack.Test\Microsoft.AspNetCore.WebHooks.Receivers.Slack.Test.csproj", "{DFD36032-179A-4C2E-A90B-0537A864969A}"
EndProject
Project("{9A19103F-16F7-4668-BE54-9A1E7A4F7556}") = "Microsoft.AspNetCore.WebHooks.shared.Test", "test\Microsoft.AspNetCore.shared.Test\Microsoft.AspNetCore.WebHooks.shared.Test.csproj", "{9E9BD14E-E4EA-411C-A980-066C7178D5E8}"
EndProject
Project("{9A19103F-16F7-4668-BE54-9A1E7A4F7556}") = "WordPressCoreReceiver", "samples\WordPressCoreReceiver\WordPressCoreReceiver.csproj", "{2796FB1C-FE9B-49EF-8BF7-DAB28615F79E}"
EndProject
Project("{9A19103F-16F7-4668-BE54-9A1E7A4F7556}") = "Microsoft.AspNetCore.WebHooks.Receivers.Test", "test\Microsoft.AspNetCore.WebHooks.Receivers.Test\Microsoft.AspNetCore.WebHooks.Receivers.Test.csproj", "{3EE810BD-AE8A-43F8-AC80-F490C0E2B3D8}"
EndProject
Project("{9A19103F-16F7-4668-BE54-9A1E7A4F7556}") = "Microsoft.AspNetCore.WebHooks.Receivers.Trello.Test", "test\Microsoft.AspNetCore.WebHooks.Receivers.Trello.Test\Microsoft.AspNetCore.WebHooks.Receivers.Trello.Test.csproj", "{91E02D64-BA6E-473C-A250-D1051A50DDAB}"
EndProject
Project("{9A19103F-16F7-4668-BE54-9A1E7A4F7556}") = "TrelloCoreReceiver", "samples\TrelloCoreReceiver\TrelloCoreReceiver.csproj", "{E9E37253-3FE1-44A4-A9E7-A2B6C54EECFE}"
EndProject
Project("{9A19103F-16F7-4668-BE54-9A1E7A4F7556}") = "Microsoft.AspNetCore.WebHooks.FunctionalTest", "test\Microsoft.AspNetCore.WebHooks.FunctionalTest\Microsoft.AspNetCore.WebHooks.FunctionalTest.csproj", "{F42E56B7-60D4-481A-8585-04015B2B501E}"
EndProject
Global
	GlobalSection(SolutionConfigurationPlatforms) = preSolution
		Debug|Any CPU = Debug|Any CPU
		Release|Any CPU = Release|Any CPU
	EndGlobalSection
	GlobalSection(ProjectConfigurationPlatforms) = postSolution
		{657D9111-1AAD-439A-B7B3-261EDB7BFBE4}.Debug|Any CPU.ActiveCfg = Debug|Any CPU
		{657D9111-1AAD-439A-B7B3-261EDB7BFBE4}.Debug|Any CPU.Build.0 = Debug|Any CPU
		{657D9111-1AAD-439A-B7B3-261EDB7BFBE4}.Release|Any CPU.ActiveCfg = Release|Any CPU
		{657D9111-1AAD-439A-B7B3-261EDB7BFBE4}.Release|Any CPU.Build.0 = Release|Any CPU
		{A7E385B5-8691-402B-916A-8E791E5D62CF}.Debug|Any CPU.ActiveCfg = Debug|Any CPU
		{A7E385B5-8691-402B-916A-8E791E5D62CF}.Debug|Any CPU.Build.0 = Debug|Any CPU
		{A7E385B5-8691-402B-916A-8E791E5D62CF}.Release|Any CPU.ActiveCfg = Release|Any CPU
		{A7E385B5-8691-402B-916A-8E791E5D62CF}.Release|Any CPU.Build.0 = Release|Any CPU
		{BF3CA06F-4610-40E3-9C8F-C450486BB81C}.Debug|Any CPU.ActiveCfg = Debug|Any CPU
		{BF3CA06F-4610-40E3-9C8F-C450486BB81C}.Debug|Any CPU.Build.0 = Debug|Any CPU
		{BF3CA06F-4610-40E3-9C8F-C450486BB81C}.Release|Any CPU.ActiveCfg = Release|Any CPU
		{BF3CA06F-4610-40E3-9C8F-C450486BB81C}.Release|Any CPU.Build.0 = Release|Any CPU
		{FAE4E7F8-7786-4388-802D-69C5C40DD5ED}.Debug|Any CPU.ActiveCfg = Debug|Any CPU
		{FAE4E7F8-7786-4388-802D-69C5C40DD5ED}.Debug|Any CPU.Build.0 = Debug|Any CPU
		{FAE4E7F8-7786-4388-802D-69C5C40DD5ED}.Release|Any CPU.ActiveCfg = Release|Any CPU
		{FAE4E7F8-7786-4388-802D-69C5C40DD5ED}.Release|Any CPU.Build.0 = Release|Any CPU
		{B4297872-1ED3-4A5D-95A8-0C1A11FDF781}.Debug|Any CPU.ActiveCfg = Debug|Any CPU
		{B4297872-1ED3-4A5D-95A8-0C1A11FDF781}.Debug|Any CPU.Build.0 = Debug|Any CPU
		{B4297872-1ED3-4A5D-95A8-0C1A11FDF781}.Release|Any CPU.ActiveCfg = Release|Any CPU
		{B4297872-1ED3-4A5D-95A8-0C1A11FDF781}.Release|Any CPU.Build.0 = Release|Any CPU
		{06B0D9D1-1368-423E-B2F7-5F408423A187}.Debug|Any CPU.ActiveCfg = Debug|Any CPU
		{06B0D9D1-1368-423E-B2F7-5F408423A187}.Debug|Any CPU.Build.0 = Debug|Any CPU
		{06B0D9D1-1368-423E-B2F7-5F408423A187}.Release|Any CPU.ActiveCfg = Release|Any CPU
		{06B0D9D1-1368-423E-B2F7-5F408423A187}.Release|Any CPU.Build.0 = Release|Any CPU
		{99046330-F5C1-4994-9EAC-79B2845D46D5}.Debug|Any CPU.ActiveCfg = Debug|Any CPU
		{99046330-F5C1-4994-9EAC-79B2845D46D5}.Debug|Any CPU.Build.0 = Debug|Any CPU
		{99046330-F5C1-4994-9EAC-79B2845D46D5}.Release|Any CPU.ActiveCfg = Release|Any CPU
		{99046330-F5C1-4994-9EAC-79B2845D46D5}.Release|Any CPU.Build.0 = Release|Any CPU
		{3D6713DD-940C-434E-B8F4-EE31E5F35E50}.Debug|Any CPU.ActiveCfg = Debug|Any CPU
		{3D6713DD-940C-434E-B8F4-EE31E5F35E50}.Debug|Any CPU.Build.0 = Debug|Any CPU
		{3D6713DD-940C-434E-B8F4-EE31E5F35E50}.Release|Any CPU.ActiveCfg = Release|Any CPU
		{3D6713DD-940C-434E-B8F4-EE31E5F35E50}.Release|Any CPU.Build.0 = Release|Any CPU
		{1A7F4322-FCB1-43C7-B997-C818F2ADDE34}.Debug|Any CPU.ActiveCfg = Debug|Any CPU
		{1A7F4322-FCB1-43C7-B997-C818F2ADDE34}.Debug|Any CPU.Build.0 = Debug|Any CPU
		{1A7F4322-FCB1-43C7-B997-C818F2ADDE34}.Release|Any CPU.ActiveCfg = Release|Any CPU
		{1A7F4322-FCB1-43C7-B997-C818F2ADDE34}.Release|Any CPU.Build.0 = Release|Any CPU
		{48BE6B07-1440-4341-A912-D91339CE7D31}.Debug|Any CPU.ActiveCfg = Debug|Any CPU
		{48BE6B07-1440-4341-A912-D91339CE7D31}.Debug|Any CPU.Build.0 = Debug|Any CPU
		{48BE6B07-1440-4341-A912-D91339CE7D31}.Release|Any CPU.ActiveCfg = Release|Any CPU
		{48BE6B07-1440-4341-A912-D91339CE7D31}.Release|Any CPU.Build.0 = Release|Any CPU
		{40AA776C-E7BB-4786-8FFF-044C71821EE1}.Debug|Any CPU.ActiveCfg = Debug|Any CPU
		{40AA776C-E7BB-4786-8FFF-044C71821EE1}.Debug|Any CPU.Build.0 = Debug|Any CPU
		{40AA776C-E7BB-4786-8FFF-044C71821EE1}.Release|Any CPU.ActiveCfg = Release|Any CPU
		{40AA776C-E7BB-4786-8FFF-044C71821EE1}.Release|Any CPU.Build.0 = Release|Any CPU
		{497C5DDA-E38D-4437-A4B9-EC03349BA444}.Debug|Any CPU.ActiveCfg = Debug|Any CPU
		{497C5DDA-E38D-4437-A4B9-EC03349BA444}.Debug|Any CPU.Build.0 = Debug|Any CPU
		{497C5DDA-E38D-4437-A4B9-EC03349BA444}.Release|Any CPU.ActiveCfg = Release|Any CPU
		{497C5DDA-E38D-4437-A4B9-EC03349BA444}.Release|Any CPU.Build.0 = Release|Any CPU
		{63C91BD3-64A9-4300-B8C6-1CB835E187B3}.Debug|Any CPU.ActiveCfg = Debug|Any CPU
		{63C91BD3-64A9-4300-B8C6-1CB835E187B3}.Debug|Any CPU.Build.0 = Debug|Any CPU
		{63C91BD3-64A9-4300-B8C6-1CB835E187B3}.Release|Any CPU.ActiveCfg = Release|Any CPU
		{63C91BD3-64A9-4300-B8C6-1CB835E187B3}.Release|Any CPU.Build.0 = Release|Any CPU
		{936B15A6-F95C-4D84-AE21-3177E540E2D0}.Debug|Any CPU.ActiveCfg = Debug|Any CPU
		{936B15A6-F95C-4D84-AE21-3177E540E2D0}.Debug|Any CPU.Build.0 = Debug|Any CPU
		{936B15A6-F95C-4D84-AE21-3177E540E2D0}.Release|Any CPU.ActiveCfg = Release|Any CPU
		{936B15A6-F95C-4D84-AE21-3177E540E2D0}.Release|Any CPU.Build.0 = Release|Any CPU
		{897363CC-EF16-4BA8-9D7E-710F652E416F}.Debug|Any CPU.ActiveCfg = Debug|Any CPU
		{897363CC-EF16-4BA8-9D7E-710F652E416F}.Debug|Any CPU.Build.0 = Debug|Any CPU
		{897363CC-EF16-4BA8-9D7E-710F652E416F}.Release|Any CPU.ActiveCfg = Release|Any CPU
		{897363CC-EF16-4BA8-9D7E-710F652E416F}.Release|Any CPU.Build.0 = Release|Any CPU
		{D337952E-4081-43CB-9C98-BAE6F5D72BAF}.Debug|Any CPU.ActiveCfg = Debug|Any CPU
		{D337952E-4081-43CB-9C98-BAE6F5D72BAF}.Debug|Any CPU.Build.0 = Debug|Any CPU
		{D337952E-4081-43CB-9C98-BAE6F5D72BAF}.Release|Any CPU.ActiveCfg = Release|Any CPU
		{D337952E-4081-43CB-9C98-BAE6F5D72BAF}.Release|Any CPU.Build.0 = Release|Any CPU
		{903CC30B-952F-4786-BD7B-688C65ACB8D9}.Debug|Any CPU.ActiveCfg = Debug|Any CPU
		{903CC30B-952F-4786-BD7B-688C65ACB8D9}.Debug|Any CPU.Build.0 = Debug|Any CPU
		{903CC30B-952F-4786-BD7B-688C65ACB8D9}.Release|Any CPU.ActiveCfg = Release|Any CPU
		{903CC30B-952F-4786-BD7B-688C65ACB8D9}.Release|Any CPU.Build.0 = Release|Any CPU
		{66B213C4-0647-4E6A-9A1A-98653F60FC74}.Debug|Any CPU.ActiveCfg = Debug|Any CPU
		{66B213C4-0647-4E6A-9A1A-98653F60FC74}.Debug|Any CPU.Build.0 = Debug|Any CPU
		{66B213C4-0647-4E6A-9A1A-98653F60FC74}.Release|Any CPU.ActiveCfg = Release|Any CPU
		{66B213C4-0647-4E6A-9A1A-98653F60FC74}.Release|Any CPU.Build.0 = Release|Any CPU
		{34CE87FF-05A7-4463-9F43-722194FEAACF}.Debug|Any CPU.ActiveCfg = Debug|Any CPU
		{34CE87FF-05A7-4463-9F43-722194FEAACF}.Debug|Any CPU.Build.0 = Debug|Any CPU
		{34CE87FF-05A7-4463-9F43-722194FEAACF}.Release|Any CPU.ActiveCfg = Release|Any CPU
		{34CE87FF-05A7-4463-9F43-722194FEAACF}.Release|Any CPU.Build.0 = Release|Any CPU
		{FB7E7FF1-4DAC-45D6-8128-1A528CE9A4D1}.Debug|Any CPU.ActiveCfg = Debug|Any CPU
		{FB7E7FF1-4DAC-45D6-8128-1A528CE9A4D1}.Debug|Any CPU.Build.0 = Debug|Any CPU
		{FB7E7FF1-4DAC-45D6-8128-1A528CE9A4D1}.Release|Any CPU.ActiveCfg = Release|Any CPU
		{FB7E7FF1-4DAC-45D6-8128-1A528CE9A4D1}.Release|Any CPU.Build.0 = Release|Any CPU
		{F60AE9EC-E168-4607-B781-B6A464EEAA79}.Debug|Any CPU.ActiveCfg = Debug|Any CPU
		{F60AE9EC-E168-4607-B781-B6A464EEAA79}.Debug|Any CPU.Build.0 = Debug|Any CPU
		{F60AE9EC-E168-4607-B781-B6A464EEAA79}.Release|Any CPU.ActiveCfg = Release|Any CPU
		{F60AE9EC-E168-4607-B781-B6A464EEAA79}.Release|Any CPU.Build.0 = Release|Any CPU
		{EA934BCE-6781-40AA-A0F6-0EDC697594BF}.Debug|Any CPU.ActiveCfg = Debug|Any CPU
		{EA934BCE-6781-40AA-A0F6-0EDC697594BF}.Debug|Any CPU.Build.0 = Debug|Any CPU
		{EA934BCE-6781-40AA-A0F6-0EDC697594BF}.Release|Any CPU.ActiveCfg = Release|Any CPU
		{EA934BCE-6781-40AA-A0F6-0EDC697594BF}.Release|Any CPU.Build.0 = Release|Any CPU
		{BD13F7E7-B016-478F-AD54-8F875553806B}.Debug|Any CPU.ActiveCfg = Debug|Any CPU
		{BD13F7E7-B016-478F-AD54-8F875553806B}.Debug|Any CPU.Build.0 = Debug|Any CPU
		{BD13F7E7-B016-478F-AD54-8F875553806B}.Release|Any CPU.ActiveCfg = Release|Any CPU
		{BD13F7E7-B016-478F-AD54-8F875553806B}.Release|Any CPU.Build.0 = Release|Any CPU
		{4563A906-6FAB-46E7-B281-C88A391EE48A}.Debug|Any CPU.ActiveCfg = Debug|Any CPU
		{4563A906-6FAB-46E7-B281-C88A391EE48A}.Debug|Any CPU.Build.0 = Debug|Any CPU
		{4563A906-6FAB-46E7-B281-C88A391EE48A}.Release|Any CPU.ActiveCfg = Release|Any CPU
		{4563A906-6FAB-46E7-B281-C88A391EE48A}.Release|Any CPU.Build.0 = Release|Any CPU
		{C7E3E4AA-39A8-46FB-B36D-837DEE69CE18}.Debug|Any CPU.ActiveCfg = Debug|Any CPU
		{C7E3E4AA-39A8-46FB-B36D-837DEE69CE18}.Debug|Any CPU.Build.0 = Debug|Any CPU
		{C7E3E4AA-39A8-46FB-B36D-837DEE69CE18}.Release|Any CPU.ActiveCfg = Release|Any CPU
		{C7E3E4AA-39A8-46FB-B36D-837DEE69CE18}.Release|Any CPU.Build.0 = Release|Any CPU
		{3762D23D-A7BF-499A-BF33-AFAF4647358E}.Debug|Any CPU.ActiveCfg = Debug|Any CPU
		{3762D23D-A7BF-499A-BF33-AFAF4647358E}.Debug|Any CPU.Build.0 = Debug|Any CPU
		{3762D23D-A7BF-499A-BF33-AFAF4647358E}.Release|Any CPU.ActiveCfg = Release|Any CPU
		{3762D23D-A7BF-499A-BF33-AFAF4647358E}.Release|Any CPU.Build.0 = Release|Any CPU
		{D3A8D951-D55A-414E-8A5D-F8A8AF1F61FA}.Debug|Any CPU.ActiveCfg = Debug|Any CPU
		{D3A8D951-D55A-414E-8A5D-F8A8AF1F61FA}.Debug|Any CPU.Build.0 = Debug|Any CPU
		{D3A8D951-D55A-414E-8A5D-F8A8AF1F61FA}.Release|Any CPU.ActiveCfg = Release|Any CPU
		{D3A8D951-D55A-414E-8A5D-F8A8AF1F61FA}.Release|Any CPU.Build.0 = Release|Any CPU
		{693E5E07-5A05-4569-8373-369D4F918BEF}.Debug|Any CPU.ActiveCfg = Debug|Any CPU
		{693E5E07-5A05-4569-8373-369D4F918BEF}.Debug|Any CPU.Build.0 = Debug|Any CPU
		{693E5E07-5A05-4569-8373-369D4F918BEF}.Release|Any CPU.ActiveCfg = Release|Any CPU
		{693E5E07-5A05-4569-8373-369D4F918BEF}.Release|Any CPU.Build.0 = Release|Any CPU
		{79247F99-4829-4FB4-8412-0ECF39FF7E37}.Debug|Any CPU.ActiveCfg = Debug|Any CPU
		{79247F99-4829-4FB4-8412-0ECF39FF7E37}.Debug|Any CPU.Build.0 = Debug|Any CPU
		{79247F99-4829-4FB4-8412-0ECF39FF7E37}.Release|Any CPU.ActiveCfg = Release|Any CPU
		{79247F99-4829-4FB4-8412-0ECF39FF7E37}.Release|Any CPU.Build.0 = Release|Any CPU
		{DFD36032-179A-4C2E-A90B-0537A864969A}.Debug|Any CPU.ActiveCfg = Debug|Any CPU
		{DFD36032-179A-4C2E-A90B-0537A864969A}.Debug|Any CPU.Build.0 = Debug|Any CPU
		{DFD36032-179A-4C2E-A90B-0537A864969A}.Release|Any CPU.ActiveCfg = Release|Any CPU
		{DFD36032-179A-4C2E-A90B-0537A864969A}.Release|Any CPU.Build.0 = Release|Any CPU
		{9E9BD14E-E4EA-411C-A980-066C7178D5E8}.Debug|Any CPU.ActiveCfg = Debug|Any CPU
		{9E9BD14E-E4EA-411C-A980-066C7178D5E8}.Debug|Any CPU.Build.0 = Debug|Any CPU
		{9E9BD14E-E4EA-411C-A980-066C7178D5E8}.Release|Any CPU.ActiveCfg = Release|Any CPU
		{9E9BD14E-E4EA-411C-A980-066C7178D5E8}.Release|Any CPU.Build.0 = Release|Any CPU
		{2796FB1C-FE9B-49EF-8BF7-DAB28615F79E}.Debug|Any CPU.ActiveCfg = Debug|Any CPU
		{2796FB1C-FE9B-49EF-8BF7-DAB28615F79E}.Debug|Any CPU.Build.0 = Debug|Any CPU
		{2796FB1C-FE9B-49EF-8BF7-DAB28615F79E}.Release|Any CPU.ActiveCfg = Release|Any CPU
		{2796FB1C-FE9B-49EF-8BF7-DAB28615F79E}.Release|Any CPU.Build.0 = Release|Any CPU
		{3EE810BD-AE8A-43F8-AC80-F490C0E2B3D8}.Debug|Any CPU.ActiveCfg = Debug|Any CPU
		{3EE810BD-AE8A-43F8-AC80-F490C0E2B3D8}.Debug|Any CPU.Build.0 = Debug|Any CPU
		{3EE810BD-AE8A-43F8-AC80-F490C0E2B3D8}.Release|Any CPU.ActiveCfg = Release|Any CPU
		{3EE810BD-AE8A-43F8-AC80-F490C0E2B3D8}.Release|Any CPU.Build.0 = Release|Any CPU
		{91E02D64-BA6E-473C-A250-D1051A50DDAB}.Debug|Any CPU.ActiveCfg = Debug|Any CPU
		{91E02D64-BA6E-473C-A250-D1051A50DDAB}.Debug|Any CPU.Build.0 = Debug|Any CPU
		{91E02D64-BA6E-473C-A250-D1051A50DDAB}.Release|Any CPU.ActiveCfg = Release|Any CPU
		{91E02D64-BA6E-473C-A250-D1051A50DDAB}.Release|Any CPU.Build.0 = Release|Any CPU
		{E9E37253-3FE1-44A4-A9E7-A2B6C54EECFE}.Debug|Any CPU.ActiveCfg = Debug|Any CPU
		{E9E37253-3FE1-44A4-A9E7-A2B6C54EECFE}.Debug|Any CPU.Build.0 = Debug|Any CPU
		{E9E37253-3FE1-44A4-A9E7-A2B6C54EECFE}.Release|Any CPU.ActiveCfg = Release|Any CPU
		{E9E37253-3FE1-44A4-A9E7-A2B6C54EECFE}.Release|Any CPU.Build.0 = Release|Any CPU
		{F42E56B7-60D4-481A-8585-04015B2B501E}.Debug|Any CPU.ActiveCfg = Debug|Any CPU
		{F42E56B7-60D4-481A-8585-04015B2B501E}.Debug|Any CPU.Build.0 = Debug|Any CPU
		{F42E56B7-60D4-481A-8585-04015B2B501E}.Release|Any CPU.ActiveCfg = Release|Any CPU
		{F42E56B7-60D4-481A-8585-04015B2B501E}.Release|Any CPU.Build.0 = Release|Any CPU
	EndGlobalSection
	GlobalSection(SolutionProperties) = preSolution
		HideSolutionNode = FALSE
	EndGlobalSection
	GlobalSection(NestedProjects) = preSolution
		{657D9111-1AAD-439A-B7B3-261EDB7BFBE4} = {929F44D0-A040-4DC3-A22F-4C5829C05D44}
		{A7E385B5-8691-402B-916A-8E791E5D62CF} = {929F44D0-A040-4DC3-A22F-4C5829C05D44}
		{BF3CA06F-4610-40E3-9C8F-C450486BB81C} = {E957C8D9-B4A0-488B-838F-BAB4DE080A76}
		{FAE4E7F8-7786-4388-802D-69C5C40DD5ED} = {929F44D0-A040-4DC3-A22F-4C5829C05D44}
		{B4297872-1ED3-4A5D-95A8-0C1A11FDF781} = {929F44D0-A040-4DC3-A22F-4C5829C05D44}
		{06B0D9D1-1368-423E-B2F7-5F408423A187} = {929F44D0-A040-4DC3-A22F-4C5829C05D44}
		{99046330-F5C1-4994-9EAC-79B2845D46D5} = {929F44D0-A040-4DC3-A22F-4C5829C05D44}
		{3D6713DD-940C-434E-B8F4-EE31E5F35E50} = {929F44D0-A040-4DC3-A22F-4C5829C05D44}
		{1A7F4322-FCB1-43C7-B997-C818F2ADDE34} = {929F44D0-A040-4DC3-A22F-4C5829C05D44}
		{48BE6B07-1440-4341-A912-D91339CE7D31} = {929F44D0-A040-4DC3-A22F-4C5829C05D44}
		{40AA776C-E7BB-4786-8FFF-044C71821EE1} = {929F44D0-A040-4DC3-A22F-4C5829C05D44}
		{497C5DDA-E38D-4437-A4B9-EC03349BA444} = {929F44D0-A040-4DC3-A22F-4C5829C05D44}
		{63C91BD3-64A9-4300-B8C6-1CB835E187B3} = {929F44D0-A040-4DC3-A22F-4C5829C05D44}
		{936B15A6-F95C-4D84-AE21-3177E540E2D0} = {929F44D0-A040-4DC3-A22F-4C5829C05D44}
		{897363CC-EF16-4BA8-9D7E-710F652E416F} = {929F44D0-A040-4DC3-A22F-4C5829C05D44}
		{D337952E-4081-43CB-9C98-BAE6F5D72BAF} = {929F44D0-A040-4DC3-A22F-4C5829C05D44}
		{903CC30B-952F-4786-BD7B-688C65ACB8D9} = {E957C8D9-B4A0-488B-838F-BAB4DE080A76}
		{66B213C4-0647-4E6A-9A1A-98653F60FC74} = {E957C8D9-B4A0-488B-838F-BAB4DE080A76}
		{34CE87FF-05A7-4463-9F43-722194FEAACF} = {E957C8D9-B4A0-488B-838F-BAB4DE080A76}
		{FB7E7FF1-4DAC-45D6-8128-1A528CE9A4D1} = {E957C8D9-B4A0-488B-838F-BAB4DE080A76}
		{F60AE9EC-E168-4607-B781-B6A464EEAA79} = {E957C8D9-B4A0-488B-838F-BAB4DE080A76}
		{EA934BCE-6781-40AA-A0F6-0EDC697594BF} = {E957C8D9-B4A0-488B-838F-BAB4DE080A76}
		{BD13F7E7-B016-478F-AD54-8F875553806B} = {E957C8D9-B4A0-488B-838F-BAB4DE080A76}
		{4563A906-6FAB-46E7-B281-C88A391EE48A} = {E957C8D9-B4A0-488B-838F-BAB4DE080A76}
		{C7E3E4AA-39A8-46FB-B36D-837DEE69CE18} = {E957C8D9-B4A0-488B-838F-BAB4DE080A76}
		{3762D23D-A7BF-499A-BF33-AFAF4647358E} = {E957C8D9-B4A0-488B-838F-BAB4DE080A76}
		{D3A8D951-D55A-414E-8A5D-F8A8AF1F61FA} = {E957C8D9-B4A0-488B-838F-BAB4DE080A76}
		{693E5E07-5A05-4569-8373-369D4F918BEF} = {E957C8D9-B4A0-488B-838F-BAB4DE080A76}
		{79247F99-4829-4FB4-8412-0ECF39FF7E37} = {9575CB90-BC4B-43BB-8AEA-82C53FDA4187}
		{DFD36032-179A-4C2E-A90B-0537A864969A} = {9575CB90-BC4B-43BB-8AEA-82C53FDA4187}
		{9E9BD14E-E4EA-411C-A980-066C7178D5E8} = {9575CB90-BC4B-43BB-8AEA-82C53FDA4187}
		{2796FB1C-FE9B-49EF-8BF7-DAB28615F79E} = {E957C8D9-B4A0-488B-838F-BAB4DE080A76}
		{3EE810BD-AE8A-43F8-AC80-F490C0E2B3D8} = {9575CB90-BC4B-43BB-8AEA-82C53FDA4187}
		{91E02D64-BA6E-473C-A250-D1051A50DDAB} = {9575CB90-BC4B-43BB-8AEA-82C53FDA4187}
		{E9E37253-3FE1-44A4-A9E7-A2B6C54EECFE} = {E957C8D9-B4A0-488B-838F-BAB4DE080A76}
		{F42E56B7-60D4-481A-8585-04015B2B501E} = {9575CB90-BC4B-43BB-8AEA-82C53FDA4187}
	EndGlobalSection
	GlobalSection(ExtensibilityGlobals) = postSolution
		EnterpriseLibraryConfigurationToolBinariesPathV6 = packages\EnterpriseLibrary.TransientFaultHandling.6.0.1304.0\lib\portable-net45+win+wp8;packages\EnterpriseLibrary.TransientFaultHandling.Data.6.0.1304.1\lib\NET45
		SolutionGuid = {12CE6238-F847-4984-8622-1ED46072150A}
	EndGlobalSection
EndGlobal
