
Microsoft Visual Studio Solution File, Format Version 12.00
# Visual Studio Version 17
VisualStudioVersion = 17.5.002.0
MinimumVisualStudioVersion = 10.0.40219.1
Project("{9A19103F-16F7-4668-BE54-9A1E7A4F7556}") = "Microsoft.AspNetCore.OpenApi.SourceGenerators", "gen\Microsoft.AspNetCore.OpenApi.SourceGenerators.csproj", "{5501B53D-0AA9-49AC-B39C-B064F357FBB7}"
EndProject
Project("{9A19103F-16F7-4668-BE54-9A1E7A4F7556}") = "Sample", "sample\Sample.csproj", "{98591A3B-88A0-4301-83C8-A09B13C0DDB4}"
EndProject
Project("{FAE04EC0-301F-11D3-BF4B-00C04F79EFBC}") = "Microsoft.AspNetCore.OpenApi.SourceGenerators.Tests", "test\Microsoft.AspNetCore.OpenApi.SourceGenerators.Tests.csproj", "{1541DE82-68F3-440A-9ABD-429EC986CB84}"
EndProject
Global
	GlobalSection(SolutionConfigurationPlatforms) = preSolution
		Debug|Any CPU = Debug|Any CPU
		Release|Any CPU = Release|Any CPU
	EndGlobalSection
	GlobalSection(ProjectConfigurationPlatforms) = postSolution
		{5501B53D-0AA9-49AC-B39C-B064F357FBB7}.Debug|Any CPU.ActiveCfg = Debug|Any CPU
		{5501B53D-0AA9-49AC-B39C-B064F357FBB7}.Debug|Any CPU.Build.0 = Debug|Any CPU
		{5501B53D-0AA9-49AC-B39C-B064F357FBB7}.Release|Any CPU.ActiveCfg = Release|Any CPU
		{5501B53D-0AA9-49AC-B39C-B064F357FBB7}.Release|Any CPU.Build.0 = Release|Any CPU
		{98591A3B-88A0-4301-83C8-A09B13C0DDB4}.Debug|Any CPU.ActiveCfg = Debug|Any CPU
		{98591A3B-88A0-4301-83C8-A09B13C0DDB4}.Debug|Any CPU.Build.0 = Debug|Any CPU
		{98591A3B-88A0-4301-83C8-A09B13C0DDB4}.Release|Any CPU.ActiveCfg = Release|Any CPU
		{98591A3B-88A0-4301-83C8-A09B13C0DDB4}.Release|Any CPU.Build.0 = Release|Any CPU
		{1541DE82-68F3-440A-9ABD-429EC986CB84}.Debug|Any CPU.ActiveCfg = Debug|Any CPU
		{1541DE82-68F3-440A-9ABD-429EC986CB84}.Debug|Any CPU.Build.0 = Debug|Any CPU
		{1541DE82-68F3-440A-9ABD-429EC986CB84}.Release|Any CPU.ActiveCfg = Release|Any CPU
		{1541DE82-68F3-440A-9ABD-429EC986CB84}.Release|Any CPU.Build.0 = Release|Any CPU
	EndGlobalSection
	GlobalSection(SolutionProperties) = preSolution
		HideSolutionNode = FALSE
	EndGlobalSection
	GlobalSection(ExtensibilityGlobals) = postSolution
		SolutionGuid = {3E99FBC8-70ED-4374-A8FB-FA2456BA1541}
	EndGlobalSection
EndGlobal
