
Microsoft Visual Studio Solution File, Format Version 12.00
# Visual Studio Version 17
VisualStudioVersion = 17.3.32601.540
MinimumVisualStudioVersion = 10.0.40219.1
Project("{2150E333-8FDC-42A3-9474-1A3956D46DE8}") = "CodeGenerator", "CodeGenerator", "{6457D28A-0089-4D53-996C-978452DB858C}"
EndProject
Project("{FAE04EC0-301F-11D3-BF4B-00C04F79EFBC}") = "CodeGenerator", "CodeGenerator\CodeGenerator.csproj", "{80D8299E-125A-42B5-9942-E2D579FF7608}"
EndProject
Global
	GlobalSection(SolutionConfigurationPlatforms) = preSolution
		Debug|Any CPU = Debug|Any CPU
		Release|Any CPU = Release|Any CPU
	EndGlobalSection
	GlobalSection(ProjectConfigurationPlatforms) = postSolution
		{80D8299E-125A-42B5-9942-E2D579FF7608}.Debug|Any CPU.ActiveCfg = Debug|Any CPU
		{80D8299E-125A-42B5-9942-E2D579FF7608}.Debug|Any CPU.Build.0 = Debug|Any CPU
		{80D8299E-125A-42B5-9942-E2D579FF7608}.Release|Any CPU.ActiveCfg = Release|Any CPU
		{80D8299E-125A-42B5-9942-E2D579FF7608}.Release|Any CPU.Build.0 = Release|Any CPU
	EndGlobalSection
	GlobalSection(SolutionProperties) = preSolution
		HideSolutionNode = FALSE
	EndGlobalSection
	GlobalSection(NestedProjects) = preSolution
		{80D8299E-125A-42B5-9942-E2D579FF7608} = {6457D28A-0089-4D53-996C-978452DB858C}
	EndGlobalSection
	GlobalSection(ExtensibilityGlobals) = postSolution
		SolutionGuid = {AA786418-A9EC-4A7B-BC43-F2FB7C4BA01B}
	EndGlobalSection
EndGlobal
